{
  "version": 4,
  "terraform_version": "1.9.4",
  "serial": 414,
  "lineage": "f0cb7699-c5b7-40c3-2cf3-5bc912e8605b",
  "outputs": {
    "cloudfront_domain_name": {
      "value": "d2cwmtrbi0kw6s.cloudfront.net",
      "type": "string"
    },
    "s3_website_endpoint": {
      "value": "vaibhav-jain-online.s3-website-us-east-1.amazonaws.com",
      "type": "string"
    }
  },
  "resources": [
    {
      "mode": "managed",
      "type": "aws_cloudfront_distribution",
      "name": "cdn",
      "provider": "provider[\"registry.terraform.io/hashicorp/aws\"]",
      "instances": [
        {
          "schema_version": 1,
          "attributes": {
            "aliases": [],
            "arn": "arn:aws:cloudfront::775888833624:distribution/E25YH5S23SEG10",
            "caller_reference": "terraform-20240815061749539600000001",
            "comment": null,
            "continuous_deployment_policy_id": "",
            "custom_error_response": [],
            "default_cache_behavior": [
              {
                "allowed_methods": [
                  "GET",
                  "HEAD"
                ],
                "cache_policy_id": "",
                "cached_methods": [
                  "GET",
                  "HEAD"
                ],
                "compress": false,
                "default_ttl": 3600,
                "field_level_encryption_id": "",
                "forwarded_values": [
                  {
                    "cookies": [
                      {
                        "forward": "none",
                        "whitelisted_names": []
                      }
                    ],
                    "headers": [],
                    "query_string": false,
                    "query_string_cache_keys": []
                  }
                ],
                "function_association": [],
                "lambda_function_association": [],
                "max_ttl": 86400,
                "min_ttl": 0,
                "origin_request_policy_id": "",
                "realtime_log_config_arn": "",
                "response_headers_policy_id": "",
                "smooth_streaming": false,
                "target_origin_id": "S3-vaibhav-jain-online",
                "trusted_key_groups": [],
                "trusted_signers": [],
                "viewer_protocol_policy": "redirect-to-https"
              }
            ],
            "default_root_object": "index.html",
            "domain_name": "d2cwmtrbi0kw6s.cloudfront.net",
            "enabled": true,
            "etag": "E1MJYJ8MWAH2LI",
            "hosted_zone_id": "Z2FDTNDATAQYW2",
            "http_version": "http2",
            "id": "E25YH5S23SEG10",
            "in_progress_validation_batches": 0,
            "is_ipv6_enabled": true,
            "last_modified_time": "2024-08-15 06:17:49.7 +0000 UTC",
            "logging_config": [],
            "ordered_cache_behavior": [],
            "origin": [
              {
                "connection_attempts": 3,
                "connection_timeout": 10,
                "custom_header": [],
                "custom_origin_config": [],
                "domain_name": "vaibhav-jain-online.s3.us-east-1.amazonaws.com",
                "origin_access_control_id": "",
                "origin_id": "S3-vaibhav-jain-online",
                "origin_path": "",
                "origin_shield": [],
                "s3_origin_config": [
                  {
                    "origin_access_identity": "origin-access-identity/cloudfront/E2KE4R18VWSRII"
                  }
                ]
              }
            ],
            "origin_group": [],
            "price_class": "PriceClass_All",
            "restrictions": [
              {
                "geo_restriction": [
                  {
                    "locations": [],
                    "restriction_type": "none"
                  }
                ]
              }
            ],
            "retain_on_delete": false,
            "staging": false,
            "status": "Deployed",
            "tags": {},
            "tags_all": {},
            "trusted_key_groups": [
              {
                "enabled": false,
                "items": []
              }
            ],
            "trusted_signers": [
              {
                "enabled": false,
                "items": []
              }
            ],
            "viewer_certificate": [
              {
                "acm_certificate_arn": "",
                "cloudfront_default_certificate": true,
                "iam_certificate_id": "",
                "minimum_protocol_version": "TLSv1",
                "ssl_support_method": ""
              }
            ],
            "wait_for_deployment": true,
            "web_acl_id": ""
          },
          "sensitive_attributes": [],
          "private": "eyJzY2hlbWFfdmVyc2lvbiI6IjEifQ==",
          "dependencies": [
            "aws_cloudfront_origin_access_identity.origin_access_identity",
            "aws_s3_bucket.vaibhav-jain-online"
          ]
        }
      ]
    },
    {
      "mode": "managed",
      "type": "aws_cloudfront_origin_access_identity",
      "name": "origin_access_identity",
      "provider": "provider[\"registry.terraform.io/hashicorp/aws\"]",
      "instances": [
        {
          "schema_version": 0,
          "attributes": {
            "caller_reference": "terraform-20240815055202830600000001",
            "cloudfront_access_identity_path": "origin-access-identity/cloudfront/E2KE4R18VWSRII",
            "comment": "Access S3 bucket for CloudFront",
            "etag": "EK4XFJBQ6S0SP",
            "iam_arn": "arn:aws:iam::cloudfront:user/CloudFront Origin Access Identity E2KE4R18VWSRII",
            "id": "E2KE4R18VWSRII",
            "s3_canonical_user_id": "22e65ae71a7f31086370d505dba7de5dc39a08182d38b6ec0cacd5220a9cfa3dac710edec332d96d0a7ade541b32c7ee"
          },
          "sensitive_attributes": [],
          "private": "bnVsbA=="
        }
      ]
    },
    {
      "mode": "managed",
      "type": "aws_s3_bucket",
      "name": "vaibhav-jain-online",
      "provider": "provider[\"registry.terraform.io/hashicorp/aws\"]",
      "instances": [
        {
          "schema_version": 0,
          "attributes": {
            "acceleration_status": "",
            "acl": null,
            "arn": "arn:aws:s3:::vaibhav-jain-online",
            "bucket": "vaibhav-jain-online",
            "bucket_domain_name": "vaibhav-jain-online.s3.amazonaws.com",
            "bucket_prefix": "",
            "bucket_regional_domain_name": "vaibhav-jain-online.s3.us-east-1.amazonaws.com",
            "cors_rule": [],
            "force_destroy": false,
            "grant": [
              {
                "id": "c47072ede052e56425fb9a40e284c0a90496329c2349847e0ea536a8966e85ef",
                "permissions": [
                  "FULL_CONTROL"
                ],
                "type": "CanonicalUser",
                "uri": ""
              }
            ],
            "hosted_zone_id": "Z3AQBSTGFYJSTF",
            "id": "vaibhav-jain-online",
            "lifecycle_rule": [],
            "logging": [],
            "object_lock_configuration": [],
            "object_lock_enabled": false,
            "policy": "{\"Statement\":[{\"Action\":\"s3:GetObject\",\"Effect\":\"Allow\",\"Principal\":{\"AWS\":\"arn:aws:iam::cloudfront:user/CloudFront Origin Access Identity E2KE4R18VWSRII\"},\"Resource\":\"arn:aws:s3:::vaibhav-jain-online/*\"}],\"Version\":\"2012-10-17\"}",
            "region": "us-east-1",
            "replication_configuration": [],
            "request_payer": "BucketOwner",
            "server_side_encryption_configuration": [
              {
                "rule": [
                  {
                    "apply_server_side_encryption_by_default": [
                      {
                        "kms_master_key_id": "",
                        "sse_algorithm": "AES256"
                      }
                    ],
                    "bucket_key_enabled": false
                  }
                ]
              }
            ],
            "tags": {},
            "tags_all": {},
            "timeouts": null,
            "versioning": [
              {
                "enabled": true,
                "mfa_delete": false
              }
            ],
            "website": [
              {
                "error_document": "error.html",
                "index_document": "index.html",
                "redirect_all_requests_to": "",
                "routing_rules": ""
              }
            ],
            "website_domain": "s3-website-us-east-1.amazonaws.com",
            "website_endpoint": "vaibhav-jain-online.s3-website-us-east-1.amazonaws.com"
          },
          "sensitive_attributes": [],
          "private": "eyJlMmJmYjczMC1lY2FhLTExZTYtOGY4OC0zNDM2M2JjN2M0YzAiOnsiY3JlYXRlIjoxMjAwMDAwMDAwMDAwLCJkZWxldGUiOjM2MDAwMDAwMDAwMDAsInJlYWQiOjEyMDAwMDAwMDAwMDAsInVwZGF0ZSI6MTIwMDAwMDAwMDAwMH19"
        }
      ]
    },
    {
      "mode": "managed",
      "type": "aws_s3_bucket_policy",
      "name": "bucket_policy",
      "provider": "provider[\"registry.terraform.io/hashicorp/aws\"]",
      "instances": [
        {
          "schema_version": 0,
          "attributes": {
            "bucket": "vaibhav-jain-online",
            "id": "vaibhav-jain-online",
            "policy": "{\"Statement\":[{\"Action\":\"s3:GetObject\",\"Effect\":\"Allow\",\"Principal\":{\"AWS\":\"arn:aws:iam::cloudfront:user/CloudFront Origin Access Identity E2KE4R18VWSRII\"},\"Resource\":\"arn:aws:s3:::vaibhav-jain-online/*\"}],\"Version\":\"2012-10-17\"}"
          },
          "sensitive_attributes": [],
          "private": "bnVsbA==",
          "dependencies": [
            "aws_cloudfront_origin_access_identity.origin_access_identity",
            "aws_s3_bucket.vaibhav-jain-online"
          ]
        }
      ]
    },
    {
      "mode": "managed",
      "type": "aws_s3_bucket_public_access_block",
      "name": "public_access",
      "provider": "provider[\"registry.terraform.io/hashicorp/aws\"]",
      "instances": [
        {
          "schema_version": 0,
          "attributes": {
            "block_public_acls": false,
            "block_public_policy": false,
            "bucket": "vaibhav-jain-online",
            "id": "vaibhav-jain-online",
            "ignore_public_acls": false,
            "restrict_public_buckets": false
          },
          "sensitive_attributes": [],
          "private": "bnVsbA==",
          "dependencies": [
            "aws_s3_bucket.vaibhav-jain-online"
          ]
        }
      ]
    },
    {
      "mode": "managed",
      "type": "aws_s3_bucket_website_configuration",
      "name": "website",
      "provider": "provider[\"registry.terraform.io/hashicorp/aws\"]",
      "instances": [
        {
          "schema_version": 0,
          "attributes": {
            "bucket": "vaibhav-jain-online",
            "error_document": [
              {
                "key": "error.html"
              }
            ],
            "expected_bucket_owner": "",
            "id": "vaibhav-jain-online",
            "index_document": [
              {
                "suffix": "index.html"
              }
            ],
            "redirect_all_requests_to": [],
            "routing_rule": [],
            "routing_rules": "",
            "website_domain": "s3-website-us-east-1.amazonaws.com",
            "website_endpoint": "vaibhav-jain-online.s3-website-us-east-1.amazonaws.com"
          },
          "sensitive_attributes": [],
          "private": "bnVsbA==",
          "dependencies": [
            "aws_s3_bucket.vaibhav-jain-online"
          ]
        }
      ]
    },
    {
      "mode": "managed",
      "type": "aws_s3_object",
      "name": "website_files",
      "provider": "provider[\"registry.terraform.io/hashicorp/aws\"]",
      "instances": [
        {
          "index_key": "blog-post-1.html",
          "schema_version": 0,
          "attributes": {
            "acl": null,
            "arn": "arn:aws:s3:::vaibhav-jain-online/blog-post-1.html",
            "bucket": "vaibhav-jain-online",
            "bucket_key_enabled": false,
            "cache_control": "",
            "checksum_algorithm": null,
            "checksum_crc32": "",
            "checksum_crc32c": "",
            "checksum_sha1": "",
            "checksum_sha256": "",
            "content": null,
            "content_base64": null,
            "content_disposition": "",
            "content_encoding": "",
            "content_language": "",
            "content_type": "text/html",
            "etag": "2936a7d1544fd61f1970ee3109317ac9",
            "force_destroy": false,
            "id": "blog-post-1.html",
            "key": "blog-post-1.html",
            "kms_key_id": null,
            "metadata": {},
            "object_lock_legal_hold_status": "",
            "object_lock_mode": "",
            "object_lock_retain_until_date": "",
            "override_provider": [],
            "server_side_encryption": "AES256",
            "source": "D:/Users/vjain/static-website-terraform/static-website/blog-post-1.html",
            "source_hash": null,
            "storage_class": "STANDARD",
            "tags": {},
            "tags_all": {},
            "version_id": "null",
            "website_redirect": ""
          },
          "sensitive_attributes": [],
          "private": "bnVsbA==",
          "dependencies": [
            "aws_s3_bucket.vaibhav-jain-online"
          ]
        },
        {
          "index_key": "contact_form/contact_form.php",
          "schema_version": 0,
          "attributes": {
            "acl": null,
            "arn": "arn:aws:s3:::vaibhav-jain-online/contact_form/contact_form.php",
            "bucket": "vaibhav-jain-online",
            "bucket_key_enabled": false,
            "cache_control": "",
            "checksum_algorithm": null,
            "checksum_crc32": "",
            "checksum_crc32c": "",
            "checksum_sha1": "",
            "checksum_sha256": "",
            "content": null,
            "content_base64": null,
            "content_disposition": "",
            "content_encoding": "",
            "content_language": "",
            "content_type": "application/octet-stream",
            "etag": "6971e7120c4c01f67c283618f9f50b91",
            "force_destroy": false,
            "id": "contact_form/contact_form.php",
            "key": "contact_form/contact_form.php",
            "kms_key_id": null,
            "metadata": {},
            "object_lock_legal_hold_status": "",
            "object_lock_mode": "",
            "object_lock_retain_until_date": "",
            "override_provider": [],
            "server_side_encryption": "AES256",
            "source": "D:/Users/vjain/static-website-terraform/static-website/contact_form/contact_form.php",
            "source_hash": null,
            "storage_class": "STANDARD",
            "tags": {},
            "tags_all": {},
            "version_id": "jGPpIGAjW4OABCWuQndIrlnuxmBLqgcq",
            "website_redirect": ""
          },
          "sensitive_attributes": [],
          "private": "bnVsbA==",
          "dependencies": [
            "aws_s3_bucket.vaibhav-jain-online"
          ]
        },
        {
          "index_key": "css/animations.css",
          "schema_version": 0,
          "attributes": {
            "acl": null,
            "arn": "arn:aws:s3:::vaibhav-jain-online/css/animations.css",
            "bucket": "vaibhav-jain-online",
            "bucket_key_enabled": false,
            "cache_control": "",
            "checksum_algorithm": null,
            "checksum_crc32": "",
            "checksum_crc32c": "",
            "checksum_sha1": "",
            "checksum_sha256": "",
            "content": null,
            "content_base64": null,
            "content_disposition": "",
            "content_encoding": "",
            "content_language": "",
            "content_type": "text/css",
            "etag": "c97d83f8d4a5be363b17dbe9551cef21",
            "force_destroy": false,
            "id": "css/animations.css",
            "key": "css/animations.css",
            "kms_key_id": null,
            "metadata": {},
            "object_lock_legal_hold_status": "",
            "object_lock_mode": "",
            "object_lock_retain_until_date": "",
            "override_provider": [],
            "server_side_encryption": "AES256",
            "source": "D:/Users/vjain/static-website-terraform/static-website/css/animations.css",
            "source_hash": null,
            "storage_class": "STANDARD",
            "tags": {},
            "tags_all": {},
            "version_id": "null",
            "website_redirect": ""
          },
          "sensitive_attributes": [],
          "private": "bnVsbA==",
          "dependencies": [
            "aws_s3_bucket.vaibhav-jain-online"
          ]
        },
        {
          "index_key": "css/bootstrap-grid.min.css",
          "schema_version": 0,
          "attributes": {
            "acl": null,
            "arn": "arn:aws:s3:::vaibhav-jain-online/css/bootstrap-grid.min.css",
            "bucket": "vaibhav-jain-online",
            "bucket_key_enabled": false,
            "cache_control": "",
            "checksum_algorithm": null,
            "checksum_crc32": "",
            "checksum_crc32c": "",
            "checksum_sha1": "",
            "checksum_sha256": "",
            "content": null,
            "content_base64": null,
            "content_disposition": "",
            "content_encoding": "",
            "content_language": "",
            "content_type": "text/css",
            "etag": "71671e5000bc7347d6080c92b0bfeeb4",
            "force_destroy": false,
            "id": "css/bootstrap-grid.min.css",
            "key": "css/bootstrap-grid.min.css",
            "kms_key_id": null,
            "metadata": {},
            "object_lock_legal_hold_status": "",
            "object_lock_mode": "",
            "object_lock_retain_until_date": "",
            "override_provider": [],
            "server_side_encryption": "AES256",
            "source": "D:/Users/vjain/static-website-terraform/static-website/css/bootstrap-grid.min.css",
            "source_hash": null,
            "storage_class": "STANDARD",
            "tags": {},
            "tags_all": {},
            "version_id": "null",
            "website_redirect": ""
          },
          "sensitive_attributes": [],
          "private": "bnVsbA==",
          "dependencies": [
            "aws_s3_bucket.vaibhav-jain-online"
          ]
        },
        {
          "index_key": "css/bootstrap-grid.min.css.map",
          "schema_version": 0,
          "attributes": {
            "acl": null,
            "arn": "arn:aws:s3:::vaibhav-jain-online/css/bootstrap-grid.min.css.map",
            "bucket": "vaibhav-jain-online",
            "bucket_key_enabled": false,
            "cache_control": "",
            "checksum_algorithm": null,
            "checksum_crc32": "",
            "checksum_crc32c": "",
            "checksum_sha1": "",
            "checksum_sha256": "",
            "content": null,
            "content_base64": null,
            "content_disposition": "",
            "content_encoding": "",
            "content_language": "",
            "content_type": "application/octet-stream",
            "etag": "2f4414bde7196b76352eb305027127e6",
            "force_destroy": false,
            "id": "css/bootstrap-grid.min.css.map",
            "key": "css/bootstrap-grid.min.css.map",
            "kms_key_id": null,
            "metadata": {},
            "object_lock_legal_hold_status": "",
            "object_lock_mode": "",
            "object_lock_retain_until_date": "",
            "override_provider": [],
            "server_side_encryption": "AES256",
            "source": "D:/Users/vjain/static-website-terraform/static-website/css/bootstrap-grid.min.css.map",
            "source_hash": null,
            "storage_class": "STANDARD",
            "tags": {},
            "tags_all": {},
            "version_id": "null",
            "website_redirect": ""
          },
          "sensitive_attributes": [],
          "private": "bnVsbA==",
          "dependencies": [
            "aws_s3_bucket.vaibhav-jain-online"
          ]
        },
        {
          "index_key": "css/bootstrap-reboot.css.map",
          "schema_version": 0,
          "attributes": {
            "acl": null,
            "arn": "arn:aws:s3:::vaibhav-jain-online/css/bootstrap-reboot.css.map",
            "bucket": "vaibhav-jain-online",
            "bucket_key_enabled": false,
            "cache_control": "",
            "checksum_algorithm": null,
            "checksum_crc32": "",
            "checksum_crc32c": "",
            "checksum_sha1": "",
            "checksum_sha256": "",
            "content": null,
            "content_base64": null,
            "content_disposition": "",
            "content_encoding": "",
            "content_language": "",
            "content_type": "application/octet-stream",
            "etag": "7aab631482ae807566d4d933b14166ff",
            "force_destroy": false,
            "id": "css/bootstrap-reboot.css.map",
            "key": "css/bootstrap-reboot.css.map",
            "kms_key_id": null,
            "metadata": {},
            "object_lock_legal_hold_status": "",
            "object_lock_mode": "",
            "object_lock_retain_until_date": "",
            "override_provider": [],
            "server_side_encryption": "AES256",
            "source": "D:/Users/vjain/static-website-terraform/static-website/css/bootstrap-reboot.css.map",
            "source_hash": null,
            "storage_class": "STANDARD",
            "tags": {},
            "tags_all": {},
            "version_id": "null",
            "website_redirect": ""
          },
          "sensitive_attributes": [],
          "private": "bnVsbA==",
          "dependencies": [
            "aws_s3_bucket.vaibhav-jain-online"
          ]
        },
        {
          "index_key": "css/fonts/fontawesome-free-5.12.1-web/css/all.css",
          "schema_version": 0,
          "attributes": {
            "acl": null,
            "arn": "arn:aws:s3:::vaibhav-jain-online/css/fonts/fontawesome-free-5.12.1-web/css/all.css",
            "bucket": "vaibhav-jain-online",
            "bucket_key_enabled": false,
            "cache_control": "",
            "checksum_algorithm": null,
            "checksum_crc32": "",
            "checksum_crc32c": "",
            "checksum_sha1": "",
            "checksum_sha256": "",
            "content": null,
            "content_base64": null,
            "content_disposition": "",
            "content_encoding": "",
            "content_language": "",
            "content_type": "text/css",
            "etag": "2db69ffbb2e1e272627f1480ab946fdb",
            "force_destroy": false,
            "id": "css/fonts/fontawesome-free-5.12.1-web/css/all.css",
            "key": "css/fonts/fontawesome-free-5.12.1-web/css/all.css",
            "kms_key_id": null,
            "metadata": {},
            "object_lock_legal_hold_status": "",
            "object_lock_mode": "",
            "object_lock_retain_until_date": "",
            "override_provider": [],
            "server_side_encryption": "AES256",
            "source": "D:/Users/vjain/static-website-terraform/static-website/css/fonts/fontawesome-free-5.12.1-web/css/all.css",
            "source_hash": null,
            "storage_class": "STANDARD",
            "tags": {},
            "tags_all": {},
            "version_id": "null",
            "website_redirect": ""
          },
          "sensitive_attributes": [],
          "private": "bnVsbA==",
          "dependencies": [
            "aws_s3_bucket.vaibhav-jain-online"
          ]
        },
        {
          "index_key": "css/fonts/fontawesome-free-5.12.1-web/css/all.min.css",
          "schema_version": 0,
          "attributes": {
            "acl": null,
            "arn": "arn:aws:s3:::vaibhav-jain-online/css/fonts/fontawesome-free-5.12.1-web/css/all.min.css",
            "bucket": "vaibhav-jain-online",
            "bucket_key_enabled": false,
            "cache_control": "",
            "checksum_algorithm": null,
            "checksum_crc32": "",
            "checksum_crc32c": "",
            "checksum_sha1": "",
            "checksum_sha256": "",
            "content": null,
            "content_base64": null,
            "content_disposition": "",
            "content_encoding": "",
            "content_language": "",
            "content_type": "text/css",
            "etag": "2a0e11a7655cf7af50d9152727c134ef",
            "force_destroy": false,
            "id": "css/fonts/fontawesome-free-5.12.1-web/css/all.min.css",
            "key": "css/fonts/fontawesome-free-5.12.1-web/css/all.min.css",
            "kms_key_id": null,
            "metadata": {},
            "object_lock_legal_hold_status": "",
            "object_lock_mode": "",
            "object_lock_retain_until_date": "",
            "override_provider": [],
            "server_side_encryption": "AES256",
            "source": "D:/Users/vjain/static-website-terraform/static-website/css/fonts/fontawesome-free-5.12.1-web/css/all.min.css",
            "source_hash": null,
            "storage_class": "STANDARD",
            "tags": {},
            "tags_all": {},
            "version_id": "null",
            "website_redirect": ""
          },
          "sensitive_attributes": [],
          "private": "bnVsbA==",
          "dependencies": [
            "aws_s3_bucket.vaibhav-jain-online"
          ]
        },
        {
          "index_key": "css/fonts/fontawesome-free-5.12.1-web/css/brands.css",
          "schema_version": 0,
          "attributes": {
            "acl": null,
            "arn": "arn:aws:s3:::vaibhav-jain-online/css/fonts/fontawesome-free-5.12.1-web/css/brands.css",
            "bucket": "vaibhav-jain-online",
            "bucket_key_enabled": false,
            "cache_control": "",
            "checksum_algorithm": null,
            "checksum_crc32": "",
            "checksum_crc32c": "",
            "checksum_sha1": "",
            "checksum_sha256": "",
            "content": null,
            "content_base64": null,
            "content_disposition": "",
            "content_encoding": "",
            "content_language": "",
            "content_type": "text/css",
            "etag": "f81f8059fc1b020af92cf3760270876e",
            "force_destroy": false,
            "id": "css/fonts/fontawesome-free-5.12.1-web/css/brands.css",
            "key": "css/fonts/fontawesome-free-5.12.1-web/css/brands.css",
            "kms_key_id": null,
            "metadata": {},
            "object_lock_legal_hold_status": "",
            "object_lock_mode": "",
            "object_lock_retain_until_date": "",
            "override_provider": [],
            "server_side_encryption": "AES256",
            "source": "D:/Users/vjain/static-website-terraform/static-website/css/fonts/fontawesome-free-5.12.1-web/css/brands.css",
            "source_hash": null,
            "storage_class": "STANDARD",
            "tags": {},
            "tags_all": {},
            "version_id": "null",
            "website_redirect": ""
          },
          "sensitive_attributes": [],
          "private": "bnVsbA==",
          "dependencies": [
            "aws_s3_bucket.vaibhav-jain-online"
          ]
        },
        {
          "index_key": "css/fonts/fontawesome-free-5.12.1-web/css/brands.min.css",
          "schema_version": 0,
          "attributes": {
            "acl": null,
            "arn": "arn:aws:s3:::vaibhav-jain-online/css/fonts/fontawesome-free-5.12.1-web/css/brands.min.css",
            "bucket": "vaibhav-jain-online",
            "bucket_key_enabled": false,
            "cache_control": "",
            "checksum_algorithm": null,
            "checksum_crc32": "",
            "checksum_crc32c": "",
            "checksum_sha1": "",
            "checksum_sha256": "",
            "content": null,
            "content_base64": null,
            "content_disposition": "",
            "content_encoding": "",
            "content_language": "",
            "content_type": "text/css",
            "etag": "80d5061ae745daeddcd84aa5a4353267",
            "force_destroy": false,
            "id": "css/fonts/fontawesome-free-5.12.1-web/css/brands.min.css",
            "key": "css/fonts/fontawesome-free-5.12.1-web/css/brands.min.css",
            "kms_key_id": null,
            "metadata": {},
            "object_lock_legal_hold_status": "",
            "object_lock_mode": "",
            "object_lock_retain_until_date": "",
            "override_provider": [],
            "server_side_encryption": "AES256",
            "source": "D:/Users/vjain/static-website-terraform/static-website/css/fonts/fontawesome-free-5.12.1-web/css/brands.min.css",
            "source_hash": null,
            "storage_class": "STANDARD",
            "tags": {},
            "tags_all": {},
            "version_id": "null",
            "website_redirect": ""
          },
          "sensitive_attributes": [],
          "private": "bnVsbA==",
          "dependencies": [
            "aws_s3_bucket.vaibhav-jain-online"
          ]
        },
        {
          "index_key": "css/fonts/fontawesome-free-5.12.1-web/css/fontawesome.css",
          "schema_version": 0,
          "attributes": {
            "acl": null,
            "arn": "arn:aws:s3:::vaibhav-jain-online/css/fonts/fontawesome-free-5.12.1-web/css/fontawesome.css",
            "bucket": "vaibhav-jain-online",
            "bucket_key_enabled": false,
            "cache_control": "",
            "checksum_algorithm": null,
            "checksum_crc32": "",
            "checksum_crc32c": "",
            "checksum_sha1": "",
            "checksum_sha256": "",
            "content": null,
            "content_base64": null,
            "content_disposition": "",
            "content_encoding": "",
            "content_language": "",
            "content_type": "text/css",
            "etag": "fca1ac6d141f6711724a39808eb4a0e3",
            "force_destroy": false,
            "id": "css/fonts/fontawesome-free-5.12.1-web/css/fontawesome.css",
            "key": "css/fonts/fontawesome-free-5.12.1-web/css/fontawesome.css",
            "kms_key_id": null,
            "metadata": {},
            "object_lock_legal_hold_status": "",
            "object_lock_mode": "",
            "object_lock_retain_until_date": "",
            "override_provider": [],
            "server_side_encryption": "AES256",
            "source": "D:/Users/vjain/static-website-terraform/static-website/css/fonts/fontawesome-free-5.12.1-web/css/fontawesome.css",
            "source_hash": null,
            "storage_class": "STANDARD",
            "tags": {},
            "tags_all": {},
            "version_id": "null",
            "website_redirect": ""
          },
          "sensitive_attributes": [],
          "private": "bnVsbA==",
          "dependencies": [
            "aws_s3_bucket.vaibhav-jain-online"
          ]
        },
        {
          "index_key": "css/fonts/fontawesome-free-5.12.1-web/css/fontawesome.min.css",
          "schema_version": 0,
          "attributes": {
            "acl": null,
            "arn": "arn:aws:s3:::vaibhav-jain-online/css/fonts/fontawesome-free-5.12.1-web/css/fontawesome.min.css",
            "bucket": "vaibhav-jain-online",
            "bucket_key_enabled": false,
            "cache_control": "",
            "checksum_algorithm": null,
            "checksum_crc32": "",
            "checksum_crc32c": "",
            "checksum_sha1": "",
            "checksum_sha256": "",
            "content": null,
            "content_base64": null,
            "content_disposition": "",
            "content_encoding": "",
            "content_language": "",
            "content_type": "text/css",
            "etag": "5b0cf44e1069ceeb8430e2448319af08",
            "force_destroy": false,
            "id": "css/fonts/fontawesome-free-5.12.1-web/css/fontawesome.min.css",
            "key": "css/fonts/fontawesome-free-5.12.1-web/css/fontawesome.min.css",
            "kms_key_id": null,
            "metadata": {},
            "object_lock_legal_hold_status": "",
            "object_lock_mode": "",
            "object_lock_retain_until_date": "",
            "override_provider": [],
            "server_side_encryption": "AES256",
            "source": "D:/Users/vjain/static-website-terraform/static-website/css/fonts/fontawesome-free-5.12.1-web/css/fontawesome.min.css",
            "source_hash": null,
            "storage_class": "STANDARD",
            "tags": {},
            "tags_all": {},
            "version_id": "null",
            "website_redirect": ""
          },
          "sensitive_attributes": [],
          "private": "bnVsbA==",
          "dependencies": [
            "aws_s3_bucket.vaibhav-jain-online"
          ]
        },
        {
          "index_key": "css/fonts/fontawesome-free-5.12.1-web/css/regular.css",
          "schema_version": 0,
          "attributes": {
            "acl": null,
            "arn": "arn:aws:s3:::vaibhav-jain-online/css/fonts/fontawesome-free-5.12.1-web/css/regular.css",
            "bucket": "vaibhav-jain-online",
            "bucket_key_enabled": false,
            "cache_control": "",
            "checksum_algorithm": null,
            "checksum_crc32": "",
            "checksum_crc32c": "",
            "checksum_sha1": "",
            "checksum_sha256": "",
            "content": null,
            "content_base64": null,
            "content_disposition": "",
            "content_encoding": "",
            "content_language": "",
            "content_type": "text/css",
            "etag": "cf4ea38214265a2dcc9c25b28a9ab5f1",
            "force_destroy": false,
            "id": "css/fonts/fontawesome-free-5.12.1-web/css/regular.css",
            "key": "css/fonts/fontawesome-free-5.12.1-web/css/regular.css",
            "kms_key_id": null,
            "metadata": {},
            "object_lock_legal_hold_status": "",
            "object_lock_mode": "",
            "object_lock_retain_until_date": "",
            "override_provider": [],
            "server_side_encryption": "AES256",
            "source": "D:/Users/vjain/static-website-terraform/static-website/css/fonts/fontawesome-free-5.12.1-web/css/regular.css",
            "source_hash": null,
            "storage_class": "STANDARD",
            "tags": {},
            "tags_all": {},
            "version_id": "null",
            "website_redirect": ""
          },
          "sensitive_attributes": [],
          "private": "bnVsbA==",
          "dependencies": [
            "aws_s3_bucket.vaibhav-jain-online"
          ]
        },
        {
          "index_key": "css/fonts/fontawesome-free-5.12.1-web/css/regular.min.css",
          "schema_version": 0,
          "attributes": {
            "acl": null,
            "arn": "arn:aws:s3:::vaibhav-jain-online/css/fonts/fontawesome-free-5.12.1-web/css/regular.min.css",
            "bucket": "vaibhav-jain-online",
            "bucket_key_enabled": false,
            "cache_control": "",
            "checksum_algorithm": null,
            "checksum_crc32": "",
            "checksum_crc32c": "",
            "checksum_sha1": "",
            "checksum_sha256": "",
            "content": null,
            "content_base64": null,
            "content_disposition": "",
            "content_encoding": "",
            "content_language": "",
            "content_type": "text/css",
            "etag": "3691db8f1fa366013cd226d492ac7e8c",
            "force_destroy": false,
            "id": "css/fonts/fontawesome-free-5.12.1-web/css/regular.min.css",
            "key": "css/fonts/fontawesome-free-5.12.1-web/css/regular.min.css",
            "kms_key_id": null,
            "metadata": {},
            "object_lock_legal_hold_status": "",
            "object_lock_mode": "",
            "object_lock_retain_until_date": "",
            "override_provider": [],
            "server_side_encryption": "AES256",
            "source": "D:/Users/vjain/static-website-terraform/static-website/css/fonts/fontawesome-free-5.12.1-web/css/regular.min.css",
            "source_hash": null,
            "storage_class": "STANDARD",
            "tags": {},
            "tags_all": {},
            "version_id": "null",
            "website_redirect": ""
          },
          "sensitive_attributes": [],
          "private": "bnVsbA==",
          "dependencies": [
            "aws_s3_bucket.vaibhav-jain-online"
          ]
        },
        {
          "index_key": "css/fonts/fontawesome-free-5.12.1-web/css/solid.css",
          "schema_version": 0,
          "attributes": {
            "acl": null,
            "arn": "arn:aws:s3:::vaibhav-jain-online/css/fonts/fontawesome-free-5.12.1-web/css/solid.css",
            "bucket": "vaibhav-jain-online",
            "bucket_key_enabled": false,
            "cache_control": "",
            "checksum_algorithm": null,
            "checksum_crc32": "",
            "checksum_crc32c": "",
            "checksum_sha1": "",
            "checksum_sha256": "",
            "content": null,
            "content_base64": null,
            "content_disposition": "",
            "content_encoding": "",
            "content_language": "",
            "content_type": "text/css",
            "etag": "c15d14be6d4fa6f8b815b9f3f031adbe",
            "force_destroy": false,
            "id": "css/fonts/fontawesome-free-5.12.1-web/css/solid.css",
            "key": "css/fonts/fontawesome-free-5.12.1-web/css/solid.css",
            "kms_key_id": null,
            "metadata": {},
            "object_lock_legal_hold_status": "",
            "object_lock_mode": "",
            "object_lock_retain_until_date": "",
            "override_provider": [],
            "server_side_encryption": "AES256",
            "source": "D:/Users/vjain/static-website-terraform/static-website/css/fonts/fontawesome-free-5.12.1-web/css/solid.css",
            "source_hash": null,
            "storage_class": "STANDARD",
            "tags": {},
            "tags_all": {},
            "version_id": "null",
            "website_redirect": ""
          },
          "sensitive_attributes": [],
          "private": "bnVsbA==",
          "dependencies": [
            "aws_s3_bucket.vaibhav-jain-online"
          ]
        },
        {
          "index_key": "css/fonts/fontawesome-free-5.12.1-web/css/solid.min.css",
          "schema_version": 0,
          "attributes": {
            "acl": null,
            "arn": "arn:aws:s3:::vaibhav-jain-online/css/fonts/fontawesome-free-5.12.1-web/css/solid.min.css",
            "bucket": "vaibhav-jain-online",
            "bucket_key_enabled": false,
            "cache_control": "",
            "checksum_algorithm": null,
            "checksum_crc32": "",
            "checksum_crc32c": "",
            "checksum_sha1": "",
            "checksum_sha256": "",
            "content": null,
            "content_base64": null,
            "content_disposition": "",
            "content_encoding": "",
            "content_language": "",
            "content_type": "text/css",
            "etag": "880fc1f9f0ece52006cd023545b8d96a",
            "force_destroy": false,
            "id": "css/fonts/fontawesome-free-5.12.1-web/css/solid.min.css",
            "key": "css/fonts/fontawesome-free-5.12.1-web/css/solid.min.css",
            "kms_key_id": null,
            "metadata": {},
            "object_lock_legal_hold_status": "",
            "object_lock_mode": "",
            "object_lock_retain_until_date": "",
            "override_provider": [],
            "server_side_encryption": "AES256",
            "source": "D:/Users/vjain/static-website-terraform/static-website/css/fonts/fontawesome-free-5.12.1-web/css/solid.min.css",
            "source_hash": null,
            "storage_class": "STANDARD",
            "tags": {},
            "tags_all": {},
            "version_id": "null",
            "website_redirect": ""
          },
          "sensitive_attributes": [],
          "private": "bnVsbA==",
          "dependencies": [
            "aws_s3_bucket.vaibhav-jain-online"
          ]
        },
        {
          "index_key": "css/fonts/fontawesome-free-5.12.1-web/css/svg-with-js.css",
          "schema_version": 0,
          "attributes": {
            "acl": null,
            "arn": "arn:aws:s3:::vaibhav-jain-online/css/fonts/fontawesome-free-5.12.1-web/css/svg-with-js.css",
            "bucket": "vaibhav-jain-online",
            "bucket_key_enabled": false,
            "cache_control": "",
            "checksum_algorithm": null,
            "checksum_crc32": "",
            "checksum_crc32c": "",
            "checksum_sha1": "",
            "checksum_sha256": "",
            "content": null,
            "content_base64": null,
            "content_disposition": "",
            "content_encoding": "",
            "content_language": "",
            "content_type": "text/css",
            "etag": "e938e167a380e27ad48b519dd80d2e70",
            "force_destroy": false,
            "id": "css/fonts/fontawesome-free-5.12.1-web/css/svg-with-js.css",
            "key": "css/fonts/fontawesome-free-5.12.1-web/css/svg-with-js.css",
            "kms_key_id": null,
            "metadata": {},
            "object_lock_legal_hold_status": "",
            "object_lock_mode": "",
            "object_lock_retain_until_date": "",
            "override_provider": [],
            "server_side_encryption": "AES256",
            "source": "D:/Users/vjain/static-website-terraform/static-website/css/fonts/fontawesome-free-5.12.1-web/css/svg-with-js.css",
            "source_hash": null,
            "storage_class": "STANDARD",
            "tags": {},
            "tags_all": {},
            "version_id": "null",
            "website_redirect": ""
          },
          "sensitive_attributes": [],
          "private": "bnVsbA==",
          "dependencies": [
            "aws_s3_bucket.vaibhav-jain-online"
          ]
        },
        {
          "index_key": "css/fonts/fontawesome-free-5.12.1-web/css/svg-with-js.min.css",
          "schema_version": 0,
          "attributes": {
            "acl": null,
            "arn": "arn:aws:s3:::vaibhav-jain-online/css/fonts/fontawesome-free-5.12.1-web/css/svg-with-js.min.css",
            "bucket": "vaibhav-jain-online",
            "bucket_key_enabled": false,
            "cache_control": "",
            "checksum_algorithm": null,
            "checksum_crc32": "",
            "checksum_crc32c": "",
            "checksum_sha1": "",
            "checksum_sha256": "",
            "content": null,
            "content_base64": null,
            "content_disposition": "",
            "content_encoding": "",
            "content_language": "",
            "content_type": "text/css",
            "etag": "40e069bd2d614d2e960ab70b7354a4a0",
            "force_destroy": false,
            "id": "css/fonts/fontawesome-free-5.12.1-web/css/svg-with-js.min.css",
            "key": "css/fonts/fontawesome-free-5.12.1-web/css/svg-with-js.min.css",
            "kms_key_id": null,
            "metadata": {},
            "object_lock_legal_hold_status": "",
            "object_lock_mode": "",
            "object_lock_retain_until_date": "",
            "override_provider": [],
            "server_side_encryption": "AES256",
            "source": "D:/Users/vjain/static-website-terraform/static-website/css/fonts/fontawesome-free-5.12.1-web/css/svg-with-js.min.css",
            "source_hash": null,
            "storage_class": "STANDARD",
            "tags": {},
            "tags_all": {},
            "version_id": "null",
            "website_redirect": ""
          },
          "sensitive_attributes": [],
          "private": "bnVsbA==",
          "dependencies": [
            "aws_s3_bucket.vaibhav-jain-online"
          ]
        },
        {
          "index_key": "css/fonts/fontawesome-free-5.12.1-web/css/v4-shims.css",
          "schema_version": 0,
          "attributes": {
            "acl": null,
            "arn": "arn:aws:s3:::vaibhav-jain-online/css/fonts/fontawesome-free-5.12.1-web/css/v4-shims.css",
            "bucket": "vaibhav-jain-online",
            "bucket_key_enabled": false,
            "cache_control": "",
            "checksum_algorithm": null,
            "checksum_crc32": "",
            "checksum_crc32c": "",
            "checksum_sha1": "",
            "checksum_sha256": "",
            "content": null,
            "content_base64": null,
            "content_disposition": "",
            "content_encoding": "",
            "content_language": "",
            "content_type": "text/css",
            "etag": "a552af67953a16467c414b96fdd72882",
            "force_destroy": false,
            "id": "css/fonts/fontawesome-free-5.12.1-web/css/v4-shims.css",
            "key": "css/fonts/fontawesome-free-5.12.1-web/css/v4-shims.css",
            "kms_key_id": null,
            "metadata": {},
            "object_lock_legal_hold_status": "",
            "object_lock_mode": "",
            "object_lock_retain_until_date": "",
            "override_provider": [],
            "server_side_encryption": "AES256",
            "source": "D:/Users/vjain/static-website-terraform/static-website/css/fonts/fontawesome-free-5.12.1-web/css/v4-shims.css",
            "source_hash": null,
            "storage_class": "STANDARD",
            "tags": {},
            "tags_all": {},
            "version_id": "null",
            "website_redirect": ""
          },
          "sensitive_attributes": [],
          "private": "bnVsbA==",
          "dependencies": [
            "aws_s3_bucket.vaibhav-jain-online"
          ]
        },
        {
          "index_key": "css/fonts/fontawesome-free-5.12.1-web/css/v4-shims.min.css",
          "schema_version": 0,
          "attributes": {
            "acl": null,
            "arn": "arn:aws:s3:::vaibhav-jain-online/css/fonts/fontawesome-free-5.12.1-web/css/v4-shims.min.css",
            "bucket": "vaibhav-jain-online",
            "bucket_key_enabled": false,
            "cache_control": "",
            "checksum_algorithm": null,
            "checksum_crc32": "",
            "checksum_crc32c": "",
            "checksum_sha1": "",
            "checksum_sha256": "",
            "content": null,
            "content_base64": null,
            "content_disposition": "",
            "content_encoding": "",
            "content_language": "",
            "content_type": "text/css",
            "etag": "6fe7c40e87191b9412c88e67a9a7e29d",
            "force_destroy": false,
            "id": "css/fonts/fontawesome-free-5.12.1-web/css/v4-shims.min.css",
            "key": "css/fonts/fontawesome-free-5.12.1-web/css/v4-shims.min.css",
            "kms_key_id": null,
            "metadata": {},
            "object_lock_legal_hold_status": "",
            "object_lock_mode": "",
            "object_lock_retain_until_date": "",
            "override_provider": [],
            "server_side_encryption": "AES256",
            "source": "D:/Users/vjain/static-website-terraform/static-website/css/fonts/fontawesome-free-5.12.1-web/css/v4-shims.min.css",
            "source_hash": null,
            "storage_class": "STANDARD",
            "tags": {},
            "tags_all": {},
            "version_id": "null",
            "website_redirect": ""
          },
          "sensitive_attributes": [],
          "private": "bnVsbA==",
          "dependencies": [
            "aws_s3_bucket.vaibhav-jain-online"
          ]
        },
        {
          "index_key": "css/fonts/fontawesome-free-5.12.1-web/webfonts/fa-brands-400.eot",
          "schema_version": 0,
          "attributes": {
            "acl": null,
            "arn": "arn:aws:s3:::vaibhav-jain-online/css/fonts/fontawesome-free-5.12.1-web/webfonts/fa-brands-400.eot",
            "bucket": "vaibhav-jain-online",
            "bucket_key_enabled": false,
            "cache_control": "",
            "checksum_algorithm": null,
            "checksum_crc32": "",
            "checksum_crc32c": "",
            "checksum_sha1": "",
            "checksum_sha256": "",
            "content": null,
            "content_base64": null,
            "content_disposition": "",
            "content_encoding": "",
            "content_language": "",
            "content_type": "application/octet-stream",
            "etag": "57dcda6f368ea90179f75cbdae96c263",
            "force_destroy": false,
            "id": "css/fonts/fontawesome-free-5.12.1-web/webfonts/fa-brands-400.eot",
            "key": "css/fonts/fontawesome-free-5.12.1-web/webfonts/fa-brands-400.eot",
            "kms_key_id": null,
            "metadata": {},
            "object_lock_legal_hold_status": "",
            "object_lock_mode": "",
            "object_lock_retain_until_date": "",
            "override_provider": [],
            "server_side_encryption": "AES256",
            "source": "D:/Users/vjain/static-website-terraform/static-website/css/fonts/fontawesome-free-5.12.1-web/webfonts/fa-brands-400.eot",
            "source_hash": null,
            "storage_class": "STANDARD",
            "tags": {},
            "tags_all": {},
            "version_id": "null",
            "website_redirect": ""
          },
          "sensitive_attributes": [],
          "private": "bnVsbA==",
          "dependencies": [
            "aws_s3_bucket.vaibhav-jain-online"
          ]
        },
        {
          "index_key": "css/fonts/fontawesome-free-5.12.1-web/webfonts/fa-brands-400.svg",
          "schema_version": 0,
          "attributes": {
            "acl": null,
            "arn": "arn:aws:s3:::vaibhav-jain-online/css/fonts/fontawesome-free-5.12.1-web/webfonts/fa-brands-400.svg",
            "bucket": "vaibhav-jain-online",
            "bucket_key_enabled": false,
            "cache_control": "",
            "checksum_algorithm": null,
            "checksum_crc32": "",
            "checksum_crc32c": "",
            "checksum_sha1": "",
            "checksum_sha256": "",
            "content": null,
            "content_base64": null,
            "content_disposition": "",
            "content_encoding": "",
            "content_language": "",
            "content_type": "application/octet-stream",
            "etag": "9d67fa1429375bd2a899a17eb77d0342",
            "force_destroy": false,
            "id": "css/fonts/fontawesome-free-5.12.1-web/webfonts/fa-brands-400.svg",
            "key": "css/fonts/fontawesome-free-5.12.1-web/webfonts/fa-brands-400.svg",
            "kms_key_id": null,
            "metadata": {},
            "object_lock_legal_hold_status": "",
            "object_lock_mode": "",
            "object_lock_retain_until_date": "",
            "override_provider": [],
            "server_side_encryption": "AES256",
            "source": "D:/Users/vjain/static-website-terraform/static-website/css/fonts/fontawesome-free-5.12.1-web/webfonts/fa-brands-400.svg",
            "source_hash": null,
            "storage_class": "STANDARD",
            "tags": {},
            "tags_all": {},
            "version_id": "null",
            "website_redirect": ""
          },
          "sensitive_attributes": [],
          "private": "bnVsbA==",
          "dependencies": [
            "aws_s3_bucket.vaibhav-jain-online"
          ]
        },
        {
          "index_key": "css/fonts/fontawesome-free-5.12.1-web/webfonts/fa-brands-400.ttf",
          "schema_version": 0,
          "attributes": {
            "acl": null,
            "arn": "arn:aws:s3:::vaibhav-jain-online/css/fonts/fontawesome-free-5.12.1-web/webfonts/fa-brands-400.ttf",
            "bucket": "vaibhav-jain-online",
            "bucket_key_enabled": false,
            "cache_control": "",
            "checksum_algorithm": null,
            "checksum_crc32": "",
            "checksum_crc32c": "",
            "checksum_sha1": "",
            "checksum_sha256": "",
            "content": null,
            "content_base64": null,
            "content_disposition": "",
            "content_encoding": "",
            "content_language": "",
            "content_type": "application/octet-stream",
            "etag": "9ec698d1a597bff5df337094b71ddaaf",
            "force_destroy": false,
            "id": "css/fonts/fontawesome-free-5.12.1-web/webfonts/fa-brands-400.ttf",
            "key": "css/fonts/fontawesome-free-5.12.1-web/webfonts/fa-brands-400.ttf",
            "kms_key_id": null,
            "metadata": {},
            "object_lock_legal_hold_status": "",
            "object_lock_mode": "",
            "object_lock_retain_until_date": "",
            "override_provider": [],
            "server_side_encryption": "AES256",
            "source": "D:/Users/vjain/static-website-terraform/static-website/css/fonts/fontawesome-free-5.12.1-web/webfonts/fa-brands-400.ttf",
            "source_hash": null,
            "storage_class": "STANDARD",
            "tags": {},
            "tags_all": {},
            "version_id": "null",
            "website_redirect": ""
          },
          "sensitive_attributes": [],
          "private": "bnVsbA==",
          "dependencies": [
            "aws_s3_bucket.vaibhav-jain-online"
          ]
        },
        {
          "index_key": "css/fonts/fontawesome-free-5.12.1-web/webfonts/fa-brands-400.woff",
          "schema_version": 0,
          "attributes": {
            "acl": null,
            "arn": "arn:aws:s3:::vaibhav-jain-online/css/fonts/fontawesome-free-5.12.1-web/webfonts/fa-brands-400.woff",
            "bucket": "vaibhav-jain-online",
            "bucket_key_enabled": false,
            "cache_control": "",
            "checksum_algorithm": null,
            "checksum_crc32": "",
            "checksum_crc32c": "",
            "checksum_sha1": "",
            "checksum_sha256": "",
            "content": null,
            "content_base64": null,
            "content_disposition": "",
            "content_encoding": "",
            "content_language": "",
            "content_type": "application/octet-stream",
            "etag": "b564da88bbf0c4aa446fa19653713cd1",
            "force_destroy": false,
            "id": "css/fonts/fontawesome-free-5.12.1-web/webfonts/fa-brands-400.woff",
            "key": "css/fonts/fontawesome-free-5.12.1-web/webfonts/fa-brands-400.woff",
            "kms_key_id": null,
            "metadata": {},
            "object_lock_legal_hold_status": "",
            "object_lock_mode": "",
            "object_lock_retain_until_date": "",
            "override_provider": [],
            "server_side_encryption": "AES256",
            "source": "D:/Users/vjain/static-website-terraform/static-website/css/fonts/fontawesome-free-5.12.1-web/webfonts/fa-brands-400.woff",
            "source_hash": null,
            "storage_class": "STANDARD",
            "tags": {},
            "tags_all": {},
            "version_id": "null",
            "website_redirect": ""
          },
          "sensitive_attributes": [],
          "private": "bnVsbA==",
          "dependencies": [
            "aws_s3_bucket.vaibhav-jain-online"
          ]
        },
        {
          "index_key": "css/fonts/fontawesome-free-5.12.1-web/webfonts/fa-brands-400.woff2",
          "schema_version": 0,
          "attributes": {
            "acl": null,
            "arn": "arn:aws:s3:::vaibhav-jain-online/css/fonts/fontawesome-free-5.12.1-web/webfonts/fa-brands-400.woff2",
            "bucket": "vaibhav-jain-online",
            "bucket_key_enabled": false,
            "cache_control": "",
            "checksum_algorithm": null,
            "checksum_crc32": "",
            "checksum_crc32c": "",
            "checksum_sha1": "",
            "checksum_sha256": "",
            "content": null,
            "content_base64": null,
            "content_disposition": "",
            "content_encoding": "",
            "content_language": "",
            "content_type": "application/octet-stream",
            "etag": "067595ad77ecc0db9c81c8905a7eef32",
            "force_destroy": false,
            "id": "css/fonts/fontawesome-free-5.12.1-web/webfonts/fa-brands-400.woff2",
            "key": "css/fonts/fontawesome-free-5.12.1-web/webfonts/fa-brands-400.woff2",
            "kms_key_id": null,
            "metadata": {},
            "object_lock_legal_hold_status": "",
            "object_lock_mode": "",
            "object_lock_retain_until_date": "",
            "override_provider": [],
            "server_side_encryption": "AES256",
            "source": "D:/Users/vjain/static-website-terraform/static-website/css/fonts/fontawesome-free-5.12.1-web/webfonts/fa-brands-400.woff2",
            "source_hash": null,
            "storage_class": "STANDARD",
            "tags": {},
            "tags_all": {},
            "version_id": "null",
            "website_redirect": ""
          },
          "sensitive_attributes": [],
          "private": "bnVsbA==",
          "dependencies": [
            "aws_s3_bucket.vaibhav-jain-online"
          ]
        },
        {
          "index_key": "css/fonts/fontawesome-free-5.12.1-web/webfonts/fa-regular-400.eot",
          "schema_version": 0,
          "attributes": {
            "acl": null,
            "arn": "arn:aws:s3:::vaibhav-jain-online/css/fonts/fontawesome-free-5.12.1-web/webfonts/fa-regular-400.eot",
            "bucket": "vaibhav-jain-online",
            "bucket_key_enabled": false,
            "cache_control": "",
            "checksum_algorithm": null,
            "checksum_crc32": "",
            "checksum_crc32c": "",
            "checksum_sha1": "",
            "checksum_sha256": "",
            "content": null,
            "content_base64": null,
            "content_disposition": "",
            "content_encoding": "",
            "content_language": "",
            "content_type": "application/octet-stream",
            "etag": "3351f435b3c9037fd88aeb04dc1e43bc",
            "force_destroy": false,
            "id": "css/fonts/fontawesome-free-5.12.1-web/webfonts/fa-regular-400.eot",
            "key": "css/fonts/fontawesome-free-5.12.1-web/webfonts/fa-regular-400.eot",
            "kms_key_id": null,
            "metadata": {},
            "object_lock_legal_hold_status": "",
            "object_lock_mode": "",
            "object_lock_retain_until_date": "",
            "override_provider": [],
            "server_side_encryption": "AES256",
            "source": "D:/Users/vjain/static-website-terraform/static-website/css/fonts/fontawesome-free-5.12.1-web/webfonts/fa-regular-400.eot",
            "source_hash": null,
            "storage_class": "STANDARD",
            "tags": {},
            "tags_all": {},
            "version_id": "null",
            "website_redirect": ""
          },
          "sensitive_attributes": [],
          "private": "bnVsbA==",
          "dependencies": [
            "aws_s3_bucket.vaibhav-jain-online"
          ]
        },
        {
          "index_key": "css/fonts/fontawesome-free-5.12.1-web/webfonts/fa-regular-400.svg",
          "schema_version": 0,
          "attributes": {
            "acl": null,
            "arn": "arn:aws:s3:::vaibhav-jain-online/css/fonts/fontawesome-free-5.12.1-web/webfonts/fa-regular-400.svg",
            "bucket": "vaibhav-jain-online",
            "bucket_key_enabled": false,
            "cache_control": "",
            "checksum_algorithm": null,
            "checksum_crc32": "",
            "checksum_crc32c": "",
            "checksum_sha1": "",
            "checksum_sha256": "",
            "content": null,
            "content_base64": null,
            "content_disposition": "",
            "content_encoding": "",
            "content_language": "",
            "content_type": "application/octet-stream",
            "etag": "5d0861781aeef6c82fda3a3076954a1b",
            "force_destroy": false,
            "id": "css/fonts/fontawesome-free-5.12.1-web/webfonts/fa-regular-400.svg",
            "key": "css/fonts/fontawesome-free-5.12.1-web/webfonts/fa-regular-400.svg",
            "kms_key_id": null,
            "metadata": {},
            "object_lock_legal_hold_status": "",
            "object_lock_mode": "",
            "object_lock_retain_until_date": "",
            "override_provider": [],
            "server_side_encryption": "AES256",
            "source": "D:/Users/vjain/static-website-terraform/static-website/css/fonts/fontawesome-free-5.12.1-web/webfonts/fa-regular-400.svg",
            "source_hash": null,
            "storage_class": "STANDARD",
            "tags": {},
            "tags_all": {},
            "version_id": "null",
            "website_redirect": ""
          },
          "sensitive_attributes": [],
          "private": "bnVsbA==",
          "dependencies": [
            "aws_s3_bucket.vaibhav-jain-online"
          ]
        },
        {
          "index_key": "css/fonts/fontawesome-free-5.12.1-web/webfonts/fa-regular-400.ttf",
          "schema_version": 0,
          "attributes": {
            "acl": null,
            "arn": "arn:aws:s3:::vaibhav-jain-online/css/fonts/fontawesome-free-5.12.1-web/webfonts/fa-regular-400.ttf",
            "bucket": "vaibhav-jain-online",
            "bucket_key_enabled": false,
            "cache_control": "",
            "checksum_algorithm": null,
            "checksum_crc32": "",
            "checksum_crc32c": "",
            "checksum_sha1": "",
            "checksum_sha256": "",
            "content": null,
            "content_base64": null,
            "content_disposition": "",
            "content_encoding": "",
            "content_language": "",
            "content_type": "application/octet-stream",
            "etag": "a0e3ac82940c1998c5977fd4bc1f5ef6",
            "force_destroy": false,
            "id": "css/fonts/fontawesome-free-5.12.1-web/webfonts/fa-regular-400.ttf",
            "key": "css/fonts/fontawesome-free-5.12.1-web/webfonts/fa-regular-400.ttf",
            "kms_key_id": null,
            "metadata": {},
            "object_lock_legal_hold_status": "",
            "object_lock_mode": "",
            "object_lock_retain_until_date": "",
            "override_provider": [],
            "server_side_encryption": "AES256",
            "source": "D:/Users/vjain/static-website-terraform/static-website/css/fonts/fontawesome-free-5.12.1-web/webfonts/fa-regular-400.ttf",
            "source_hash": null,
            "storage_class": "STANDARD",
            "tags": {},
            "tags_all": {},
            "version_id": "null",
            "website_redirect": ""
          },
          "sensitive_attributes": [],
          "private": "bnVsbA==",
          "dependencies": [
            "aws_s3_bucket.vaibhav-jain-online"
          ]
        },
        {
          "index_key": "css/fonts/fontawesome-free-5.12.1-web/webfonts/fa-regular-400.woff",
          "schema_version": 0,
          "attributes": {
            "acl": null,
            "arn": "arn:aws:s3:::vaibhav-jain-online/css/fonts/fontawesome-free-5.12.1-web/webfonts/fa-regular-400.woff",
            "bucket": "vaibhav-jain-online",
            "bucket_key_enabled": false,
            "cache_control": "",
            "checksum_algorithm": null,
            "checksum_crc32": "",
            "checksum_crc32c": "",
            "checksum_sha1": "",
            "checksum_sha256": "",
            "content": null,
            "content_base64": null,
            "content_disposition": "",
            "content_encoding": "",
            "content_language": "",
            "content_type": "application/octet-stream",
            "etag": "73cf49a2232c06c920b7a34e36bfb58c",
            "force_destroy": false,
            "id": "css/fonts/fontawesome-free-5.12.1-web/webfonts/fa-regular-400.woff",
            "key": "css/fonts/fontawesome-free-5.12.1-web/webfonts/fa-regular-400.woff",
            "kms_key_id": null,
            "metadata": {},
            "object_lock_legal_hold_status": "",
            "object_lock_mode": "",
            "object_lock_retain_until_date": "",
            "override_provider": [],
            "server_side_encryption": "AES256",
            "source": "D:/Users/vjain/static-website-terraform/static-website/css/fonts/fontawesome-free-5.12.1-web/webfonts/fa-regular-400.woff",
            "source_hash": null,
            "storage_class": "STANDARD",
            "tags": {},
            "tags_all": {},
            "version_id": "null",
            "website_redirect": ""
          },
          "sensitive_attributes": [],
          "private": "bnVsbA==",
          "dependencies": [
            "aws_s3_bucket.vaibhav-jain-online"
          ]
        },
        {
          "index_key": "css/fonts/fontawesome-free-5.12.1-web/webfonts/fa-regular-400.woff2",
          "schema_version": 0,
          "attributes": {
            "acl": null,
            "arn": "arn:aws:s3:::vaibhav-jain-online/css/fonts/fontawesome-free-5.12.1-web/webfonts/fa-regular-400.woff2",
            "bucket": "vaibhav-jain-online",
            "bucket_key_enabled": false,
            "cache_control": "",
            "checksum_algorithm": null,
            "checksum_crc32": "",
            "checksum_crc32c": "",
            "checksum_sha1": "",
            "checksum_sha256": "",
            "content": null,
            "content_base64": null,
            "content_disposition": "",
            "content_encoding": "",
            "content_language": "",
            "content_type": "application/octet-stream",
            "etag": "4165c2688309cbfb1b877caf8f75afb5",
            "force_destroy": false,
            "id": "css/fonts/fontawesome-free-5.12.1-web/webfonts/fa-regular-400.woff2",
            "key": "css/fonts/fontawesome-free-5.12.1-web/webfonts/fa-regular-400.woff2",
            "kms_key_id": null,
            "metadata": {},
            "object_lock_legal_hold_status": "",
            "object_lock_mode": "",
            "object_lock_retain_until_date": "",
            "override_provider": [],
            "server_side_encryption": "AES256",
            "source": "D:/Users/vjain/static-website-terraform/static-website/css/fonts/fontawesome-free-5.12.1-web/webfonts/fa-regular-400.woff2",
            "source_hash": null,
            "storage_class": "STANDARD",
            "tags": {},
            "tags_all": {},
            "version_id": "null",
            "website_redirect": ""
          },
          "sensitive_attributes": [],
          "private": "bnVsbA==",
          "dependencies": [
            "aws_s3_bucket.vaibhav-jain-online"
          ]
        },
        {
          "index_key": "css/fonts/fontawesome-free-5.12.1-web/webfonts/fa-solid-900.eot",
          "schema_version": 0,
          "attributes": {
            "acl": null,
            "arn": "arn:aws:s3:::vaibhav-jain-online/css/fonts/fontawesome-free-5.12.1-web/webfonts/fa-solid-900.eot",
            "bucket": "vaibhav-jain-online",
            "bucket_key_enabled": false,
            "cache_control": "",
            "checksum_algorithm": null,
            "checksum_crc32": "",
            "checksum_crc32c": "",
            "checksum_sha1": "",
            "checksum_sha256": "",
            "content": null,
            "content_base64": null,
            "content_disposition": "",
            "content_encoding": "",
            "content_language": "",
            "content_type": "application/octet-stream",
            "etag": "89e02bae13c9131c7468b1e729339ac1",
            "force_destroy": false,
            "id": "css/fonts/fontawesome-free-5.12.1-web/webfonts/fa-solid-900.eot",
            "key": "css/fonts/fontawesome-free-5.12.1-web/webfonts/fa-solid-900.eot",
            "kms_key_id": null,
            "metadata": {},
            "object_lock_legal_hold_status": "",
            "object_lock_mode": "",
            "object_lock_retain_until_date": "",
            "override_provider": [],
            "server_side_encryption": "AES256",
            "source": "D:/Users/vjain/static-website-terraform/static-website/css/fonts/fontawesome-free-5.12.1-web/webfonts/fa-solid-900.eot",
            "source_hash": null,
            "storage_class": "STANDARD",
            "tags": {},
            "tags_all": {},
            "version_id": "null",
            "website_redirect": ""
          },
          "sensitive_attributes": [],
          "private": "bnVsbA==",
          "dependencies": [
            "aws_s3_bucket.vaibhav-jain-online"
          ]
        },
        {
          "index_key": "css/fonts/fontawesome-free-5.12.1-web/webfonts/fa-solid-900.svg",
          "schema_version": 0,
          "attributes": {
            "acl": null,
            "arn": "arn:aws:s3:::vaibhav-jain-online/css/fonts/fontawesome-free-5.12.1-web/webfonts/fa-solid-900.svg",
            "bucket": "vaibhav-jain-online",
            "bucket_key_enabled": false,
            "cache_control": "",
            "checksum_algorithm": null,
            "checksum_crc32": "",
            "checksum_crc32c": "",
            "checksum_sha1": "",
            "checksum_sha256": "",
            "content": null,
            "content_base64": null,
            "content_disposition": "",
            "content_encoding": "",
            "content_language": "",
            "content_type": "application/octet-stream",
            "etag": "0724bb8b89ab6b8b9b7df917b17be0b7",
            "force_destroy": false,
            "id": "css/fonts/fontawesome-free-5.12.1-web/webfonts/fa-solid-900.svg",
            "key": "css/fonts/fontawesome-free-5.12.1-web/webfonts/fa-solid-900.svg",
            "kms_key_id": null,
            "metadata": {},
            "object_lock_legal_hold_status": "",
            "object_lock_mode": "",
            "object_lock_retain_until_date": "",
            "override_provider": [],
            "server_side_encryption": "AES256",
            "source": "D:/Users/vjain/static-website-terraform/static-website/css/fonts/fontawesome-free-5.12.1-web/webfonts/fa-solid-900.svg",
            "source_hash": null,
            "storage_class": "STANDARD",
            "tags": {},
            "tags_all": {},
            "version_id": "null",
            "website_redirect": ""
          },
          "sensitive_attributes": [],
          "private": "bnVsbA==",
          "dependencies": [
            "aws_s3_bucket.vaibhav-jain-online"
          ]
        },
        {
          "index_key": "css/fonts/fontawesome-free-5.12.1-web/webfonts/fa-solid-900.ttf",
          "schema_version": 0,
          "attributes": {
            "acl": null,
            "arn": "arn:aws:s3:::vaibhav-jain-online/css/fonts/fontawesome-free-5.12.1-web/webfonts/fa-solid-900.ttf",
            "bucket": "vaibhav-jain-online",
            "bucket_key_enabled": false,
            "cache_control": "",
            "checksum_algorithm": null,
            "checksum_crc32": "",
            "checksum_crc32c": "",
            "checksum_sha1": "",
            "checksum_sha256": "",
            "content": null,
            "content_base64": null,
            "content_disposition": "",
            "content_encoding": "",
            "content_language": "",
            "content_type": "application/octet-stream",
            "etag": "75f38a159982b6bd1704891332d95fa7",
            "force_destroy": false,
            "id": "css/fonts/fontawesome-free-5.12.1-web/webfonts/fa-solid-900.ttf",
            "key": "css/fonts/fontawesome-free-5.12.1-web/webfonts/fa-solid-900.ttf",
            "kms_key_id": null,
            "metadata": {},
            "object_lock_legal_hold_status": "",
            "object_lock_mode": "",
            "object_lock_retain_until_date": "",
            "override_provider": [],
            "server_side_encryption": "AES256",
            "source": "D:/Users/vjain/static-website-terraform/static-website/css/fonts/fontawesome-free-5.12.1-web/webfonts/fa-solid-900.ttf",
            "source_hash": null,
            "storage_class": "STANDARD",
            "tags": {},
            "tags_all": {},
            "version_id": "null",
            "website_redirect": ""
          },
          "sensitive_attributes": [],
          "private": "bnVsbA==",
          "dependencies": [
            "aws_s3_bucket.vaibhav-jain-online"
          ]
        },
        {
          "index_key": "css/fonts/fontawesome-free-5.12.1-web/webfonts/fa-solid-900.woff",
          "schema_version": 0,
          "attributes": {
            "acl": null,
            "arn": "arn:aws:s3:::vaibhav-jain-online/css/fonts/fontawesome-free-5.12.1-web/webfonts/fa-solid-900.woff",
            "bucket": "vaibhav-jain-online",
            "bucket_key_enabled": false,
            "cache_control": "",
            "checksum_algorithm": null,
            "checksum_crc32": "",
            "checksum_crc32c": "",
            "checksum_sha1": "",
            "checksum_sha256": "",
            "content": null,
            "content_base64": null,
            "content_disposition": "",
            "content_encoding": "",
            "content_language": "",
            "content_type": "application/octet-stream",
            "etag": "cdfec5cf5e9840889790bcf2c4042583",
            "force_destroy": false,
            "id": "css/fonts/fontawesome-free-5.12.1-web/webfonts/fa-solid-900.woff",
            "key": "css/fonts/fontawesome-free-5.12.1-web/webfonts/fa-solid-900.woff",
            "kms_key_id": null,
            "metadata": {},
            "object_lock_legal_hold_status": "",
            "object_lock_mode": "",
            "object_lock_retain_until_date": "",
            "override_provider": [],
            "server_side_encryption": "AES256",
            "source": "D:/Users/vjain/static-website-terraform/static-website/css/fonts/fontawesome-free-5.12.1-web/webfonts/fa-solid-900.woff",
            "source_hash": null,
            "storage_class": "STANDARD",
            "tags": {},
            "tags_all": {},
            "version_id": "null",
            "website_redirect": ""
          },
          "sensitive_attributes": [],
          "private": "bnVsbA==",
          "dependencies": [
            "aws_s3_bucket.vaibhav-jain-online"
          ]
        },
        {
          "index_key": "css/fonts/fontawesome-free-5.12.1-web/webfonts/fa-solid-900.woff2",
          "schema_version": 0,
          "attributes": {
            "acl": null,
            "arn": "arn:aws:s3:::vaibhav-jain-online/css/fonts/fontawesome-free-5.12.1-web/webfonts/fa-solid-900.woff2",
            "bucket": "vaibhav-jain-online",
            "bucket_key_enabled": false,
            "cache_control": "",
            "checksum_algorithm": null,
            "checksum_crc32": "",
            "checksum_crc32c": "",
            "checksum_sha1": "",
            "checksum_sha256": "",
            "content": null,
            "content_base64": null,
            "content_disposition": "",
            "content_encoding": "",
            "content_language": "",
            "content_type": "application/octet-stream",
            "etag": "55eb2a60e8181f0e68b558c991973bf0",
            "force_destroy": false,
            "id": "css/fonts/fontawesome-free-5.12.1-web/webfonts/fa-solid-900.woff2",
            "key": "css/fonts/fontawesome-free-5.12.1-web/webfonts/fa-solid-900.woff2",
            "kms_key_id": null,
            "metadata": {},
            "object_lock_legal_hold_status": "",
            "object_lock_mode": "",
            "object_lock_retain_until_date": "",
            "override_provider": [],
            "server_side_encryption": "AES256",
            "source": "D:/Users/vjain/static-website-terraform/static-website/css/fonts/fontawesome-free-5.12.1-web/webfonts/fa-solid-900.woff2",
            "source_hash": null,
            "storage_class": "STANDARD",
            "tags": {},
            "tags_all": {},
            "version_id": "null",
            "website_redirect": ""
          },
          "sensitive_attributes": [],
          "private": "bnVsbA==",
          "dependencies": [
            "aws_s3_bucket.vaibhav-jain-online"
          ]
        },
        {
          "index_key": "css/fonts/linear-icons-font/fonts/Linearicons-Free.eot",
          "schema_version": 0,
          "attributes": {
            "acl": null,
            "arn": "arn:aws:s3:::vaibhav-jain-online/css/fonts/linear-icons-font/fonts/Linearicons-Free.eot",
            "bucket": "vaibhav-jain-online",
            "bucket_key_enabled": false,
            "cache_control": "",
            "checksum_algorithm": null,
            "checksum_crc32": "",
            "checksum_crc32c": "",
            "checksum_sha1": "",
            "checksum_sha256": "",
            "content": null,
            "content_base64": null,
            "content_disposition": "",
            "content_encoding": "",
            "content_language": "",
            "content_type": "application/octet-stream",
            "etag": "b9b7f23cb61b1f503e1249b63d980448",
            "force_destroy": false,
            "id": "css/fonts/linear-icons-font/fonts/Linearicons-Free.eot",
            "key": "css/fonts/linear-icons-font/fonts/Linearicons-Free.eot",
            "kms_key_id": null,
            "metadata": {},
            "object_lock_legal_hold_status": "",
            "object_lock_mode": "",
            "object_lock_retain_until_date": "",
            "override_provider": [],
            "server_side_encryption": "AES256",
            "source": "D:/Users/vjain/static-website-terraform/static-website/css/fonts/linear-icons-font/fonts/Linearicons-Free.eot",
            "source_hash": null,
            "storage_class": "STANDARD",
            "tags": {},
            "tags_all": {},
            "version_id": "null",
            "website_redirect": ""
          },
          "sensitive_attributes": [],
          "private": "bnVsbA==",
          "dependencies": [
            "aws_s3_bucket.vaibhav-jain-online"
          ]
        },
        {
          "index_key": "css/fonts/linear-icons-font/fonts/Linearicons-Free.svg",
          "schema_version": 0,
          "attributes": {
            "acl": null,
            "arn": "arn:aws:s3:::vaibhav-jain-online/css/fonts/linear-icons-font/fonts/Linearicons-Free.svg",
            "bucket": "vaibhav-jain-online",
            "bucket_key_enabled": false,
            "cache_control": "",
            "checksum_algorithm": null,
            "checksum_crc32": "",
            "checksum_crc32c": "",
            "checksum_sha1": "",
            "checksum_sha256": "",
            "content": null,
            "content_base64": null,
            "content_disposition": "",
            "content_encoding": "",
            "content_language": "",
            "content_type": "application/octet-stream",
            "etag": "2781bf543c08d394dc78dec86989e3fd",
            "force_destroy": false,
            "id": "css/fonts/linear-icons-font/fonts/Linearicons-Free.svg",
            "key": "css/fonts/linear-icons-font/fonts/Linearicons-Free.svg",
            "kms_key_id": null,
            "metadata": {},
            "object_lock_legal_hold_status": "",
            "object_lock_mode": "",
            "object_lock_retain_until_date": "",
            "override_provider": [],
            "server_side_encryption": "AES256",
            "source": "D:/Users/vjain/static-website-terraform/static-website/css/fonts/linear-icons-font/fonts/Linearicons-Free.svg",
            "source_hash": null,
            "storage_class": "STANDARD",
            "tags": {},
            "tags_all": {},
            "version_id": "null",
            "website_redirect": ""
          },
          "sensitive_attributes": [],
          "private": "bnVsbA==",
          "dependencies": [
            "aws_s3_bucket.vaibhav-jain-online"
          ]
        },
        {
          "index_key": "css/fonts/linear-icons-font/fonts/Linearicons-Free.ttf",
          "schema_version": 0,
          "attributes": {
            "acl": null,
            "arn": "arn:aws:s3:::vaibhav-jain-online/css/fonts/linear-icons-font/fonts/Linearicons-Free.ttf",
            "bucket": "vaibhav-jain-online",
            "bucket_key_enabled": false,
            "cache_control": "",
            "checksum_algorithm": null,
            "checksum_crc32": "",
            "checksum_crc32c": "",
            "checksum_sha1": "",
            "checksum_sha256": "",
            "content": null,
            "content_base64": null,
            "content_disposition": "",
            "content_encoding": "",
            "content_language": "",
            "content_type": "application/octet-stream",
            "etag": "2f3e9f80fff7d699dd3de6904d7d1647",
            "force_destroy": false,
            "id": "css/fonts/linear-icons-font/fonts/Linearicons-Free.ttf",
            "key": "css/fonts/linear-icons-font/fonts/Linearicons-Free.ttf",
            "kms_key_id": null,
            "metadata": {},
            "object_lock_legal_hold_status": "",
            "object_lock_mode": "",
            "object_lock_retain_until_date": "",
            "override_provider": [],
            "server_side_encryption": "AES256",
            "source": "D:/Users/vjain/static-website-terraform/static-website/css/fonts/linear-icons-font/fonts/Linearicons-Free.ttf",
            "source_hash": null,
            "storage_class": "STANDARD",
            "tags": {},
            "tags_all": {},
            "version_id": "null",
            "website_redirect": ""
          },
          "sensitive_attributes": [],
          "private": "bnVsbA==",
          "dependencies": [
            "aws_s3_bucket.vaibhav-jain-online"
          ]
        },
        {
          "index_key": "css/fonts/linear-icons-font/fonts/Linearicons-Free.woff",
          "schema_version": 0,
          "attributes": {
            "acl": null,
            "arn": "arn:aws:s3:::vaibhav-jain-online/css/fonts/linear-icons-font/fonts/Linearicons-Free.woff",
            "bucket": "vaibhav-jain-online",
            "bucket_key_enabled": false,
            "cache_control": "",
            "checksum_algorithm": null,
            "checksum_crc32": "",
            "checksum_crc32c": "",
            "checksum_sha1": "",
            "checksum_sha256": "",
            "content": null,
            "content_base64": null,
            "content_disposition": "",
            "content_encoding": "",
            "content_language": "",
            "content_type": "application/octet-stream",
            "etag": "65060723fe964f85afa0a82d0bb78cf9",
            "force_destroy": false,
            "id": "css/fonts/linear-icons-font/fonts/Linearicons-Free.woff",
            "key": "css/fonts/linear-icons-font/fonts/Linearicons-Free.woff",
            "kms_key_id": null,
            "metadata": {},
            "object_lock_legal_hold_status": "",
            "object_lock_mode": "",
            "object_lock_retain_until_date": "",
            "override_provider": [],
            "server_side_encryption": "AES256",
            "source": "D:/Users/vjain/static-website-terraform/static-website/css/fonts/linear-icons-font/fonts/Linearicons-Free.woff",
            "source_hash": null,
            "storage_class": "STANDARD",
            "tags": {},
            "tags_all": {},
            "version_id": "null",
            "website_redirect": ""
          },
          "sensitive_attributes": [],
          "private": "bnVsbA==",
          "dependencies": [
            "aws_s3_bucket.vaibhav-jain-online"
          ]
        },
        {
          "index_key": "css/fonts/linear-icons-font/fonts/Linearicons-Free.woff2",
          "schema_version": 0,
          "attributes": {
            "acl": null,
            "arn": "arn:aws:s3:::vaibhav-jain-online/css/fonts/linear-icons-font/fonts/Linearicons-Free.woff2",
            "bucket": "vaibhav-jain-online",
            "bucket_key_enabled": false,
            "cache_control": "",
            "checksum_algorithm": null,
            "checksum_crc32": "",
            "checksum_crc32c": "",
            "checksum_sha1": "",
            "checksum_sha256": "",
            "content": null,
            "content_base64": null,
            "content_disposition": "",
            "content_encoding": "",
            "content_language": "",
            "content_type": "application/octet-stream",
            "etag": "03e91f122aa5fd425abbe23c85546eb0",
            "force_destroy": false,
            "id": "css/fonts/linear-icons-font/fonts/Linearicons-Free.woff2",
            "key": "css/fonts/linear-icons-font/fonts/Linearicons-Free.woff2",
            "kms_key_id": null,
            "metadata": {},
            "object_lock_legal_hold_status": "",
            "object_lock_mode": "",
            "object_lock_retain_until_date": "",
            "override_provider": [],
            "server_side_encryption": "AES256",
            "source": "D:/Users/vjain/static-website-terraform/static-website/css/fonts/linear-icons-font/fonts/Linearicons-Free.woff2",
            "source_hash": null,
            "storage_class": "STANDARD",
            "tags": {},
            "tags_all": {},
            "version_id": "null",
            "website_redirect": ""
          },
          "sensitive_attributes": [],
          "private": "bnVsbA==",
          "dependencies": [
            "aws_s3_bucket.vaibhav-jain-online"
          ]
        },
        {
          "index_key": "css/fonts/linear-icons-font/style.css",
          "schema_version": 0,
          "attributes": {
            "acl": null,
            "arn": "arn:aws:s3:::vaibhav-jain-online/css/fonts/linear-icons-font/style.css",
            "bucket": "vaibhav-jain-online",
            "bucket_key_enabled": false,
            "cache_control": "",
            "checksum_algorithm": null,
            "checksum_crc32": "",
            "checksum_crc32c": "",
            "checksum_sha1": "",
            "checksum_sha256": "",
            "content": null,
            "content_base64": null,
            "content_disposition": "",
            "content_encoding": "",
            "content_language": "",
            "content_type": "text/css",
            "etag": "aa4cd95fc370b1cc4247fec9e0f946eb",
            "force_destroy": false,
            "id": "css/fonts/linear-icons-font/style.css",
            "key": "css/fonts/linear-icons-font/style.css",
            "kms_key_id": null,
            "metadata": {},
            "object_lock_legal_hold_status": "",
            "object_lock_mode": "",
            "object_lock_retain_until_date": "",
            "override_provider": [],
            "server_side_encryption": "AES256",
            "source": "D:/Users/vjain/static-website-terraform/static-website/css/fonts/linear-icons-font/style.css",
            "source_hash": null,
            "storage_class": "STANDARD",
            "tags": {},
            "tags_all": {},
            "version_id": "null",
            "website_redirect": ""
          },
          "sensitive_attributes": [],
          "private": "bnVsbA==",
          "dependencies": [
            "aws_s3_bucket.vaibhav-jain-online"
          ]
        },
        {
          "index_key": "css/magnific-popup.css",
          "schema_version": 0,
          "attributes": {
            "acl": null,
            "arn": "arn:aws:s3:::vaibhav-jain-online/css/magnific-popup.css",
            "bucket": "vaibhav-jain-online",
            "bucket_key_enabled": false,
            "cache_control": "",
            "checksum_algorithm": null,
            "checksum_crc32": "",
            "checksum_crc32c": "",
            "checksum_sha1": "",
            "checksum_sha256": "",
            "content": null,
            "content_base64": null,
            "content_disposition": "",
            "content_encoding": "",
            "content_language": "",
            "content_type": "text/css",
            "etag": "d9920890273b4a32910f71ffaff453a4",
            "force_destroy": false,
            "id": "css/magnific-popup.css",
            "key": "css/magnific-popup.css",
            "kms_key_id": null,
            "metadata": {},
            "object_lock_legal_hold_status": "",
            "object_lock_mode": "",
            "object_lock_retain_until_date": "",
            "override_provider": [],
            "server_side_encryption": "AES256",
            "source": "D:/Users/vjain/static-website-terraform/static-website/css/magnific-popup.css",
            "source_hash": null,
            "storage_class": "STANDARD",
            "tags": {},
            "tags_all": {},
            "version_id": "null",
            "website_redirect": ""
          },
          "sensitive_attributes": [],
          "private": "bnVsbA==",
          "dependencies": [
            "aws_s3_bucket.vaibhav-jain-online"
          ]
        },
        {
          "index_key": "css/main.css",
          "schema_version": 0,
          "attributes": {
            "acl": null,
            "arn": "arn:aws:s3:::vaibhav-jain-online/css/main.css",
            "bucket": "vaibhav-jain-online",
            "bucket_key_enabled": false,
            "cache_control": "",
            "checksum_algorithm": null,
            "checksum_crc32": "",
            "checksum_crc32c": "",
            "checksum_sha1": "",
            "checksum_sha256": "",
            "content": null,
            "content_base64": null,
            "content_disposition": "",
            "content_encoding": "",
            "content_language": "",
            "content_type": "text/css",
            "etag": "a3612c7d1d84795d9e09f4a563a8ba68",
            "force_destroy": false,
            "id": "css/main.css",
            "key": "css/main.css",
            "kms_key_id": null,
            "metadata": {},
            "object_lock_legal_hold_status": "",
            "object_lock_mode": "",
            "object_lock_retain_until_date": "",
            "override_provider": [],
            "server_side_encryption": "AES256",
            "source": "D:/Users/vjain/static-website-terraform/static-website/css/main.css",
            "source_hash": null,
            "storage_class": "STANDARD",
            "tags": {},
            "tags_all": {},
            "version_id": "null",
            "website_redirect": ""
          },
          "sensitive_attributes": [],
          "private": "bnVsbA==",
          "dependencies": [
            "aws_s3_bucket.vaibhav-jain-online"
          ]
        },
        {
          "index_key": "css/owl.carousel.css",
          "schema_version": 0,
          "attributes": {
            "acl": null,
            "arn": "arn:aws:s3:::vaibhav-jain-online/css/owl.carousel.css",
            "bucket": "vaibhav-jain-online",
            "bucket_key_enabled": false,
            "cache_control": "",
            "checksum_algorithm": null,
            "checksum_crc32": "",
            "checksum_crc32c": "",
            "checksum_sha1": "",
            "checksum_sha256": "",
            "content": null,
            "content_base64": null,
            "content_disposition": "",
            "content_encoding": "",
            "content_language": "",
            "content_type": "text/css",
            "etag": "0c44b1327d7299a41c854b09bce96f83",
            "force_destroy": false,
            "id": "css/owl.carousel.css",
            "key": "css/owl.carousel.css",
            "kms_key_id": null,
            "metadata": {},
            "object_lock_legal_hold_status": "",
            "object_lock_mode": "",
            "object_lock_retain_until_date": "",
            "override_provider": [],
            "server_side_encryption": "AES256",
            "source": "D:/Users/vjain/static-website-terraform/static-website/css/owl.carousel.css",
            "source_hash": null,
            "storage_class": "STANDARD",
            "tags": {},
            "tags_all": {},
            "version_id": "null",
            "website_redirect": ""
          },
          "sensitive_attributes": [],
          "private": "bnVsbA==",
          "dependencies": [
            "aws_s3_bucket.vaibhav-jain-online"
          ]
        },
        {
          "index_key": "css/perfect-scrollbar.css",
          "schema_version": 0,
          "attributes": {
            "acl": null,
            "arn": "arn:aws:s3:::vaibhav-jain-online/css/perfect-scrollbar.css",
            "bucket": "vaibhav-jain-online",
            "bucket_key_enabled": false,
            "cache_control": "",
            "checksum_algorithm": null,
            "checksum_crc32": "",
            "checksum_crc32c": "",
            "checksum_sha1": "",
            "checksum_sha256": "",
            "content": null,
            "content_base64": null,
            "content_disposition": "",
            "content_encoding": "",
            "content_language": "",
            "content_type": "text/css",
            "etag": "08e2fedb728fd5bd6eb275267c4abd4e",
            "force_destroy": false,
            "id": "css/perfect-scrollbar.css",
            "key": "css/perfect-scrollbar.css",
            "kms_key_id": null,
            "metadata": {},
            "object_lock_legal_hold_status": "",
            "object_lock_mode": "",
            "object_lock_retain_until_date": "",
            "override_provider": [],
            "server_side_encryption": "AES256",
            "source": "D:/Users/vjain/static-website-terraform/static-website/css/perfect-scrollbar.css",
            "source_hash": null,
            "storage_class": "STANDARD",
            "tags": {},
            "tags_all": {},
            "version_id": "null",
            "website_redirect": ""
          },
          "sensitive_attributes": [],
          "private": "bnVsbA==",
          "dependencies": [
            "aws_s3_bucket.vaibhav-jain-online"
          ]
        },
        {
          "index_key": "css/reset.css",
          "schema_version": 0,
          "attributes": {
            "acl": null,
            "arn": "arn:aws:s3:::vaibhav-jain-online/css/reset.css",
            "bucket": "vaibhav-jain-online",
            "bucket_key_enabled": false,
            "cache_control": "",
            "checksum_algorithm": null,
            "checksum_crc32": "",
            "checksum_crc32c": "",
            "checksum_sha1": "",
            "checksum_sha256": "",
            "content": null,
            "content_base64": null,
            "content_disposition": "",
            "content_encoding": "",
            "content_language": "",
            "content_type": "text/css",
            "etag": "56f1321e07d449a58d4256e0ff59151e",
            "force_destroy": false,
            "id": "css/reset.css",
            "key": "css/reset.css",
            "kms_key_id": null,
            "metadata": {},
            "object_lock_legal_hold_status": "",
            "object_lock_mode": "",
            "object_lock_retain_until_date": "",
            "override_provider": [],
            "server_side_encryption": "AES256",
            "source": "D:/Users/vjain/static-website-terraform/static-website/css/reset.css",
            "source_hash": null,
            "storage_class": "STANDARD",
            "tags": {},
            "tags_all": {},
            "version_id": "null",
            "website_redirect": ""
          },
          "sensitive_attributes": [],
          "private": "bnVsbA==",
          "dependencies": [
            "aws_s3_bucket.vaibhav-jain-online"
          ]
        },
        {
          "index_key": "favicon.ico",
          "schema_version": 0,
          "attributes": {
            "acl": null,
            "arn": "arn:aws:s3:::vaibhav-jain-online/favicon.ico",
            "bucket": "vaibhav-jain-online",
            "bucket_key_enabled": false,
            "cache_control": "",
            "checksum_algorithm": null,
            "checksum_crc32": "",
            "checksum_crc32c": "",
            "checksum_sha1": "",
            "checksum_sha256": "",
            "content": null,
            "content_base64": null,
            "content_disposition": "",
            "content_encoding": "",
            "content_language": "",
            "content_type": "application/octet-stream",
            "etag": "9944c28a115ba4f4eaaa09de61b2eb09",
            "force_destroy": false,
            "id": "favicon.ico",
            "key": "favicon.ico",
            "kms_key_id": null,
            "metadata": {},
            "object_lock_legal_hold_status": "",
            "object_lock_mode": "",
            "object_lock_retain_until_date": "",
            "override_provider": [],
            "server_side_encryption": "AES256",
            "source": "D:/Users/vjain/static-website-terraform/static-website/favicon.ico",
            "source_hash": null,
            "storage_class": "STANDARD",
            "tags": {},
            "tags_all": {},
            "version_id": "null",
            "website_redirect": ""
          },
          "sensitive_attributes": [],
          "private": "bnVsbA==",
          "dependencies": [
            "aws_s3_bucket.vaibhav-jain-online"
          ]
        },
        {
          "index_key": "fonts/Linearicons-Free.eot",
          "schema_version": 0,
          "attributes": {
            "acl": null,
            "arn": "arn:aws:s3:::vaibhav-jain-online/fonts/Linearicons-Free.eot",
            "bucket": "vaibhav-jain-online",
            "bucket_key_enabled": false,
            "cache_control": "",
            "checksum_algorithm": null,
            "checksum_crc32": "",
            "checksum_crc32c": "",
            "checksum_sha1": "",
            "checksum_sha256": "",
            "content": null,
            "content_base64": null,
            "content_disposition": "",
            "content_encoding": "",
            "content_language": "",
            "content_type": "application/octet-stream",
            "etag": "b9b7f23cb61b1f503e1249b63d980448",
            "force_destroy": false,
            "id": "fonts/Linearicons-Free.eot",
            "key": "fonts/Linearicons-Free.eot",
            "kms_key_id": null,
            "metadata": {},
            "object_lock_legal_hold_status": "",
            "object_lock_mode": "",
            "object_lock_retain_until_date": "",
            "override_provider": [],
            "server_side_encryption": "AES256",
            "source": "D:/Users/vjain/static-website-terraform/static-website/fonts/Linearicons-Free.eot",
            "source_hash": null,
            "storage_class": "STANDARD",
            "tags": {},
            "tags_all": {},
            "version_id": "null",
            "website_redirect": ""
          },
          "sensitive_attributes": [],
          "private": "bnVsbA==",
          "dependencies": [
            "aws_s3_bucket.vaibhav-jain-online"
          ]
        },
        {
          "index_key": "fonts/Linearicons-Free.svg",
          "schema_version": 0,
          "attributes": {
            "acl": null,
            "arn": "arn:aws:s3:::vaibhav-jain-online/fonts/Linearicons-Free.svg",
            "bucket": "vaibhav-jain-online",
            "bucket_key_enabled": false,
            "cache_control": "",
            "checksum_algorithm": null,
            "checksum_crc32": "",
            "checksum_crc32c": "",
            "checksum_sha1": "",
            "checksum_sha256": "",
            "content": null,
            "content_base64": null,
            "content_disposition": "",
            "content_encoding": "",
            "content_language": "",
            "content_type": "application/octet-stream",
            "etag": "2781bf543c08d394dc78dec86989e3fd",
            "force_destroy": false,
            "id": "fonts/Linearicons-Free.svg",
            "key": "fonts/Linearicons-Free.svg",
            "kms_key_id": null,
            "metadata": {},
            "object_lock_legal_hold_status": "",
            "object_lock_mode": "",
            "object_lock_retain_until_date": "",
            "override_provider": [],
            "server_side_encryption": "AES256",
            "source": "D:/Users/vjain/static-website-terraform/static-website/fonts/Linearicons-Free.svg",
            "source_hash": null,
            "storage_class": "STANDARD",
            "tags": {},
            "tags_all": {},
            "version_id": "null",
            "website_redirect": ""
          },
          "sensitive_attributes": [],
          "private": "bnVsbA==",
          "dependencies": [
            "aws_s3_bucket.vaibhav-jain-online"
          ]
        },
        {
          "index_key": "fonts/Linearicons-Free.ttf",
          "schema_version": 0,
          "attributes": {
            "acl": null,
            "arn": "arn:aws:s3:::vaibhav-jain-online/fonts/Linearicons-Free.ttf",
            "bucket": "vaibhav-jain-online",
            "bucket_key_enabled": false,
            "cache_control": "",
            "checksum_algorithm": null,
            "checksum_crc32": "",
            "checksum_crc32c": "",
            "checksum_sha1": "",
            "checksum_sha256": "",
            "content": null,
            "content_base64": null,
            "content_disposition": "",
            "content_encoding": "",
            "content_language": "",
            "content_type": "application/octet-stream",
            "etag": "2f3e9f80fff7d699dd3de6904d7d1647",
            "force_destroy": false,
            "id": "fonts/Linearicons-Free.ttf",
            "key": "fonts/Linearicons-Free.ttf",
            "kms_key_id": null,
            "metadata": {},
            "object_lock_legal_hold_status": "",
            "object_lock_mode": "",
            "object_lock_retain_until_date": "",
            "override_provider": [],
            "server_side_encryption": "AES256",
            "source": "D:/Users/vjain/static-website-terraform/static-website/fonts/Linearicons-Free.ttf",
            "source_hash": null,
            "storage_class": "STANDARD",
            "tags": {},
            "tags_all": {},
            "version_id": "null",
            "website_redirect": ""
          },
          "sensitive_attributes": [],
          "private": "bnVsbA==",
          "dependencies": [
            "aws_s3_bucket.vaibhav-jain-online"
          ]
        },
        {
          "index_key": "fonts/Linearicons-Free.woff",
          "schema_version": 0,
          "attributes": {
            "acl": null,
            "arn": "arn:aws:s3:::vaibhav-jain-online/fonts/Linearicons-Free.woff",
            "bucket": "vaibhav-jain-online",
            "bucket_key_enabled": false,
            "cache_control": "",
            "checksum_algorithm": null,
            "checksum_crc32": "",
            "checksum_crc32c": "",
            "checksum_sha1": "",
            "checksum_sha256": "",
            "content": null,
            "content_base64": null,
            "content_disposition": "",
            "content_encoding": "",
            "content_language": "",
            "content_type": "application/octet-stream",
            "etag": "65060723fe964f85afa0a82d0bb78cf9",
            "force_destroy": false,
            "id": "fonts/Linearicons-Free.woff",
            "key": "fonts/Linearicons-Free.woff",
            "kms_key_id": null,
            "metadata": {},
            "object_lock_legal_hold_status": "",
            "object_lock_mode": "",
            "object_lock_retain_until_date": "",
            "override_provider": [],
            "server_side_encryption": "AES256",
            "source": "D:/Users/vjain/static-website-terraform/static-website/fonts/Linearicons-Free.woff",
            "source_hash": null,
            "storage_class": "STANDARD",
            "tags": {},
            "tags_all": {},
            "version_id": "null",
            "website_redirect": ""
          },
          "sensitive_attributes": [],
          "private": "bnVsbA==",
          "dependencies": [
            "aws_s3_bucket.vaibhav-jain-online"
          ]
        },
        {
          "index_key": "fonts/Linearicons-Free.woff2",
          "schema_version": 0,
          "attributes": {
            "acl": null,
            "arn": "arn:aws:s3:::vaibhav-jain-online/fonts/Linearicons-Free.woff2",
            "bucket": "vaibhav-jain-online",
            "bucket_key_enabled": false,
            "cache_control": "",
            "checksum_algorithm": null,
            "checksum_crc32": "",
            "checksum_crc32c": "",
            "checksum_sha1": "",
            "checksum_sha256": "",
            "content": null,
            "content_base64": null,
            "content_disposition": "",
            "content_encoding": "",
            "content_language": "",
            "content_type": "application/octet-stream",
            "etag": "03e91f122aa5fd425abbe23c85546eb0",
            "force_destroy": false,
            "id": "fonts/Linearicons-Free.woff2",
            "key": "fonts/Linearicons-Free.woff2",
            "kms_key_id": null,
            "metadata": {},
            "object_lock_legal_hold_status": "",
            "object_lock_mode": "",
            "object_lock_retain_until_date": "",
            "override_provider": [],
            "server_side_encryption": "AES256",
            "source": "D:/Users/vjain/static-website-terraform/static-website/fonts/Linearicons-Free.woff2",
            "source_hash": null,
            "storage_class": "STANDARD",
            "tags": {},
            "tags_all": {},
            "version_id": "null",
            "website_redirect": ""
          },
          "sensitive_attributes": [],
          "private": "bnVsbA==",
          "dependencies": [
            "aws_s3_bucket.vaibhav-jain-online"
          ]
        },
        {
          "index_key": "fonts/Pe-icon-7-stroke.eot",
          "schema_version": 0,
          "attributes": {
            "acl": null,
            "arn": "arn:aws:s3:::vaibhav-jain-online/fonts/Pe-icon-7-stroke.eot",
            "bucket": "vaibhav-jain-online",
            "bucket_key_enabled": false,
            "cache_control": "",
            "checksum_algorithm": null,
            "checksum_crc32": "",
            "checksum_crc32c": "",
            "checksum_sha1": "",
            "checksum_sha256": "",
            "content": null,
            "content_base64": null,
            "content_disposition": "",
            "content_encoding": "",
            "content_language": "",
            "content_type": "application/octet-stream",
            "etag": "71394c0c7ad6c1e7d5c77e8ac292fba5",
            "force_destroy": false,
            "id": "fonts/Pe-icon-7-stroke.eot",
            "key": "fonts/Pe-icon-7-stroke.eot",
            "kms_key_id": null,
            "metadata": {},
            "object_lock_legal_hold_status": "",
            "object_lock_mode": "",
            "object_lock_retain_until_date": "",
            "override_provider": [],
            "server_side_encryption": "AES256",
            "source": "D:/Users/vjain/static-website-terraform/static-website/fonts/Pe-icon-7-stroke.eot",
            "source_hash": null,
            "storage_class": "STANDARD",
            "tags": {},
            "tags_all": {},
            "version_id": "null",
            "website_redirect": ""
          },
          "sensitive_attributes": [],
          "private": "bnVsbA==",
          "dependencies": [
            "aws_s3_bucket.vaibhav-jain-online"
          ]
        },
        {
          "index_key": "fonts/Pe-icon-7-stroke.svg",
          "schema_version": 0,
          "attributes": {
            "acl": null,
            "arn": "arn:aws:s3:::vaibhav-jain-online/fonts/Pe-icon-7-stroke.svg",
            "bucket": "vaibhav-jain-online",
            "bucket_key_enabled": false,
            "cache_control": "",
            "checksum_algorithm": null,
            "checksum_crc32": "",
            "checksum_crc32c": "",
            "checksum_sha1": "",
            "checksum_sha256": "",
            "content": null,
            "content_base64": null,
            "content_disposition": "",
            "content_encoding": "",
            "content_language": "",
            "content_type": "application/octet-stream",
            "etag": "c45f7de008ab976a8e817e3c0e5095ca",
            "force_destroy": false,
            "id": "fonts/Pe-icon-7-stroke.svg",
            "key": "fonts/Pe-icon-7-stroke.svg",
            "kms_key_id": null,
            "metadata": {},
            "object_lock_legal_hold_status": "",
            "object_lock_mode": "",
            "object_lock_retain_until_date": "",
            "override_provider": [],
            "server_side_encryption": "AES256",
            "source": "D:/Users/vjain/static-website-terraform/static-website/fonts/Pe-icon-7-stroke.svg",
            "source_hash": null,
            "storage_class": "STANDARD",
            "tags": {},
            "tags_all": {},
            "version_id": "null",
            "website_redirect": ""
          },
          "sensitive_attributes": [],
          "private": "bnVsbA==",
          "dependencies": [
            "aws_s3_bucket.vaibhav-jain-online"
          ]
        },
        {
          "index_key": "fonts/Pe-icon-7-stroke.ttf",
          "schema_version": 0,
          "attributes": {
            "acl": null,
            "arn": "arn:aws:s3:::vaibhav-jain-online/fonts/Pe-icon-7-stroke.ttf",
            "bucket": "vaibhav-jain-online",
            "bucket_key_enabled": false,
            "cache_control": "",
            "checksum_algorithm": null,
            "checksum_crc32": "",
            "checksum_crc32c": "",
            "checksum_sha1": "",
            "checksum_sha256": "",
            "content": null,
            "content_base64": null,
            "content_disposition": "",
            "content_encoding": "",
            "content_language": "",
            "content_type": "application/octet-stream",
            "etag": "01798bc13e33afc36a52f2826638d386",
            "force_destroy": false,
            "id": "fonts/Pe-icon-7-stroke.ttf",
            "key": "fonts/Pe-icon-7-stroke.ttf",
            "kms_key_id": null,
            "metadata": {},
            "object_lock_legal_hold_status": "",
            "object_lock_mode": "",
            "object_lock_retain_until_date": "",
            "override_provider": [],
            "server_side_encryption": "AES256",
            "source": "D:/Users/vjain/static-website-terraform/static-website/fonts/Pe-icon-7-stroke.ttf",
            "source_hash": null,
            "storage_class": "STANDARD",
            "tags": {},
            "tags_all": {},
            "version_id": "null",
            "website_redirect": ""
          },
          "sensitive_attributes": [],
          "private": "bnVsbA==",
          "dependencies": [
            "aws_s3_bucket.vaibhav-jain-online"
          ]
        },
        {
          "index_key": "fonts/Pe-icon-7-stroke.woff",
          "schema_version": 0,
          "attributes": {
            "acl": null,
            "arn": "arn:aws:s3:::vaibhav-jain-online/fonts/Pe-icon-7-stroke.woff",
            "bucket": "vaibhav-jain-online",
            "bucket_key_enabled": false,
            "cache_control": "",
            "checksum_algorithm": null,
            "checksum_crc32": "",
            "checksum_crc32c": "",
            "checksum_sha1": "",
            "checksum_sha256": "",
            "content": null,
            "content_base64": null,
            "content_disposition": "",
            "content_encoding": "",
            "content_language": "",
            "content_type": "application/octet-stream",
            "etag": "b38ef310874bdd008ac14ef3db939032",
            "force_destroy": false,
            "id": "fonts/Pe-icon-7-stroke.woff",
            "key": "fonts/Pe-icon-7-stroke.woff",
            "kms_key_id": null,
            "metadata": {},
            "object_lock_legal_hold_status": "",
            "object_lock_mode": "",
            "object_lock_retain_until_date": "",
            "override_provider": [],
            "server_side_encryption": "AES256",
            "source": "D:/Users/vjain/static-website-terraform/static-website/fonts/Pe-icon-7-stroke.woff",
            "source_hash": null,
            "storage_class": "STANDARD",
            "tags": {},
            "tags_all": {},
            "version_id": "null",
            "website_redirect": ""
          },
          "sensitive_attributes": [],
          "private": "bnVsbA==",
          "dependencies": [
            "aws_s3_bucket.vaibhav-jain-online"
          ]
        },
        {
          "index_key": "fonts/fontawesome-free/LICENSE.txt",
          "schema_version": 0,
          "attributes": {
            "acl": null,
            "arn": "arn:aws:s3:::vaibhav-jain-online/fonts/fontawesome-free/LICENSE.txt",
            "bucket": "vaibhav-jain-online",
            "bucket_key_enabled": false,
            "cache_control": "",
            "checksum_algorithm": null,
            "checksum_crc32": "",
            "checksum_crc32c": "",
            "checksum_sha1": "",
            "checksum_sha256": "",
            "content": null,
            "content_base64": null,
            "content_disposition": "",
            "content_encoding": "",
            "content_language": "",
            "content_type": "application/octet-stream",
            "etag": "a26077e534d7a5b2bbf9c0fa32aad750",
            "force_destroy": false,
            "id": "fonts/fontawesome-free/LICENSE.txt",
            "key": "fonts/fontawesome-free/LICENSE.txt",
            "kms_key_id": null,
            "metadata": {},
            "object_lock_legal_hold_status": "",
            "object_lock_mode": "",
            "object_lock_retain_until_date": "",
            "override_provider": [],
            "server_side_encryption": "AES256",
            "source": "D:/Users/vjain/static-website-terraform/static-website/fonts/fontawesome-free/LICENSE.txt",
            "source_hash": null,
            "storage_class": "STANDARD",
            "tags": {},
            "tags_all": {},
            "version_id": "null",
            "website_redirect": ""
          },
          "sensitive_attributes": [],
          "private": "bnVsbA==",
          "dependencies": [
            "aws_s3_bucket.vaibhav-jain-online"
          ]
        },
        {
          "index_key": "fonts/fontawesome-free/css/all.css",
          "schema_version": 0,
          "attributes": {
            "acl": null,
            "arn": "arn:aws:s3:::vaibhav-jain-online/fonts/fontawesome-free/css/all.css",
            "bucket": "vaibhav-jain-online",
            "bucket_key_enabled": false,
            "cache_control": "",
            "checksum_algorithm": null,
            "checksum_crc32": "",
            "checksum_crc32c": "",
            "checksum_sha1": "",
            "checksum_sha256": "",
            "content": null,
            "content_base64": null,
            "content_disposition": "",
            "content_encoding": "",
            "content_language": "",
            "content_type": "text/css",
            "etag": "a207426366c2b281571ec581ca8acc62",
            "force_destroy": false,
            "id": "fonts/fontawesome-free/css/all.css",
            "key": "fonts/fontawesome-free/css/all.css",
            "kms_key_id": null,
            "metadata": {},
            "object_lock_legal_hold_status": "",
            "object_lock_mode": "",
            "object_lock_retain_until_date": "",
            "override_provider": [],
            "server_side_encryption": "AES256",
            "source": "D:/Users/vjain/static-website-terraform/static-website/fonts/fontawesome-free/css/all.css",
            "source_hash": null,
            "storage_class": "STANDARD",
            "tags": {},
            "tags_all": {},
            "version_id": "null",
            "website_redirect": ""
          },
          "sensitive_attributes": [],
          "private": "bnVsbA==",
          "dependencies": [
            "aws_s3_bucket.vaibhav-jain-online"
          ]
        },
        {
          "index_key": "fonts/fontawesome-free/css/all.min.css",
          "schema_version": 0,
          "attributes": {
            "acl": null,
            "arn": "arn:aws:s3:::vaibhav-jain-online/fonts/fontawesome-free/css/all.min.css",
            "bucket": "vaibhav-jain-online",
            "bucket_key_enabled": false,
            "cache_control": "",
            "checksum_algorithm": null,
            "checksum_crc32": "",
            "checksum_crc32c": "",
            "checksum_sha1": "",
            "checksum_sha256": "",
            "content": null,
            "content_base64": null,
            "content_disposition": "",
            "content_encoding": "",
            "content_language": "",
            "content_type": "text/css",
            "etag": "10519cfd3206802f58315b877a9beab5",
            "force_destroy": false,
            "id": "fonts/fontawesome-free/css/all.min.css",
            "key": "fonts/fontawesome-free/css/all.min.css",
            "kms_key_id": null,
            "metadata": {},
            "object_lock_legal_hold_status": "",
            "object_lock_mode": "",
            "object_lock_retain_until_date": "",
            "override_provider": [],
            "server_side_encryption": "AES256",
            "source": "D:/Users/vjain/static-website-terraform/static-website/fonts/fontawesome-free/css/all.min.css",
            "source_hash": null,
            "storage_class": "STANDARD",
            "tags": {},
            "tags_all": {},
            "version_id": "null",
            "website_redirect": ""
          },
          "sensitive_attributes": [],
          "private": "bnVsbA==",
          "dependencies": [
            "aws_s3_bucket.vaibhav-jain-online"
          ]
        },
        {
          "index_key": "fonts/fontawesome-free/css/brands.css",
          "schema_version": 0,
          "attributes": {
            "acl": null,
            "arn": "arn:aws:s3:::vaibhav-jain-online/fonts/fontawesome-free/css/brands.css",
            "bucket": "vaibhav-jain-online",
            "bucket_key_enabled": false,
            "cache_control": "",
            "checksum_algorithm": null,
            "checksum_crc32": "",
            "checksum_crc32c": "",
            "checksum_sha1": "",
            "checksum_sha256": "",
            "content": null,
            "content_base64": null,
            "content_disposition": "",
            "content_encoding": "",
            "content_language": "",
            "content_type": "text/css",
            "etag": "50ae18beebd796d9b9082b9209918456",
            "force_destroy": false,
            "id": "fonts/fontawesome-free/css/brands.css",
            "key": "fonts/fontawesome-free/css/brands.css",
            "kms_key_id": null,
            "metadata": {},
            "object_lock_legal_hold_status": "",
            "object_lock_mode": "",
            "object_lock_retain_until_date": "",
            "override_provider": [],
            "server_side_encryption": "AES256",
            "source": "D:/Users/vjain/static-website-terraform/static-website/fonts/fontawesome-free/css/brands.css",
            "source_hash": null,
            "storage_class": "STANDARD",
            "tags": {},
            "tags_all": {},
            "version_id": "null",
            "website_redirect": ""
          },
          "sensitive_attributes": [],
          "private": "bnVsbA==",
          "dependencies": [
            "aws_s3_bucket.vaibhav-jain-online"
          ]
        },
        {
          "index_key": "fonts/fontawesome-free/css/brands.min.css",
          "schema_version": 0,
          "attributes": {
            "acl": null,
            "arn": "arn:aws:s3:::vaibhav-jain-online/fonts/fontawesome-free/css/brands.min.css",
            "bucket": "vaibhav-jain-online",
            "bucket_key_enabled": false,
            "cache_control": "",
            "checksum_algorithm": null,
            "checksum_crc32": "",
            "checksum_crc32c": "",
            "checksum_sha1": "",
            "checksum_sha256": "",
            "content": null,
            "content_base64": null,
            "content_disposition": "",
            "content_encoding": "",
            "content_language": "",
            "content_type": "text/css",
            "etag": "38762c06ee069170da13ffb98351ef29",
            "force_destroy": false,
            "id": "fonts/fontawesome-free/css/brands.min.css",
            "key": "fonts/fontawesome-free/css/brands.min.css",
            "kms_key_id": null,
            "metadata": {},
            "object_lock_legal_hold_status": "",
            "object_lock_mode": "",
            "object_lock_retain_until_date": "",
            "override_provider": [],
            "server_side_encryption": "AES256",
            "source": "D:/Users/vjain/static-website-terraform/static-website/fonts/fontawesome-free/css/brands.min.css",
            "source_hash": null,
            "storage_class": "STANDARD",
            "tags": {},
            "tags_all": {},
            "version_id": "null",
            "website_redirect": ""
          },
          "sensitive_attributes": [],
          "private": "bnVsbA==",
          "dependencies": [
            "aws_s3_bucket.vaibhav-jain-online"
          ]
        },
        {
          "index_key": "fonts/fontawesome-free/css/fontawesome.css",
          "schema_version": 0,
          "attributes": {
            "acl": null,
            "arn": "arn:aws:s3:::vaibhav-jain-online/fonts/fontawesome-free/css/fontawesome.css",
            "bucket": "vaibhav-jain-online",
            "bucket_key_enabled": false,
            "cache_control": "",
            "checksum_algorithm": null,
            "checksum_crc32": "",
            "checksum_crc32c": "",
            "checksum_sha1": "",
            "checksum_sha256": "",
            "content": null,
            "content_base64": null,
            "content_disposition": "",
            "content_encoding": "",
            "content_language": "",
            "content_type": "text/css",
            "etag": "73cad59eb2860b3c468d5c3449b68dc5",
            "force_destroy": false,
            "id": "fonts/fontawesome-free/css/fontawesome.css",
            "key": "fonts/fontawesome-free/css/fontawesome.css",
            "kms_key_id": null,
            "metadata": {},
            "object_lock_legal_hold_status": "",
            "object_lock_mode": "",
            "object_lock_retain_until_date": "",
            "override_provider": [],
            "server_side_encryption": "AES256",
            "source": "D:/Users/vjain/static-website-terraform/static-website/fonts/fontawesome-free/css/fontawesome.css",
            "source_hash": null,
            "storage_class": "STANDARD",
            "tags": {},
            "tags_all": {},
            "version_id": "null",
            "website_redirect": ""
          },
          "sensitive_attributes": [],
          "private": "bnVsbA==",
          "dependencies": [
            "aws_s3_bucket.vaibhav-jain-online"
          ]
        },
        {
          "index_key": "fonts/fontawesome-free/css/fontawesome.min.css",
          "schema_version": 0,
          "attributes": {
            "acl": null,
            "arn": "arn:aws:s3:::vaibhav-jain-online/fonts/fontawesome-free/css/fontawesome.min.css",
            "bucket": "vaibhav-jain-online",
            "bucket_key_enabled": false,
            "cache_control": "",
            "checksum_algorithm": null,
            "checksum_crc32": "",
            "checksum_crc32c": "",
            "checksum_sha1": "",
            "checksum_sha256": "",
            "content": null,
            "content_base64": null,
            "content_disposition": "",
            "content_encoding": "",
            "content_language": "",
            "content_type": "text/css",
            "etag": "990d1b83f594d7989624157b607e31ff",
            "force_destroy": false,
            "id": "fonts/fontawesome-free/css/fontawesome.min.css",
            "key": "fonts/fontawesome-free/css/fontawesome.min.css",
            "kms_key_id": null,
            "metadata": {},
            "object_lock_legal_hold_status": "",
            "object_lock_mode": "",
            "object_lock_retain_until_date": "",
            "override_provider": [],
            "server_side_encryption": "AES256",
            "source": "D:/Users/vjain/static-website-terraform/static-website/fonts/fontawesome-free/css/fontawesome.min.css",
            "source_hash": null,
            "storage_class": "STANDARD",
            "tags": {},
            "tags_all": {},
            "version_id": "null",
            "website_redirect": ""
          },
          "sensitive_attributes": [],
          "private": "bnVsbA==",
          "dependencies": [
            "aws_s3_bucket.vaibhav-jain-online"
          ]
        },
        {
          "index_key": "fonts/fontawesome-free/css/regular.css",
          "schema_version": 0,
          "attributes": {
            "acl": null,
            "arn": "arn:aws:s3:::vaibhav-jain-online/fonts/fontawesome-free/css/regular.css",
            "bucket": "vaibhav-jain-online",
            "bucket_key_enabled": false,
            "cache_control": "",
            "checksum_algorithm": null,
            "checksum_crc32": "",
            "checksum_crc32c": "",
            "checksum_sha1": "",
            "checksum_sha256": "",
            "content": null,
            "content_base64": null,
            "content_disposition": "",
            "content_encoding": "",
            "content_language": "",
            "content_type": "text/css",
            "etag": "c1dabf43b35754bfcd8cb8e573d97451",
            "force_destroy": false,
            "id": "fonts/fontawesome-free/css/regular.css",
            "key": "fonts/fontawesome-free/css/regular.css",
            "kms_key_id": null,
            "metadata": {},
            "object_lock_legal_hold_status": "",
            "object_lock_mode": "",
            "object_lock_retain_until_date": "",
            "override_provider": [],
            "server_side_encryption": "AES256",
            "source": "D:/Users/vjain/static-website-terraform/static-website/fonts/fontawesome-free/css/regular.css",
            "source_hash": null,
            "storage_class": "STANDARD",
            "tags": {},
            "tags_all": {},
            "version_id": "null",
            "website_redirect": ""
          },
          "sensitive_attributes": [],
          "private": "bnVsbA==",
          "dependencies": [
            "aws_s3_bucket.vaibhav-jain-online"
          ]
        },
        {
          "index_key": "fonts/fontawesome-free/css/regular.min.css",
          "schema_version": 0,
          "attributes": {
            "acl": null,
            "arn": "arn:aws:s3:::vaibhav-jain-online/fonts/fontawesome-free/css/regular.min.css",
            "bucket": "vaibhav-jain-online",
            "bucket_key_enabled": false,
            "cache_control": "",
            "checksum_algorithm": null,
            "checksum_crc32": "",
            "checksum_crc32c": "",
            "checksum_sha1": "",
            "checksum_sha256": "",
            "content": null,
            "content_base64": null,
            "content_disposition": "",
            "content_encoding": "",
            "content_language": "",
            "content_type": "text/css",
            "etag": "0b52012237ecad2b82bbd8aea374b231",
            "force_destroy": false,
            "id": "fonts/fontawesome-free/css/regular.min.css",
            "key": "fonts/fontawesome-free/css/regular.min.css",
            "kms_key_id": null,
            "metadata": {},
            "object_lock_legal_hold_status": "",
            "object_lock_mode": "",
            "object_lock_retain_until_date": "",
            "override_provider": [],
            "server_side_encryption": "AES256",
            "source": "D:/Users/vjain/static-website-terraform/static-website/fonts/fontawesome-free/css/regular.min.css",
            "source_hash": null,
            "storage_class": "STANDARD",
            "tags": {},
            "tags_all": {},
            "version_id": "null",
            "website_redirect": ""
          },
          "sensitive_attributes": [],
          "private": "bnVsbA==",
          "dependencies": [
            "aws_s3_bucket.vaibhav-jain-online"
          ]
        },
        {
          "index_key": "fonts/fontawesome-free/css/solid.css",
          "schema_version": 0,
          "attributes": {
            "acl": null,
            "arn": "arn:aws:s3:::vaibhav-jain-online/fonts/fontawesome-free/css/solid.css",
            "bucket": "vaibhav-jain-online",
            "bucket_key_enabled": false,
            "cache_control": "",
            "checksum_algorithm": null,
            "checksum_crc32": "",
            "checksum_crc32c": "",
            "checksum_sha1": "",
            "checksum_sha256": "",
            "content": null,
            "content_base64": null,
            "content_disposition": "",
            "content_encoding": "",
            "content_language": "",
            "content_type": "text/css",
            "etag": "f3ec1cd710f7f243ba42b55ffea5e6b0",
            "force_destroy": false,
            "id": "fonts/fontawesome-free/css/solid.css",
            "key": "fonts/fontawesome-free/css/solid.css",
            "kms_key_id": null,
            "metadata": {},
            "object_lock_legal_hold_status": "",
            "object_lock_mode": "",
            "object_lock_retain_until_date": "",
            "override_provider": [],
            "server_side_encryption": "AES256",
            "source": "D:/Users/vjain/static-website-terraform/static-website/fonts/fontawesome-free/css/solid.css",
            "source_hash": null,
            "storage_class": "STANDARD",
            "tags": {},
            "tags_all": {},
            "version_id": "null",
            "website_redirect": ""
          },
          "sensitive_attributes": [],
          "private": "bnVsbA==",
          "dependencies": [
            "aws_s3_bucket.vaibhav-jain-online"
          ]
        },
        {
          "index_key": "fonts/fontawesome-free/css/solid.min.css",
          "schema_version": 0,
          "attributes": {
            "acl": null,
            "arn": "arn:aws:s3:::vaibhav-jain-online/fonts/fontawesome-free/css/solid.min.css",
            "bucket": "vaibhav-jain-online",
            "bucket_key_enabled": false,
            "cache_control": "",
            "checksum_algorithm": null,
            "checksum_crc32": "",
            "checksum_crc32c": "",
            "checksum_sha1": "",
            "checksum_sha256": "",
            "content": null,
            "content_base64": null,
            "content_disposition": "",
            "content_encoding": "",
            "content_language": "",
            "content_type": "text/css",
            "etag": "7b33067702cdc57fc1ce64bbcbaae492",
            "force_destroy": false,
            "id": "fonts/fontawesome-free/css/solid.min.css",
            "key": "fonts/fontawesome-free/css/solid.min.css",
            "kms_key_id": null,
            "metadata": {},
            "object_lock_legal_hold_status": "",
            "object_lock_mode": "",
            "object_lock_retain_until_date": "",
            "override_provider": [],
            "server_side_encryption": "AES256",
            "source": "D:/Users/vjain/static-website-terraform/static-website/fonts/fontawesome-free/css/solid.min.css",
            "source_hash": null,
            "storage_class": "STANDARD",
            "tags": {},
            "tags_all": {},
            "version_id": "null",
            "website_redirect": ""
          },
          "sensitive_attributes": [],
          "private": "bnVsbA==",
          "dependencies": [
            "aws_s3_bucket.vaibhav-jain-online"
          ]
        },
        {
          "index_key": "fonts/fontawesome-free/css/svg-with-js.css",
          "schema_version": 0,
          "attributes": {
            "acl": null,
            "arn": "arn:aws:s3:::vaibhav-jain-online/fonts/fontawesome-free/css/svg-with-js.css",
            "bucket": "vaibhav-jain-online",
            "bucket_key_enabled": false,
            "cache_control": "",
            "checksum_algorithm": null,
            "checksum_crc32": "",
            "checksum_crc32c": "",
            "checksum_sha1": "",
            "checksum_sha256": "",
            "content": null,
            "content_base64": null,
            "content_disposition": "",
            "content_encoding": "",
            "content_language": "",
            "content_type": "text/css",
            "etag": "23c782c1fb927e632f74e293fc655968",
            "force_destroy": false,
            "id": "fonts/fontawesome-free/css/svg-with-js.css",
            "key": "fonts/fontawesome-free/css/svg-with-js.css",
            "kms_key_id": null,
            "metadata": {},
            "object_lock_legal_hold_status": "",
            "object_lock_mode": "",
            "object_lock_retain_until_date": "",
            "override_provider": [],
            "server_side_encryption": "AES256",
            "source": "D:/Users/vjain/static-website-terraform/static-website/fonts/fontawesome-free/css/svg-with-js.css",
            "source_hash": null,
            "storage_class": "STANDARD",
            "tags": {},
            "tags_all": {},
            "version_id": "null",
            "website_redirect": ""
          },
          "sensitive_attributes": [],
          "private": "bnVsbA==",
          "dependencies": [
            "aws_s3_bucket.vaibhav-jain-online"
          ]
        },
        {
          "index_key": "fonts/fontawesome-free/css/svg-with-js.min.css",
          "schema_version": 0,
          "attributes": {
            "acl": null,
            "arn": "arn:aws:s3:::vaibhav-jain-online/fonts/fontawesome-free/css/svg-with-js.min.css",
            "bucket": "vaibhav-jain-online",
            "bucket_key_enabled": false,
            "cache_control": "",
            "checksum_algorithm": null,
            "checksum_crc32": "",
            "checksum_crc32c": "",
            "checksum_sha1": "",
            "checksum_sha256": "",
            "content": null,
            "content_base64": null,
            "content_disposition": "",
            "content_encoding": "",
            "content_language": "",
            "content_type": "text/css",
            "etag": "7b88c59c03106d736b4206c6ceafcf06",
            "force_destroy": false,
            "id": "fonts/fontawesome-free/css/svg-with-js.min.css",
            "key": "fonts/fontawesome-free/css/svg-with-js.min.css",
            "kms_key_id": null,
            "metadata": {},
            "object_lock_legal_hold_status": "",
            "object_lock_mode": "",
            "object_lock_retain_until_date": "",
            "override_provider": [],
            "server_side_encryption": "AES256",
            "source": "D:/Users/vjain/static-website-terraform/static-website/fonts/fontawesome-free/css/svg-with-js.min.css",
            "source_hash": null,
            "storage_class": "STANDARD",
            "tags": {},
            "tags_all": {},
            "version_id": "null",
            "website_redirect": ""
          },
          "sensitive_attributes": [],
          "private": "bnVsbA==",
          "dependencies": [
            "aws_s3_bucket.vaibhav-jain-online"
          ]
        },
        {
          "index_key": "fonts/fontawesome-free/css/v4-shims.css",
          "schema_version": 0,
          "attributes": {
            "acl": null,
            "arn": "arn:aws:s3:::vaibhav-jain-online/fonts/fontawesome-free/css/v4-shims.css",
            "bucket": "vaibhav-jain-online",
            "bucket_key_enabled": false,
            "cache_control": "",
            "checksum_algorithm": null,
            "checksum_crc32": "",
            "checksum_crc32c": "",
            "checksum_sha1": "",
            "checksum_sha256": "",
            "content": null,
            "content_base64": null,
            "content_disposition": "",
            "content_encoding": "",
            "content_language": "",
            "content_type": "text/css",
            "etag": "fe0f09381a1440722b64ac99c67e6809",
            "force_destroy": false,
            "id": "fonts/fontawesome-free/css/v4-shims.css",
            "key": "fonts/fontawesome-free/css/v4-shims.css",
            "kms_key_id": null,
            "metadata": {},
            "object_lock_legal_hold_status": "",
            "object_lock_mode": "",
            "object_lock_retain_until_date": "",
            "override_provider": [],
            "server_side_encryption": "AES256",
            "source": "D:/Users/vjain/static-website-terraform/static-website/fonts/fontawesome-free/css/v4-shims.css",
            "source_hash": null,
            "storage_class": "STANDARD",
            "tags": {},
            "tags_all": {},
            "version_id": "null",
            "website_redirect": ""
          },
          "sensitive_attributes": [],
          "private": "bnVsbA==",
          "dependencies": [
            "aws_s3_bucket.vaibhav-jain-online"
          ]
        },
        {
          "index_key": "fonts/fontawesome-free/css/v4-shims.min.css",
          "schema_version": 0,
          "attributes": {
            "acl": null,
            "arn": "arn:aws:s3:::vaibhav-jain-online/fonts/fontawesome-free/css/v4-shims.min.css",
            "bucket": "vaibhav-jain-online",
            "bucket_key_enabled": false,
            "cache_control": "",
            "checksum_algorithm": null,
            "checksum_crc32": "",
            "checksum_crc32c": "",
            "checksum_sha1": "",
            "checksum_sha256": "",
            "content": null,
            "content_base64": null,
            "content_disposition": "",
            "content_encoding": "",
            "content_language": "",
            "content_type": "text/css",
            "etag": "25b2445e0c1838b110583405b3ec0177",
            "force_destroy": false,
            "id": "fonts/fontawesome-free/css/v4-shims.min.css",
            "key": "fonts/fontawesome-free/css/v4-shims.min.css",
            "kms_key_id": null,
            "metadata": {},
            "object_lock_legal_hold_status": "",
            "object_lock_mode": "",
            "object_lock_retain_until_date": "",
            "override_provider": [],
            "server_side_encryption": "AES256",
            "source": "D:/Users/vjain/static-website-terraform/static-website/fonts/fontawesome-free/css/v4-shims.min.css",
            "source_hash": null,
            "storage_class": "STANDARD",
            "tags": {},
            "tags_all": {},
            "version_id": "null",
            "website_redirect": ""
          },
          "sensitive_attributes": [],
          "private": "bnVsbA==",
          "dependencies": [
            "aws_s3_bucket.vaibhav-jain-online"
          ]
        },
        {
          "index_key": "fonts/fontawesome-free/webfonts/fa-brands-400.eot",
          "schema_version": 0,
          "attributes": {
            "acl": null,
            "arn": "arn:aws:s3:::vaibhav-jain-online/fonts/fontawesome-free/webfonts/fa-brands-400.eot",
            "bucket": "vaibhav-jain-online",
            "bucket_key_enabled": false,
            "cache_control": "",
            "checksum_algorithm": null,
            "checksum_crc32": "",
            "checksum_crc32c": "",
            "checksum_sha1": "",
            "checksum_sha256": "",
            "content": null,
            "content_base64": null,
            "content_disposition": "",
            "content_encoding": "",
            "content_language": "",
            "content_type": "application/octet-stream",
            "etag": "9b6c8da3c489424e2b3e9c9fb6314b37",
            "force_destroy": false,
            "id": "fonts/fontawesome-free/webfonts/fa-brands-400.eot",
            "key": "fonts/fontawesome-free/webfonts/fa-brands-400.eot",
            "kms_key_id": null,
            "metadata": {},
            "object_lock_legal_hold_status": "",
            "object_lock_mode": "",
            "object_lock_retain_until_date": "",
            "override_provider": [],
            "server_side_encryption": "AES256",
            "source": "D:/Users/vjain/static-website-terraform/static-website/fonts/fontawesome-free/webfonts/fa-brands-400.eot",
            "source_hash": null,
            "storage_class": "STANDARD",
            "tags": {},
            "tags_all": {},
            "version_id": "null",
            "website_redirect": ""
          },
          "sensitive_attributes": [],
          "private": "bnVsbA==",
          "dependencies": [
            "aws_s3_bucket.vaibhav-jain-online"
          ]
        },
        {
          "index_key": "fonts/fontawesome-free/webfonts/fa-brands-400.svg",
          "schema_version": 0,
          "attributes": {
            "acl": null,
            "arn": "arn:aws:s3:::vaibhav-jain-online/fonts/fontawesome-free/webfonts/fa-brands-400.svg",
            "bucket": "vaibhav-jain-online",
            "bucket_key_enabled": false,
            "cache_control": "",
            "checksum_algorithm": null,
            "checksum_crc32": "",
            "checksum_crc32c": "",
            "checksum_sha1": "",
            "checksum_sha256": "",
            "content": null,
            "content_base64": null,
            "content_disposition": "",
            "content_encoding": "",
            "content_language": "",
            "content_type": "application/octet-stream",
            "etag": "b5472631dbace30d549357ec325b9c62",
            "force_destroy": false,
            "id": "fonts/fontawesome-free/webfonts/fa-brands-400.svg",
            "key": "fonts/fontawesome-free/webfonts/fa-brands-400.svg",
            "kms_key_id": null,
            "metadata": {},
            "object_lock_legal_hold_status": "",
            "object_lock_mode": "",
            "object_lock_retain_until_date": "",
            "override_provider": [],
            "server_side_encryption": "AES256",
            "source": "D:/Users/vjain/static-website-terraform/static-website/fonts/fontawesome-free/webfonts/fa-brands-400.svg",
            "source_hash": null,
            "storage_class": "STANDARD",
            "tags": {},
            "tags_all": {},
            "version_id": "null",
            "website_redirect": ""
          },
          "sensitive_attributes": [],
          "private": "bnVsbA==",
          "dependencies": [
            "aws_s3_bucket.vaibhav-jain-online"
          ]
        },
        {
          "index_key": "fonts/fontawesome-free/webfonts/fa-brands-400.ttf",
          "schema_version": 0,
          "attributes": {
            "acl": null,
            "arn": "arn:aws:s3:::vaibhav-jain-online/fonts/fontawesome-free/webfonts/fa-brands-400.ttf",
            "bucket": "vaibhav-jain-online",
            "bucket_key_enabled": false,
            "cache_control": "",
            "checksum_algorithm": null,
            "checksum_crc32": "",
            "checksum_crc32c": "",
            "checksum_sha1": "",
            "checksum_sha256": "",
            "content": null,
            "content_base64": null,
            "content_disposition": "",
            "content_encoding": "",
            "content_language": "",
            "content_type": "application/octet-stream",
            "etag": "947b9537bc0fecc8130d48eb753495a1",
            "force_destroy": false,
            "id": "fonts/fontawesome-free/webfonts/fa-brands-400.ttf",
            "key": "fonts/fontawesome-free/webfonts/fa-brands-400.ttf",
            "kms_key_id": null,
            "metadata": {},
            "object_lock_legal_hold_status": "",
            "object_lock_mode": "",
            "object_lock_retain_until_date": "",
            "override_provider": [],
            "server_side_encryption": "AES256",
            "source": "D:/Users/vjain/static-website-terraform/static-website/fonts/fontawesome-free/webfonts/fa-brands-400.ttf",
            "source_hash": null,
            "storage_class": "STANDARD",
            "tags": {},
            "tags_all": {},
            "version_id": "null",
            "website_redirect": ""
          },
          "sensitive_attributes": [],
          "private": "bnVsbA==",
          "dependencies": [
            "aws_s3_bucket.vaibhav-jain-online"
          ]
        },
        {
          "index_key": "fonts/fontawesome-free/webfonts/fa-brands-400.woff",
          "schema_version": 0,
          "attributes": {
            "acl": null,
            "arn": "arn:aws:s3:::vaibhav-jain-online/fonts/fontawesome-free/webfonts/fa-brands-400.woff",
            "bucket": "vaibhav-jain-online",
            "bucket_key_enabled": false,
            "cache_control": "",
            "checksum_algorithm": null,
            "checksum_crc32": "",
            "checksum_crc32c": "",
            "checksum_sha1": "",
            "checksum_sha256": "",
            "content": null,
            "content_base64": null,
            "content_disposition": "",
            "content_encoding": "",
            "content_language": "",
            "content_type": "application/octet-stream",
            "etag": "7b464e274bc331f9a765d765359635a5",
            "force_destroy": false,
            "id": "fonts/fontawesome-free/webfonts/fa-brands-400.woff",
            "key": "fonts/fontawesome-free/webfonts/fa-brands-400.woff",
            "kms_key_id": null,
            "metadata": {},
            "object_lock_legal_hold_status": "",
            "object_lock_mode": "",
            "object_lock_retain_until_date": "",
            "override_provider": [],
            "server_side_encryption": "AES256",
            "source": "D:/Users/vjain/static-website-terraform/static-website/fonts/fontawesome-free/webfonts/fa-brands-400.woff",
            "source_hash": null,
            "storage_class": "STANDARD",
            "tags": {},
            "tags_all": {},
            "version_id": "null",
            "website_redirect": ""
          },
          "sensitive_attributes": [],
          "private": "bnVsbA==",
          "dependencies": [
            "aws_s3_bucket.vaibhav-jain-online"
          ]
        },
        {
          "index_key": "fonts/fontawesome-free/webfonts/fa-brands-400.woff2",
          "schema_version": 0,
          "attributes": {
            "acl": null,
            "arn": "arn:aws:s3:::vaibhav-jain-online/fonts/fontawesome-free/webfonts/fa-brands-400.woff2",
            "bucket": "vaibhav-jain-online",
            "bucket_key_enabled": false,
            "cache_control": "",
            "checksum_algorithm": null,
            "checksum_crc32": "",
            "checksum_crc32c": "",
            "checksum_sha1": "",
            "checksum_sha256": "",
            "content": null,
            "content_base64": null,
            "content_disposition": "",
            "content_encoding": "",
            "content_language": "",
            "content_type": "application/octet-stream",
            "etag": "48461ea4e797c9774dabb4a0440d2f56",
            "force_destroy": false,
            "id": "fonts/fontawesome-free/webfonts/fa-brands-400.woff2",
            "key": "fonts/fontawesome-free/webfonts/fa-brands-400.woff2",
            "kms_key_id": null,
            "metadata": {},
            "object_lock_legal_hold_status": "",
            "object_lock_mode": "",
            "object_lock_retain_until_date": "",
            "override_provider": [],
            "server_side_encryption": "AES256",
            "source": "D:/Users/vjain/static-website-terraform/static-website/fonts/fontawesome-free/webfonts/fa-brands-400.woff2",
            "source_hash": null,
            "storage_class": "STANDARD",
            "tags": {},
            "tags_all": {},
            "version_id": "null",
            "website_redirect": ""
          },
          "sensitive_attributes": [],
          "private": "bnVsbA==",
          "dependencies": [
            "aws_s3_bucket.vaibhav-jain-online"
          ]
        },
        {
          "index_key": "fonts/fontawesome-free/webfonts/fa-regular-400.eot",
          "schema_version": 0,
          "attributes": {
            "acl": null,
            "arn": "arn:aws:s3:::vaibhav-jain-online/fonts/fontawesome-free/webfonts/fa-regular-400.eot",
            "bucket": "vaibhav-jain-online",
            "bucket_key_enabled": false,
            "cache_control": "",
            "checksum_algorithm": null,
            "checksum_crc32": "",
            "checksum_crc32c": "",
            "checksum_sha1": "",
            "checksum_sha256": "",
            "content": null,
            "content_base64": null,
            "content_disposition": "",
            "content_encoding": "",
            "content_language": "",
            "content_type": "application/octet-stream",
            "etag": "7422060ca379ee9939d3b687d072acad",
            "force_destroy": false,
            "id": "fonts/fontawesome-free/webfonts/fa-regular-400.eot",
            "key": "fonts/fontawesome-free/webfonts/fa-regular-400.eot",
            "kms_key_id": null,
            "metadata": {},
            "object_lock_legal_hold_status": "",
            "object_lock_mode": "",
            "object_lock_retain_until_date": "",
            "override_provider": [],
            "server_side_encryption": "AES256",
            "source": "D:/Users/vjain/static-website-terraform/static-website/fonts/fontawesome-free/webfonts/fa-regular-400.eot",
            "source_hash": null,
            "storage_class": "STANDARD",
            "tags": {},
            "tags_all": {},
            "version_id": "null",
            "website_redirect": ""
          },
          "sensitive_attributes": [],
          "private": "bnVsbA==",
          "dependencies": [
            "aws_s3_bucket.vaibhav-jain-online"
          ]
        },
        {
          "index_key": "fonts/fontawesome-free/webfonts/fa-regular-400.svg",
          "schema_version": 0,
          "attributes": {
            "acl": null,
            "arn": "arn:aws:s3:::vaibhav-jain-online/fonts/fontawesome-free/webfonts/fa-regular-400.svg",
            "bucket": "vaibhav-jain-online",
            "bucket_key_enabled": false,
            "cache_control": "",
            "checksum_algorithm": null,
            "checksum_crc32": "",
            "checksum_crc32c": "",
            "checksum_sha1": "",
            "checksum_sha256": "",
            "content": null,
            "content_base64": null,
            "content_disposition": "",
            "content_encoding": "",
            "content_language": "",
            "content_type": "application/octet-stream",
            "etag": "b5a61b229c9c92a6ac21f5b0e3c6e9f1",
            "force_destroy": false,
            "id": "fonts/fontawesome-free/webfonts/fa-regular-400.svg",
            "key": "fonts/fontawesome-free/webfonts/fa-regular-400.svg",
            "kms_key_id": null,
            "metadata": {},
            "object_lock_legal_hold_status": "",
            "object_lock_mode": "",
            "object_lock_retain_until_date": "",
            "override_provider": [],
            "server_side_encryption": "AES256",
            "source": "D:/Users/vjain/static-website-terraform/static-website/fonts/fontawesome-free/webfonts/fa-regular-400.svg",
            "source_hash": null,
            "storage_class": "STANDARD",
            "tags": {},
            "tags_all": {},
            "version_id": "null",
            "website_redirect": ""
          },
          "sensitive_attributes": [],
          "private": "bnVsbA==",
          "dependencies": [
            "aws_s3_bucket.vaibhav-jain-online"
          ]
        },
        {
          "index_key": "fonts/fontawesome-free/webfonts/fa-regular-400.ttf",
          "schema_version": 0,
          "attributes": {
            "acl": null,
            "arn": "arn:aws:s3:::vaibhav-jain-online/fonts/fontawesome-free/webfonts/fa-regular-400.ttf",
            "bucket": "vaibhav-jain-online",
            "bucket_key_enabled": false,
            "cache_control": "",
            "checksum_algorithm": null,
            "checksum_crc32": "",
            "checksum_crc32c": "",
            "checksum_sha1": "",
            "checksum_sha256": "",
            "content": null,
            "content_base64": null,
            "content_disposition": "",
            "content_encoding": "",
            "content_language": "",
            "content_type": "application/octet-stream",
            "etag": "73fe7f1effbf382f499831a0a9f18626",
            "force_destroy": false,
            "id": "fonts/fontawesome-free/webfonts/fa-regular-400.ttf",
            "key": "fonts/fontawesome-free/webfonts/fa-regular-400.ttf",
            "kms_key_id": null,
            "metadata": {},
            "object_lock_legal_hold_status": "",
            "object_lock_mode": "",
            "object_lock_retain_until_date": "",
            "override_provider": [],
            "server_side_encryption": "AES256",
            "source": "D:/Users/vjain/static-website-terraform/static-website/fonts/fontawesome-free/webfonts/fa-regular-400.ttf",
            "source_hash": null,
            "storage_class": "STANDARD",
            "tags": {},
            "tags_all": {},
            "version_id": "null",
            "website_redirect": ""
          },
          "sensitive_attributes": [],
          "private": "bnVsbA==",
          "dependencies": [
            "aws_s3_bucket.vaibhav-jain-online"
          ]
        },
        {
          "index_key": "fonts/fontawesome-free/webfonts/fa-regular-400.woff",
          "schema_version": 0,
          "attributes": {
            "acl": null,
            "arn": "arn:aws:s3:::vaibhav-jain-online/fonts/fontawesome-free/webfonts/fa-regular-400.woff",
            "bucket": "vaibhav-jain-online",
            "bucket_key_enabled": false,
            "cache_control": "",
            "checksum_algorithm": null,
            "checksum_crc32": "",
            "checksum_crc32c": "",
            "checksum_sha1": "",
            "checksum_sha256": "",
            "content": null,
            "content_base64": null,
            "content_disposition": "",
            "content_encoding": "",
            "content_language": "",
            "content_type": "application/octet-stream",
            "etag": "381af09a1366b6c2ae65eac5dd6f0588",
            "force_destroy": false,
            "id": "fonts/fontawesome-free/webfonts/fa-regular-400.woff",
            "key": "fonts/fontawesome-free/webfonts/fa-regular-400.woff",
            "kms_key_id": null,
            "metadata": {},
            "object_lock_legal_hold_status": "",
            "object_lock_mode": "",
            "object_lock_retain_until_date": "",
            "override_provider": [],
            "server_side_encryption": "AES256",
            "source": "D:/Users/vjain/static-website-terraform/static-website/fonts/fontawesome-free/webfonts/fa-regular-400.woff",
            "source_hash": null,
            "storage_class": "STANDARD",
            "tags": {},
            "tags_all": {},
            "version_id": "null",
            "website_redirect": ""
          },
          "sensitive_attributes": [],
          "private": "bnVsbA==",
          "dependencies": [
            "aws_s3_bucket.vaibhav-jain-online"
          ]
        },
        {
          "index_key": "fonts/fontawesome-free/webfonts/fa-regular-400.woff2",
          "schema_version": 0,
          "attributes": {
            "acl": null,
            "arn": "arn:aws:s3:::vaibhav-jain-online/fonts/fontawesome-free/webfonts/fa-regular-400.woff2",
            "bucket": "vaibhav-jain-online",
            "bucket_key_enabled": false,
            "cache_control": "",
            "checksum_algorithm": null,
            "checksum_crc32": "",
            "checksum_crc32c": "",
            "checksum_sha1": "",
            "checksum_sha256": "",
            "content": null,
            "content_base64": null,
            "content_disposition": "",
            "content_encoding": "",
            "content_language": "",
            "content_type": "application/octet-stream",
            "etag": "949a2b066ec37f5a384712fc7beaf2f1",
            "force_destroy": false,
            "id": "fonts/fontawesome-free/webfonts/fa-regular-400.woff2",
            "key": "fonts/fontawesome-free/webfonts/fa-regular-400.woff2",
            "kms_key_id": null,
            "metadata": {},
            "object_lock_legal_hold_status": "",
            "object_lock_mode": "",
            "object_lock_retain_until_date": "",
            "override_provider": [],
            "server_side_encryption": "AES256",
            "source": "D:/Users/vjain/static-website-terraform/static-website/fonts/fontawesome-free/webfonts/fa-regular-400.woff2",
            "source_hash": null,
            "storage_class": "STANDARD",
            "tags": {},
            "tags_all": {},
            "version_id": "null",
            "website_redirect": ""
          },
          "sensitive_attributes": [],
          "private": "bnVsbA==",
          "dependencies": [
            "aws_s3_bucket.vaibhav-jain-online"
          ]
        },
        {
          "index_key": "fonts/fontawesome-free/webfonts/fa-solid-900.eot",
          "schema_version": 0,
          "attributes": {
            "acl": null,
            "arn": "arn:aws:s3:::vaibhav-jain-online/fonts/fontawesome-free/webfonts/fa-solid-900.eot",
            "bucket": "vaibhav-jain-online",
            "bucket_key_enabled": false,
            "cache_control": "",
            "checksum_algorithm": null,
            "checksum_crc32": "",
            "checksum_crc32c": "",
            "checksum_sha1": "",
            "checksum_sha256": "",
            "content": null,
            "content_base64": null,
            "content_disposition": "",
            "content_encoding": "",
            "content_language": "",
            "content_type": "application/octet-stream",
            "etag": "70e65a7d34902f2c350816ecfe2f6492",
            "force_destroy": false,
            "id": "fonts/fontawesome-free/webfonts/fa-solid-900.eot",
            "key": "fonts/fontawesome-free/webfonts/fa-solid-900.eot",
            "kms_key_id": null,
            "metadata": {},
            "object_lock_legal_hold_status": "",
            "object_lock_mode": "",
            "object_lock_retain_until_date": "",
            "override_provider": [],
            "server_side_encryption": "AES256",
            "source": "D:/Users/vjain/static-website-terraform/static-website/fonts/fontawesome-free/webfonts/fa-solid-900.eot",
            "source_hash": null,
            "storage_class": "STANDARD",
            "tags": {},
            "tags_all": {},
            "version_id": "null",
            "website_redirect": ""
          },
          "sensitive_attributes": [],
          "private": "bnVsbA==",
          "dependencies": [
            "aws_s3_bucket.vaibhav-jain-online"
          ]
        },
        {
          "index_key": "fonts/fontawesome-free/webfonts/fa-solid-900.svg",
          "schema_version": 0,
          "attributes": {
            "acl": null,
            "arn": "arn:aws:s3:::vaibhav-jain-online/fonts/fontawesome-free/webfonts/fa-solid-900.svg",
            "bucket": "vaibhav-jain-online",
            "bucket_key_enabled": false,
            "cache_control": "",
            "checksum_algorithm": null,
            "checksum_crc32": "",
            "checksum_crc32c": "",
            "checksum_sha1": "",
            "checksum_sha256": "",
            "content": null,
            "content_base64": null,
            "content_disposition": "",
            "content_encoding": "",
            "content_language": "",
            "content_type": "application/octet-stream",
            "etag": "38508b2e7fac045869a86a15936433f7",
            "force_destroy": false,
            "id": "fonts/fontawesome-free/webfonts/fa-solid-900.svg",
            "key": "fonts/fontawesome-free/webfonts/fa-solid-900.svg",
            "kms_key_id": null,
            "metadata": {},
            "object_lock_legal_hold_status": "",
            "object_lock_mode": "",
            "object_lock_retain_until_date": "",
            "override_provider": [],
            "server_side_encryption": "AES256",
            "source": "D:/Users/vjain/static-website-terraform/static-website/fonts/fontawesome-free/webfonts/fa-solid-900.svg",
            "source_hash": null,
            "storage_class": "STANDARD",
            "tags": {},
            "tags_all": {},
            "version_id": "null",
            "website_redirect": ""
          },
          "sensitive_attributes": [],
          "private": "bnVsbA==",
          "dependencies": [
            "aws_s3_bucket.vaibhav-jain-online"
          ]
        },
        {
          "index_key": "fonts/fontawesome-free/webfonts/fa-solid-900.ttf",
          "schema_version": 0,
          "attributes": {
            "acl": null,
            "arn": "arn:aws:s3:::vaibhav-jain-online/fonts/fontawesome-free/webfonts/fa-solid-900.ttf",
            "bucket": "vaibhav-jain-online",
            "bucket_key_enabled": false,
            "cache_control": "",
            "checksum_algorithm": null,
            "checksum_crc32": "",
            "checksum_crc32c": "",
            "checksum_sha1": "",
            "checksum_sha256": "",
            "content": null,
            "content_base64": null,
            "content_disposition": "",
            "content_encoding": "",
            "content_language": "",
            "content_type": "application/octet-stream",
            "etag": "0079a0ab6bec4da7d6e16f2a2e87cd71",
            "force_destroy": false,
            "id": "fonts/fontawesome-free/webfonts/fa-solid-900.ttf",
            "key": "fonts/fontawesome-free/webfonts/fa-solid-900.ttf",
            "kms_key_id": null,
            "metadata": {},
            "object_lock_legal_hold_status": "",
            "object_lock_mode": "",
            "object_lock_retain_until_date": "",
            "override_provider": [],
            "server_side_encryption": "AES256",
            "source": "D:/Users/vjain/static-website-terraform/static-website/fonts/fontawesome-free/webfonts/fa-solid-900.ttf",
            "source_hash": null,
            "storage_class": "STANDARD",
            "tags": {},
            "tags_all": {},
            "version_id": "null",
            "website_redirect": ""
          },
          "sensitive_attributes": [],
          "private": "bnVsbA==",
          "dependencies": [
            "aws_s3_bucket.vaibhav-jain-online"
          ]
        },
        {
          "index_key": "fonts/fontawesome-free/webfonts/fa-solid-900.woff",
          "schema_version": 0,
          "attributes": {
            "acl": null,
            "arn": "arn:aws:s3:::vaibhav-jain-online/fonts/fontawesome-free/webfonts/fa-solid-900.woff",
            "bucket": "vaibhav-jain-online",
            "bucket_key_enabled": false,
            "cache_control": "",
            "checksum_algorithm": null,
            "checksum_crc32": "",
            "checksum_crc32c": "",
            "checksum_sha1": "",
            "checksum_sha256": "",
            "content": null,
            "content_base64": null,
            "content_disposition": "",
            "content_encoding": "",
            "content_language": "",
            "content_type": "application/octet-stream",
            "etag": "815694de1120d6c1e9d1f0895ee81056",
            "force_destroy": false,
            "id": "fonts/fontawesome-free/webfonts/fa-solid-900.woff",
            "key": "fonts/fontawesome-free/webfonts/fa-solid-900.woff",
            "kms_key_id": null,
            "metadata": {},
            "object_lock_legal_hold_status": "",
            "object_lock_mode": "",
            "object_lock_retain_until_date": "",
            "override_provider": [],
            "server_side_encryption": "AES256",
            "source": "D:/Users/vjain/static-website-terraform/static-website/fonts/fontawesome-free/webfonts/fa-solid-900.woff",
            "source_hash": null,
            "storage_class": "STANDARD",
            "tags": {},
            "tags_all": {},
            "version_id": "null",
            "website_redirect": ""
          },
          "sensitive_attributes": [],
          "private": "bnVsbA==",
          "dependencies": [
            "aws_s3_bucket.vaibhav-jain-online"
          ]
        },
        {
          "index_key": "fonts/fontawesome-free/webfonts/fa-solid-900.woff2",
          "schema_version": 0,
          "attributes": {
            "acl": null,
            "arn": "arn:aws:s3:::vaibhav-jain-online/fonts/fontawesome-free/webfonts/fa-solid-900.woff2",
            "bucket": "vaibhav-jain-online",
            "bucket_key_enabled": false,
            "cache_control": "",
            "checksum_algorithm": null,
            "checksum_crc32": "",
            "checksum_crc32c": "",
            "checksum_sha1": "",
            "checksum_sha256": "",
            "content": null,
            "content_base64": null,
            "content_disposition": "",
            "content_encoding": "",
            "content_language": "",
            "content_type": "application/octet-stream",
            "etag": "14a08198ec7d1eb96d515362293fed36",
            "force_destroy": false,
            "id": "fonts/fontawesome-free/webfonts/fa-solid-900.woff2",
            "key": "fonts/fontawesome-free/webfonts/fa-solid-900.woff2",
            "kms_key_id": null,
            "metadata": {},
            "object_lock_legal_hold_status": "",
            "object_lock_mode": "",
            "object_lock_retain_until_date": "",
            "override_provider": [],
            "server_side_encryption": "AES256",
            "source": "D:/Users/vjain/static-website-terraform/static-website/fonts/fontawesome-free/webfonts/fa-solid-900.woff2",
            "source_hash": null,
            "storage_class": "STANDARD",
            "tags": {},
            "tags_all": {},
            "version_id": "null",
            "website_redirect": ""
          },
          "sensitive_attributes": [],
          "private": "bnVsbA==",
          "dependencies": [
            "aws_s3_bucket.vaibhav-jain-online"
          ]
        },
        {
          "index_key": "img/blog/blog_post_1.jpg",
          "schema_version": 0,
          "attributes": {
            "acl": null,
            "arn": "arn:aws:s3:::vaibhav-jain-online/img/blog/blog_post_1.jpg",
            "bucket": "vaibhav-jain-online",
            "bucket_key_enabled": false,
            "cache_control": "",
            "checksum_algorithm": null,
            "checksum_crc32": "",
            "checksum_crc32c": "",
            "checksum_sha1": "",
            "checksum_sha256": "",
            "content": null,
            "content_base64": null,
            "content_disposition": "",
            "content_encoding": "",
            "content_language": "",
            "content_type": "image/jpeg",
            "etag": "359f3f049511afd2218605e1001c7059",
            "force_destroy": false,
            "id": "img/blog/blog_post_1.jpg",
            "key": "img/blog/blog_post_1.jpg",
            "kms_key_id": null,
            "metadata": {},
            "object_lock_legal_hold_status": "",
            "object_lock_mode": "",
            "object_lock_retain_until_date": "",
            "override_provider": [],
            "server_side_encryption": "AES256",
            "source": "D:/Users/vjain/static-website-terraform/static-website/img/blog/blog_post_1.jpg",
            "source_hash": null,
            "storage_class": "STANDARD",
            "tags": {},
            "tags_all": {},
            "version_id": "null",
            "website_redirect": ""
          },
          "sensitive_attributes": [],
          "private": "bnVsbA==",
          "dependencies": [
            "aws_s3_bucket.vaibhav-jain-online"
          ]
        },
        {
          "index_key": "img/blog/blog_post_1_full.jpg",
          "schema_version": 0,
          "attributes": {
            "acl": null,
            "arn": "arn:aws:s3:::vaibhav-jain-online/img/blog/blog_post_1_full.jpg",
            "bucket": "vaibhav-jain-online",
            "bucket_key_enabled": false,
            "cache_control": "",
            "checksum_algorithm": null,
            "checksum_crc32": "",
            "checksum_crc32c": "",
            "checksum_sha1": "",
            "checksum_sha256": "",
            "content": null,
            "content_base64": null,
            "content_disposition": "",
            "content_encoding": "",
            "content_language": "",
            "content_type": "image/jpeg",
            "etag": "47004240eebac2adc861fb82ea40129a",
            "force_destroy": false,
            "id": "img/blog/blog_post_1_full.jpg",
            "key": "img/blog/blog_post_1_full.jpg",
            "kms_key_id": null,
            "metadata": {},
            "object_lock_legal_hold_status": "",
            "object_lock_mode": "",
            "object_lock_retain_until_date": "",
            "override_provider": [],
            "server_side_encryption": "AES256",
            "source": "D:/Users/vjain/static-website-terraform/static-website/img/blog/blog_post_1_full.jpg",
            "source_hash": null,
            "storage_class": "STANDARD",
            "tags": {},
            "tags_all": {},
            "version_id": "null",
            "website_redirect": ""
          },
          "sensitive_attributes": [],
          "private": "bnVsbA==",
          "dependencies": [
            "aws_s3_bucket.vaibhav-jain-online"
          ]
        },
        {
          "index_key": "img/blog/blog_post_2.jpg",
          "schema_version": 0,
          "attributes": {
            "acl": null,
            "arn": "arn:aws:s3:::vaibhav-jain-online/img/blog/blog_post_2.jpg",
            "bucket": "vaibhav-jain-online",
            "bucket_key_enabled": false,
            "cache_control": "",
            "checksum_algorithm": null,
            "checksum_crc32": "",
            "checksum_crc32c": "",
            "checksum_sha1": "",
            "checksum_sha256": "",
            "content": null,
            "content_base64": null,
            "content_disposition": "",
            "content_encoding": "",
            "content_language": "",
            "content_type": "image/jpeg",
            "etag": "359f3f049511afd2218605e1001c7059",
            "force_destroy": false,
            "id": "img/blog/blog_post_2.jpg",
            "key": "img/blog/blog_post_2.jpg",
            "kms_key_id": null,
            "metadata": {},
            "object_lock_legal_hold_status": "",
            "object_lock_mode": "",
            "object_lock_retain_until_date": "",
            "override_provider": [],
            "server_side_encryption": "AES256",
            "source": "D:/Users/vjain/static-website-terraform/static-website/img/blog/blog_post_2.jpg",
            "source_hash": null,
            "storage_class": "STANDARD",
            "tags": {},
            "tags_all": {},
            "version_id": "null",
            "website_redirect": ""
          },
          "sensitive_attributes": [],
          "private": "bnVsbA==",
          "dependencies": [
            "aws_s3_bucket.vaibhav-jain-online"
          ]
        },
        {
          "index_key": "img/blog/blog_post_2_full.jpg",
          "schema_version": 0,
          "attributes": {
            "acl": null,
            "arn": "arn:aws:s3:::vaibhav-jain-online/img/blog/blog_post_2_full.jpg",
            "bucket": "vaibhav-jain-online",
            "bucket_key_enabled": false,
            "cache_control": "",
            "checksum_algorithm": null,
            "checksum_crc32": "",
            "checksum_crc32c": "",
            "checksum_sha1": "",
            "checksum_sha256": "",
            "content": null,
            "content_base64": null,
            "content_disposition": "",
            "content_encoding": "",
            "content_language": "",
            "content_type": "image/jpeg",
            "etag": "47004240eebac2adc861fb82ea40129a",
            "force_destroy": false,
            "id": "img/blog/blog_post_2_full.jpg",
            "key": "img/blog/blog_post_2_full.jpg",
            "kms_key_id": null,
            "metadata": {},
            "object_lock_legal_hold_status": "",
            "object_lock_mode": "",
            "object_lock_retain_until_date": "",
            "override_provider": [],
            "server_side_encryption": "AES256",
            "source": "D:/Users/vjain/static-website-terraform/static-website/img/blog/blog_post_2_full.jpg",
            "source_hash": null,
            "storage_class": "STANDARD",
            "tags": {},
            "tags_all": {},
            "version_id": "null",
            "website_redirect": ""
          },
          "sensitive_attributes": [],
          "private": "bnVsbA==",
          "dependencies": [
            "aws_s3_bucket.vaibhav-jain-online"
          ]
        },
        {
          "index_key": "img/blog/blog_post_3.jpg",
          "schema_version": 0,
          "attributes": {
            "acl": null,
            "arn": "arn:aws:s3:::vaibhav-jain-online/img/blog/blog_post_3.jpg",
            "bucket": "vaibhav-jain-online",
            "bucket_key_enabled": false,
            "cache_control": "",
            "checksum_algorithm": null,
            "checksum_crc32": "",
            "checksum_crc32c": "",
            "checksum_sha1": "",
            "checksum_sha256": "",
            "content": null,
            "content_base64": null,
            "content_disposition": "",
            "content_encoding": "",
            "content_language": "",
            "content_type": "image/jpeg",
            "etag": "359f3f049511afd2218605e1001c7059",
            "force_destroy": false,
            "id": "img/blog/blog_post_3.jpg",
            "key": "img/blog/blog_post_3.jpg",
            "kms_key_id": null,
            "metadata": {},
            "object_lock_legal_hold_status": "",
            "object_lock_mode": "",
            "object_lock_retain_until_date": "",
            "override_provider": [],
            "server_side_encryption": "AES256",
            "source": "D:/Users/vjain/static-website-terraform/static-website/img/blog/blog_post_3.jpg",
            "source_hash": null,
            "storage_class": "STANDARD",
            "tags": {},
            "tags_all": {},
            "version_id": "null",
            "website_redirect": ""
          },
          "sensitive_attributes": [],
          "private": "bnVsbA==",
          "dependencies": [
            "aws_s3_bucket.vaibhav-jain-online"
          ]
        },
        {
          "index_key": "img/blog/blog_post_3_full.jpg",
          "schema_version": 0,
          "attributes": {
            "acl": null,
            "arn": "arn:aws:s3:::vaibhav-jain-online/img/blog/blog_post_3_full.jpg",
            "bucket": "vaibhav-jain-online",
            "bucket_key_enabled": false,
            "cache_control": "",
            "checksum_algorithm": null,
            "checksum_crc32": "",
            "checksum_crc32c": "",
            "checksum_sha1": "",
            "checksum_sha256": "",
            "content": null,
            "content_base64": null,
            "content_disposition": "",
            "content_encoding": "",
            "content_language": "",
            "content_type": "image/jpeg",
            "etag": "47004240eebac2adc861fb82ea40129a",
            "force_destroy": false,
            "id": "img/blog/blog_post_3_full.jpg",
            "key": "img/blog/blog_post_3_full.jpg",
            "kms_key_id": null,
            "metadata": {},
            "object_lock_legal_hold_status": "",
            "object_lock_mode": "",
            "object_lock_retain_until_date": "",
            "override_provider": [],
            "server_side_encryption": "AES256",
            "source": "D:/Users/vjain/static-website-terraform/static-website/img/blog/blog_post_3_full.jpg",
            "source_hash": null,
            "storage_class": "STANDARD",
            "tags": {},
            "tags_all": {},
            "version_id": "null",
            "website_redirect": ""
          },
          "sensitive_attributes": [],
          "private": "bnVsbA==",
          "dependencies": [
            "aws_s3_bucket.vaibhav-jain-online"
          ]
        },
        {
          "index_key": "img/blog/blog_post_4.jpg",
          "schema_version": 0,
          "attributes": {
            "acl": null,
            "arn": "arn:aws:s3:::vaibhav-jain-online/img/blog/blog_post_4.jpg",
            "bucket": "vaibhav-jain-online",
            "bucket_key_enabled": false,
            "cache_control": "",
            "checksum_algorithm": null,
            "checksum_crc32": "",
            "checksum_crc32c": "",
            "checksum_sha1": "",
            "checksum_sha256": "",
            "content": null,
            "content_base64": null,
            "content_disposition": "",
            "content_encoding": "",
            "content_language": "",
            "content_type": "image/jpeg",
            "etag": "359f3f049511afd2218605e1001c7059",
            "force_destroy": false,
            "id": "img/blog/blog_post_4.jpg",
            "key": "img/blog/blog_post_4.jpg",
            "kms_key_id": null,
            "metadata": {},
            "object_lock_legal_hold_status": "",
            "object_lock_mode": "",
            "object_lock_retain_until_date": "",
            "override_provider": [],
            "server_side_encryption": "AES256",
            "source": "D:/Users/vjain/static-website-terraform/static-website/img/blog/blog_post_4.jpg",
            "source_hash": null,
            "storage_class": "STANDARD",
            "tags": {},
            "tags_all": {},
            "version_id": "null",
            "website_redirect": ""
          },
          "sensitive_attributes": [],
          "private": "bnVsbA==",
          "dependencies": [
            "aws_s3_bucket.vaibhav-jain-online"
          ]
        },
        {
          "index_key": "img/blog/blog_post_4_full.jpg",
          "schema_version": 0,
          "attributes": {
            "acl": null,
            "arn": "arn:aws:s3:::vaibhav-jain-online/img/blog/blog_post_4_full.jpg",
            "bucket": "vaibhav-jain-online",
            "bucket_key_enabled": false,
            "cache_control": "",
            "checksum_algorithm": null,
            "checksum_crc32": "",
            "checksum_crc32c": "",
            "checksum_sha1": "",
            "checksum_sha256": "",
            "content": null,
            "content_base64": null,
            "content_disposition": "",
            "content_encoding": "",
            "content_language": "",
            "content_type": "image/jpeg",
            "etag": "47004240eebac2adc861fb82ea40129a",
            "force_destroy": false,
            "id": "img/blog/blog_post_4_full.jpg",
            "key": "img/blog/blog_post_4_full.jpg",
            "kms_key_id": null,
            "metadata": {},
            "object_lock_legal_hold_status": "",
            "object_lock_mode": "",
            "object_lock_retain_until_date": "",
            "override_provider": [],
            "server_side_encryption": "AES256",
            "source": "D:/Users/vjain/static-website-terraform/static-website/img/blog/blog_post_4_full.jpg",
            "source_hash": null,
            "storage_class": "STANDARD",
            "tags": {},
            "tags_all": {},
            "version_id": "null",
            "website_redirect": ""
          },
          "sensitive_attributes": [],
          "private": "bnVsbA==",
          "dependencies": [
            "aws_s3_bucket.vaibhav-jain-online"
          ]
        },
        {
          "index_key": "img/blog/blog_post_5.jpg",
          "schema_version": 0,
          "attributes": {
            "acl": null,
            "arn": "arn:aws:s3:::vaibhav-jain-online/img/blog/blog_post_5.jpg",
            "bucket": "vaibhav-jain-online",
            "bucket_key_enabled": false,
            "cache_control": "",
            "checksum_algorithm": null,
            "checksum_crc32": "",
            "checksum_crc32c": "",
            "checksum_sha1": "",
            "checksum_sha256": "",
            "content": null,
            "content_base64": null,
            "content_disposition": "",
            "content_encoding": "",
            "content_language": "",
            "content_type": "image/jpeg",
            "etag": "359f3f049511afd2218605e1001c7059",
            "force_destroy": false,
            "id": "img/blog/blog_post_5.jpg",
            "key": "img/blog/blog_post_5.jpg",
            "kms_key_id": null,
            "metadata": {},
            "object_lock_legal_hold_status": "",
            "object_lock_mode": "",
            "object_lock_retain_until_date": "",
            "override_provider": [],
            "server_side_encryption": "AES256",
            "source": "D:/Users/vjain/static-website-terraform/static-website/img/blog/blog_post_5.jpg",
            "source_hash": null,
            "storage_class": "STANDARD",
            "tags": {},
            "tags_all": {},
            "version_id": "null",
            "website_redirect": ""
          },
          "sensitive_attributes": [],
          "private": "bnVsbA==",
          "dependencies": [
            "aws_s3_bucket.vaibhav-jain-online"
          ]
        },
        {
          "index_key": "img/blog/blog_post_5_full.jpg",
          "schema_version": 0,
          "attributes": {
            "acl": null,
            "arn": "arn:aws:s3:::vaibhav-jain-online/img/blog/blog_post_5_full.jpg",
            "bucket": "vaibhav-jain-online",
            "bucket_key_enabled": false,
            "cache_control": "",
            "checksum_algorithm": null,
            "checksum_crc32": "",
            "checksum_crc32c": "",
            "checksum_sha1": "",
            "checksum_sha256": "",
            "content": null,
            "content_base64": null,
            "content_disposition": "",
            "content_encoding": "",
            "content_language": "",
            "content_type": "image/jpeg",
            "etag": "47004240eebac2adc861fb82ea40129a",
            "force_destroy": false,
            "id": "img/blog/blog_post_5_full.jpg",
            "key": "img/blog/blog_post_5_full.jpg",
            "kms_key_id": null,
            "metadata": {},
            "object_lock_legal_hold_status": "",
            "object_lock_mode": "",
            "object_lock_retain_until_date": "",
            "override_provider": [],
            "server_side_encryption": "AES256",
            "source": "D:/Users/vjain/static-website-terraform/static-website/img/blog/blog_post_5_full.jpg",
            "source_hash": null,
            "storage_class": "STANDARD",
            "tags": {},
            "tags_all": {},
            "version_id": "null",
            "website_redirect": ""
          },
          "sensitive_attributes": [],
          "private": "bnVsbA==",
          "dependencies": [
            "aws_s3_bucket.vaibhav-jain-online"
          ]
        },
        {
          "index_key": "img/blog/blog_post_6.jpg",
          "schema_version": 0,
          "attributes": {
            "acl": null,
            "arn": "arn:aws:s3:::vaibhav-jain-online/img/blog/blog_post_6.jpg",
            "bucket": "vaibhav-jain-online",
            "bucket_key_enabled": false,
            "cache_control": "",
            "checksum_algorithm": null,
            "checksum_crc32": "",
            "checksum_crc32c": "",
            "checksum_sha1": "",
            "checksum_sha256": "",
            "content": null,
            "content_base64": null,
            "content_disposition": "",
            "content_encoding": "",
            "content_language": "",
            "content_type": "image/jpeg",
            "etag": "359f3f049511afd2218605e1001c7059",
            "force_destroy": false,
            "id": "img/blog/blog_post_6.jpg",
            "key": "img/blog/blog_post_6.jpg",
            "kms_key_id": null,
            "metadata": {},
            "object_lock_legal_hold_status": "",
            "object_lock_mode": "",
            "object_lock_retain_until_date": "",
            "override_provider": [],
            "server_side_encryption": "AES256",
            "source": "D:/Users/vjain/static-website-terraform/static-website/img/blog/blog_post_6.jpg",
            "source_hash": null,
            "storage_class": "STANDARD",
            "tags": {},
            "tags_all": {},
            "version_id": "null",
            "website_redirect": ""
          },
          "sensitive_attributes": [],
          "private": "bnVsbA==",
          "dependencies": [
            "aws_s3_bucket.vaibhav-jain-online"
          ]
        },
        {
          "index_key": "img/blog/blog_post_6_full.jpg",
          "schema_version": 0,
          "attributes": {
            "acl": null,
            "arn": "arn:aws:s3:::vaibhav-jain-online/img/blog/blog_post_6_full.jpg",
            "bucket": "vaibhav-jain-online",
            "bucket_key_enabled": false,
            "cache_control": "",
            "checksum_algorithm": null,
            "checksum_crc32": "",
            "checksum_crc32c": "",
            "checksum_sha1": "",
            "checksum_sha256": "",
            "content": null,
            "content_base64": null,
            "content_disposition": "",
            "content_encoding": "",
            "content_language": "",
            "content_type": "image/jpeg",
            "etag": "47004240eebac2adc861fb82ea40129a",
            "force_destroy": false,
            "id": "img/blog/blog_post_6_full.jpg",
            "key": "img/blog/blog_post_6_full.jpg",
            "kms_key_id": null,
            "metadata": {},
            "object_lock_legal_hold_status": "",
            "object_lock_mode": "",
            "object_lock_retain_until_date": "",
            "override_provider": [],
            "server_side_encryption": "AES256",
            "source": "D:/Users/vjain/static-website-terraform/static-website/img/blog/blog_post_6_full.jpg",
            "source_hash": null,
            "storage_class": "STANDARD",
            "tags": {},
            "tags_all": {},
            "version_id": "null",
            "website_redirect": ""
          },
          "sensitive_attributes": [],
          "private": "bnVsbA==",
          "dependencies": [
            "aws_s3_bucket.vaibhav-jain-online"
          ]
        },
        {
          "index_key": "img/blog/blog_post_7.jpg",
          "schema_version": 0,
          "attributes": {
            "acl": null,
            "arn": "arn:aws:s3:::vaibhav-jain-online/img/blog/blog_post_7.jpg",
            "bucket": "vaibhav-jain-online",
            "bucket_key_enabled": false,
            "cache_control": "",
            "checksum_algorithm": null,
            "checksum_crc32": "",
            "checksum_crc32c": "",
            "checksum_sha1": "",
            "checksum_sha256": "",
            "content": null,
            "content_base64": null,
            "content_disposition": "",
            "content_encoding": "",
            "content_language": "",
            "content_type": "image/jpeg",
            "etag": "359f3f049511afd2218605e1001c7059",
            "force_destroy": false,
            "id": "img/blog/blog_post_7.jpg",
            "key": "img/blog/blog_post_7.jpg",
            "kms_key_id": null,
            "metadata": {},
            "object_lock_legal_hold_status": "",
            "object_lock_mode": "",
            "object_lock_retain_until_date": "",
            "override_provider": [],
            "server_side_encryption": "AES256",
            "source": "D:/Users/vjain/static-website-terraform/static-website/img/blog/blog_post_7.jpg",
            "source_hash": null,
            "storage_class": "STANDARD",
            "tags": {},
            "tags_all": {},
            "version_id": "null",
            "website_redirect": ""
          },
          "sensitive_attributes": [],
          "private": "bnVsbA==",
          "dependencies": [
            "aws_s3_bucket.vaibhav-jain-online"
          ]
        },
        {
          "index_key": "img/blog/blog_post_7_full.jpg",
          "schema_version": 0,
          "attributes": {
            "acl": null,
            "arn": "arn:aws:s3:::vaibhav-jain-online/img/blog/blog_post_7_full.jpg",
            "bucket": "vaibhav-jain-online",
            "bucket_key_enabled": false,
            "cache_control": "",
            "checksum_algorithm": null,
            "checksum_crc32": "",
            "checksum_crc32c": "",
            "checksum_sha1": "",
            "checksum_sha256": "",
            "content": null,
            "content_base64": null,
            "content_disposition": "",
            "content_encoding": "",
            "content_language": "",
            "content_type": "image/jpeg",
            "etag": "47004240eebac2adc861fb82ea40129a",
            "force_destroy": false,
            "id": "img/blog/blog_post_7_full.jpg",
            "key": "img/blog/blog_post_7_full.jpg",
            "kms_key_id": null,
            "metadata": {},
            "object_lock_legal_hold_status": "",
            "object_lock_mode": "",
            "object_lock_retain_until_date": "",
            "override_provider": [],
            "server_side_encryption": "AES256",
            "source": "D:/Users/vjain/static-website-terraform/static-website/img/blog/blog_post_7_full.jpg",
            "source_hash": null,
            "storage_class": "STANDARD",
            "tags": {},
            "tags_all": {},
            "version_id": "null",
            "website_redirect": ""
          },
          "sensitive_attributes": [],
          "private": "bnVsbA==",
          "dependencies": [
            "aws_s3_bucket.vaibhav-jain-online"
          ]
        },
        {
          "index_key": "img/blog/blog_post_8.jpg",
          "schema_version": 0,
          "attributes": {
            "acl": null,
            "arn": "arn:aws:s3:::vaibhav-jain-online/img/blog/blog_post_8.jpg",
            "bucket": "vaibhav-jain-online",
            "bucket_key_enabled": false,
            "cache_control": "",
            "checksum_algorithm": null,
            "checksum_crc32": "",
            "checksum_crc32c": "",
            "checksum_sha1": "",
            "checksum_sha256": "",
            "content": null,
            "content_base64": null,
            "content_disposition": "",
            "content_encoding": "",
            "content_language": "",
            "content_type": "image/jpeg",
            "etag": "359f3f049511afd2218605e1001c7059",
            "force_destroy": false,
            "id": "img/blog/blog_post_8.jpg",
            "key": "img/blog/blog_post_8.jpg",
            "kms_key_id": null,
            "metadata": {},
            "object_lock_legal_hold_status": "",
            "object_lock_mode": "",
            "object_lock_retain_until_date": "",
            "override_provider": [],
            "server_side_encryption": "AES256",
            "source": "D:/Users/vjain/static-website-terraform/static-website/img/blog/blog_post_8.jpg",
            "source_hash": null,
            "storage_class": "STANDARD",
            "tags": {},
            "tags_all": {},
            "version_id": "null",
            "website_redirect": ""
          },
          "sensitive_attributes": [],
          "private": "bnVsbA==",
          "dependencies": [
            "aws_s3_bucket.vaibhav-jain-online"
          ]
        },
        {
          "index_key": "img/blog/blog_post_8_full.jpg",
          "schema_version": 0,
          "attributes": {
            "acl": null,
            "arn": "arn:aws:s3:::vaibhav-jain-online/img/blog/blog_post_8_full.jpg",
            "bucket": "vaibhav-jain-online",
            "bucket_key_enabled": false,
            "cache_control": "",
            "checksum_algorithm": null,
            "checksum_crc32": "",
            "checksum_crc32c": "",
            "checksum_sha1": "",
            "checksum_sha256": "",
            "content": null,
            "content_base64": null,
            "content_disposition": "",
            "content_encoding": "",
            "content_language": "",
            "content_type": "image/jpeg",
            "etag": "47004240eebac2adc861fb82ea40129a",
            "force_destroy": false,
            "id": "img/blog/blog_post_8_full.jpg",
            "key": "img/blog/blog_post_8_full.jpg",
            "kms_key_id": null,
            "metadata": {},
            "object_lock_legal_hold_status": "",
            "object_lock_mode": "",
            "object_lock_retain_until_date": "",
            "override_provider": [],
            "server_side_encryption": "AES256",
            "source": "D:/Users/vjain/static-website-terraform/static-website/img/blog/blog_post_8_full.jpg",
            "source_hash": null,
            "storage_class": "STANDARD",
            "tags": {},
            "tags_all": {},
            "version_id": "null",
            "website_redirect": ""
          },
          "sensitive_attributes": [],
          "private": "bnVsbA==",
          "dependencies": [
            "aws_s3_bucket.vaibhav-jain-online"
          ]
        },
        {
          "index_key": "img/clients/client-1.png",
          "schema_version": 0,
          "attributes": {
            "acl": null,
            "arn": "arn:aws:s3:::vaibhav-jain-online/img/clients/client-1.png",
            "bucket": "vaibhav-jain-online",
            "bucket_key_enabled": false,
            "cache_control": "",
            "checksum_algorithm": null,
            "checksum_crc32": "",
            "checksum_crc32c": "",
            "checksum_sha1": "",
            "checksum_sha256": "",
            "content": null,
            "content_base64": null,
            "content_disposition": "",
            "content_encoding": "",
            "content_language": "",
            "content_type": "image/png",
            "etag": "376f4ee07fdd840954582dd6b126cbe9",
            "force_destroy": false,
            "id": "img/clients/client-1.png",
            "key": "img/clients/client-1.png",
            "kms_key_id": null,
            "metadata": {},
            "object_lock_legal_hold_status": "",
            "object_lock_mode": "",
            "object_lock_retain_until_date": "",
            "override_provider": [],
            "server_side_encryption": "AES256",
            "source": "D:/Users/vjain/static-website-terraform/static-website/img/clients/client-1.png",
            "source_hash": null,
            "storage_class": "STANDARD",
            "tags": {},
            "tags_all": {},
            "version_id": "null",
            "website_redirect": ""
          },
          "sensitive_attributes": [],
          "private": "bnVsbA==",
          "dependencies": [
            "aws_s3_bucket.vaibhav-jain-online"
          ]
        },
        {
          "index_key": "img/clients/client-2.png",
          "schema_version": 0,
          "attributes": {
            "acl": null,
            "arn": "arn:aws:s3:::vaibhav-jain-online/img/clients/client-2.png",
            "bucket": "vaibhav-jain-online",
            "bucket_key_enabled": false,
            "cache_control": "",
            "checksum_algorithm": null,
            "checksum_crc32": "",
            "checksum_crc32c": "",
            "checksum_sha1": "",
            "checksum_sha256": "",
            "content": null,
            "content_base64": null,
            "content_disposition": "",
            "content_encoding": "",
            "content_language": "",
            "content_type": "image/png",
            "etag": "6b17442d6ca477f635b46771b9841a08",
            "force_destroy": false,
            "id": "img/clients/client-2.png",
            "key": "img/clients/client-2.png",
            "kms_key_id": null,
            "metadata": {},
            "object_lock_legal_hold_status": "",
            "object_lock_mode": "",
            "object_lock_retain_until_date": "",
            "override_provider": [],
            "server_side_encryption": "AES256",
            "source": "D:/Users/vjain/static-website-terraform/static-website/img/clients/client-2.png",
            "source_hash": null,
            "storage_class": "STANDARD",
            "tags": {},
            "tags_all": {},
            "version_id": "null",
            "website_redirect": ""
          },
          "sensitive_attributes": [],
          "private": "bnVsbA==",
          "dependencies": [
            "aws_s3_bucket.vaibhav-jain-online"
          ]
        },
        {
          "index_key": "img/clients/client-3.png",
          "schema_version": 0,
          "attributes": {
            "acl": null,
            "arn": "arn:aws:s3:::vaibhav-jain-online/img/clients/client-3.png",
            "bucket": "vaibhav-jain-online",
            "bucket_key_enabled": false,
            "cache_control": "",
            "checksum_algorithm": null,
            "checksum_crc32": "",
            "checksum_crc32c": "",
            "checksum_sha1": "",
            "checksum_sha256": "",
            "content": null,
            "content_base64": null,
            "content_disposition": "",
            "content_encoding": "",
            "content_language": "",
            "content_type": "image/png",
            "etag": "133520bf3d62e27dc835d0b393698851",
            "force_destroy": false,
            "id": "img/clients/client-3.png",
            "key": "img/clients/client-3.png",
            "kms_key_id": null,
            "metadata": {},
            "object_lock_legal_hold_status": "",
            "object_lock_mode": "",
            "object_lock_retain_until_date": "",
            "override_provider": [],
            "server_side_encryption": "AES256",
            "source": "D:/Users/vjain/static-website-terraform/static-website/img/clients/client-3.png",
            "source_hash": null,
            "storage_class": "STANDARD",
            "tags": {},
            "tags_all": {},
            "version_id": "null",
            "website_redirect": ""
          },
          "sensitive_attributes": [],
          "private": "bnVsbA==",
          "dependencies": [
            "aws_s3_bucket.vaibhav-jain-online"
          ]
        },
        {
          "index_key": "img/clients/client-4.png",
          "schema_version": 0,
          "attributes": {
            "acl": null,
            "arn": "arn:aws:s3:::vaibhav-jain-online/img/clients/client-4.png",
            "bucket": "vaibhav-jain-online",
            "bucket_key_enabled": false,
            "cache_control": "",
            "checksum_algorithm": null,
            "checksum_crc32": "",
            "checksum_crc32c": "",
            "checksum_sha1": "",
            "checksum_sha256": "",
            "content": null,
            "content_base64": null,
            "content_disposition": "",
            "content_encoding": "",
            "content_language": "",
            "content_type": "image/png",
            "etag": "ea071c45f955e216a63b3d810d4cab74",
            "force_destroy": false,
            "id": "img/clients/client-4.png",
            "key": "img/clients/client-4.png",
            "kms_key_id": null,
            "metadata": {},
            "object_lock_legal_hold_status": "",
            "object_lock_mode": "",
            "object_lock_retain_until_date": "",
            "override_provider": [],
            "server_side_encryption": "AES256",
            "source": "D:/Users/vjain/static-website-terraform/static-website/img/clients/client-4.png",
            "source_hash": null,
            "storage_class": "STANDARD",
            "tags": {},
            "tags_all": {},
            "version_id": "null",
            "website_redirect": ""
          },
          "sensitive_attributes": [],
          "private": "bnVsbA==",
          "dependencies": [
            "aws_s3_bucket.vaibhav-jain-online"
          ]
        },
        {
          "index_key": "img/clients/client-5.png",
          "schema_version": 0,
          "attributes": {
            "acl": null,
            "arn": "arn:aws:s3:::vaibhav-jain-online/img/clients/client-5.png",
            "bucket": "vaibhav-jain-online",
            "bucket_key_enabled": false,
            "cache_control": "",
            "checksum_algorithm": null,
            "checksum_crc32": "",
            "checksum_crc32c": "",
            "checksum_sha1": "",
            "checksum_sha256": "",
            "content": null,
            "content_base64": null,
            "content_disposition": "",
            "content_encoding": "",
            "content_language": "",
            "content_type": "image/png",
            "etag": "705a6a7c8658557cf0f036c7a31c6b34",
            "force_destroy": false,
            "id": "img/clients/client-5.png",
            "key": "img/clients/client-5.png",
            "kms_key_id": null,
            "metadata": {},
            "object_lock_legal_hold_status": "",
            "object_lock_mode": "",
            "object_lock_retain_until_date": "",
            "override_provider": [],
            "server_side_encryption": "AES256",
            "source": "D:/Users/vjain/static-website-terraform/static-website/img/clients/client-5.png",
            "source_hash": null,
            "storage_class": "STANDARD",
            "tags": {},
            "tags_all": {},
            "version_id": "null",
            "website_redirect": ""
          },
          "sensitive_attributes": [],
          "private": "bnVsbA==",
          "dependencies": [
            "aws_s3_bucket.vaibhav-jain-online"
          ]
        },
        {
          "index_key": "img/clients/client-6.png",
          "schema_version": 0,
          "attributes": {
            "acl": null,
            "arn": "arn:aws:s3:::vaibhav-jain-online/img/clients/client-6.png",
            "bucket": "vaibhav-jain-online",
            "bucket_key_enabled": false,
            "cache_control": "",
            "checksum_algorithm": null,
            "checksum_crc32": "",
            "checksum_crc32c": "",
            "checksum_sha1": "",
            "checksum_sha256": "",
            "content": null,
            "content_base64": null,
            "content_disposition": "",
            "content_encoding": "",
            "content_language": "",
            "content_type": "image/png",
            "etag": "7bf2a045c69ae83b98d2509ede2995a6",
            "force_destroy": false,
            "id": "img/clients/client-6.png",
            "key": "img/clients/client-6.png",
            "kms_key_id": null,
            "metadata": {},
            "object_lock_legal_hold_status": "",
            "object_lock_mode": "",
            "object_lock_retain_until_date": "",
            "override_provider": [],
            "server_side_encryption": "AES256",
            "source": "D:/Users/vjain/static-website-terraform/static-website/img/clients/client-6.png",
            "source_hash": null,
            "storage_class": "STANDARD",
            "tags": {},
            "tags_all": {},
            "version_id": "null",
            "website_redirect": ""
          },
          "sensitive_attributes": [],
          "private": "bnVsbA==",
          "dependencies": [
            "aws_s3_bucket.vaibhav-jain-online"
          ]
        },
        {
          "index_key": "img/clients/client-7.png",
          "schema_version": 0,
          "attributes": {
            "acl": null,
            "arn": "arn:aws:s3:::vaibhav-jain-online/img/clients/client-7.png",
            "bucket": "vaibhav-jain-online",
            "bucket_key_enabled": false,
            "cache_control": "",
            "checksum_algorithm": null,
            "checksum_crc32": "",
            "checksum_crc32c": "",
            "checksum_sha1": "",
            "checksum_sha256": "",
            "content": null,
            "content_base64": null,
            "content_disposition": "",
            "content_encoding": "",
            "content_language": "",
            "content_type": "image/png",
            "etag": "f4bfc4354b2c230e6df90855f15054ac",
            "force_destroy": false,
            "id": "img/clients/client-7.png",
            "key": "img/clients/client-7.png",
            "kms_key_id": null,
            "metadata": {},
            "object_lock_legal_hold_status": "",
            "object_lock_mode": "",
            "object_lock_retain_until_date": "",
            "override_provider": [],
            "server_side_encryption": "AES256",
            "source": "D:/Users/vjain/static-website-terraform/static-website/img/clients/client-7.png",
            "source_hash": null,
            "storage_class": "STANDARD",
            "tags": {},
            "tags_all": {},
            "version_id": "null",
            "website_redirect": ""
          },
          "sensitive_attributes": [],
          "private": "bnVsbA==",
          "dependencies": [
            "aws_s3_bucket.vaibhav-jain-online"
          ]
        },
        {
          "index_key": "img/main_bg.png",
          "schema_version": 0,
          "attributes": {
            "acl": null,
            "arn": "arn:aws:s3:::vaibhav-jain-online/img/main_bg.png",
            "bucket": "vaibhav-jain-online",
            "bucket_key_enabled": false,
            "cache_control": "",
            "checksum_algorithm": null,
            "checksum_crc32": "",
            "checksum_crc32c": "",
            "checksum_sha1": "",
            "checksum_sha256": "",
            "content": null,
            "content_base64": null,
            "content_disposition": "",
            "content_encoding": "",
            "content_language": "",
            "content_type": "image/png",
            "etag": "158722421e5a8ea241d2cf080b91e7ba",
            "force_destroy": false,
            "id": "img/main_bg.png",
            "key": "img/main_bg.png",
            "kms_key_id": null,
            "metadata": {},
            "object_lock_legal_hold_status": "",
            "object_lock_mode": "",
            "object_lock_retain_until_date": "",
            "override_provider": [],
            "server_side_encryption": "AES256",
            "source": "D:/Users/vjain/static-website-terraform/static-website/img/main_bg.png",
            "source_hash": null,
            "storage_class": "STANDARD",
            "tags": {},
            "tags_all": {},
            "version_id": "null",
            "website_redirect": ""
          },
          "sensitive_attributes": [],
          "private": "bnVsbA==",
          "dependencies": [
            "aws_s3_bucket.vaibhav-jain-online"
          ]
        },
        {
          "index_key": "img/main_photo.jpg",
          "schema_version": 0,
          "attributes": {
            "acl": null,
            "arn": "arn:aws:s3:::vaibhav-jain-online/img/main_photo.jpg",
            "bucket": "vaibhav-jain-online",
            "bucket_key_enabled": false,
            "cache_control": "",
            "checksum_algorithm": null,
            "checksum_crc32": "",
            "checksum_crc32c": "",
            "checksum_sha1": "",
            "checksum_sha256": "",
            "content": null,
            "content_base64": null,
            "content_disposition": "",
            "content_encoding": "",
            "content_language": "",
            "content_type": "image/jpeg",
            "etag": "4b9edcd65df9311cad71004e27b55d47",
            "force_destroy": false,
            "id": "img/main_photo.jpg",
            "key": "img/main_photo.jpg",
            "kms_key_id": null,
            "metadata": {},
            "object_lock_legal_hold_status": "",
            "object_lock_mode": "",
            "object_lock_retain_until_date": "",
            "override_provider": [],
            "server_side_encryption": "AES256",
            "source": "D:/Users/vjain/static-website-terraform/static-website/img/main_photo.jpg",
            "source_hash": null,
            "storage_class": "STANDARD",
            "tags": {},
            "tags_all": {},
            "version_id": "null",
            "website_redirect": ""
          },
          "sensitive_attributes": [],
          "private": "bnVsbA==",
          "dependencies": [
            "aws_s3_bucket.vaibhav-jain-online"
          ]
        },
        {
          "index_key": "img/portfolio/1.jpg",
          "schema_version": 0,
          "attributes": {
            "acl": null,
            "arn": "arn:aws:s3:::vaibhav-jain-online/img/portfolio/1.jpg",
            "bucket": "vaibhav-jain-online",
            "bucket_key_enabled": false,
            "cache_control": "",
            "checksum_algorithm": null,
            "checksum_crc32": "",
            "checksum_crc32c": "",
            "checksum_sha1": "",
            "checksum_sha256": "",
            "content": null,
            "content_base64": null,
            "content_disposition": "",
            "content_encoding": "",
            "content_language": "",
            "content_type": "image/jpeg",
            "etag": "d2e7538de487d19313ebb3fa83992997",
            "force_destroy": false,
            "id": "img/portfolio/1.jpg",
            "key": "img/portfolio/1.jpg",
            "kms_key_id": null,
            "metadata": {},
            "object_lock_legal_hold_status": "",
            "object_lock_mode": "",
            "object_lock_retain_until_date": "",
            "override_provider": [],
            "server_side_encryption": "AES256",
            "source": "D:/Users/vjain/static-website-terraform/static-website/img/portfolio/1.jpg",
            "source_hash": null,
            "storage_class": "STANDARD",
            "tags": {},
            "tags_all": {},
            "version_id": "null",
            "website_redirect": ""
          },
          "sensitive_attributes": [],
          "private": "bnVsbA==",
          "dependencies": [
            "aws_s3_bucket.vaibhav-jain-online"
          ]
        },
        {
          "index_key": "img/portfolio/2.jpg",
          "schema_version": 0,
          "attributes": {
            "acl": null,
            "arn": "arn:aws:s3:::vaibhav-jain-online/img/portfolio/2.jpg",
            "bucket": "vaibhav-jain-online",
            "bucket_key_enabled": false,
            "cache_control": "",
            "checksum_algorithm": null,
            "checksum_crc32": "",
            "checksum_crc32c": "",
            "checksum_sha1": "",
            "checksum_sha256": "",
            "content": null,
            "content_base64": null,
            "content_disposition": "",
            "content_encoding": "",
            "content_language": "",
            "content_type": "image/jpeg",
            "etag": "d2e7538de487d19313ebb3fa83992997",
            "force_destroy": false,
            "id": "img/portfolio/2.jpg",
            "key": "img/portfolio/2.jpg",
            "kms_key_id": null,
            "metadata": {},
            "object_lock_legal_hold_status": "",
            "object_lock_mode": "",
            "object_lock_retain_until_date": "",
            "override_provider": [],
            "server_side_encryption": "AES256",
            "source": "D:/Users/vjain/static-website-terraform/static-website/img/portfolio/2.jpg",
            "source_hash": null,
            "storage_class": "STANDARD",
            "tags": {},
            "tags_all": {},
            "version_id": "null",
            "website_redirect": ""
          },
          "sensitive_attributes": [],
          "private": "bnVsbA==",
          "dependencies": [
            "aws_s3_bucket.vaibhav-jain-online"
          ]
        },
        {
          "index_key": "img/portfolio/3.jpg",
          "schema_version": 0,
          "attributes": {
            "acl": null,
            "arn": "arn:aws:s3:::vaibhav-jain-online/img/portfolio/3.jpg",
            "bucket": "vaibhav-jain-online",
            "bucket_key_enabled": false,
            "cache_control": "",
            "checksum_algorithm": null,
            "checksum_crc32": "",
            "checksum_crc32c": "",
            "checksum_sha1": "",
            "checksum_sha256": "",
            "content": null,
            "content_base64": null,
            "content_disposition": "",
            "content_encoding": "",
            "content_language": "",
            "content_type": "image/jpeg",
            "etag": "d2e7538de487d19313ebb3fa83992997",
            "force_destroy": false,
            "id": "img/portfolio/3.jpg",
            "key": "img/portfolio/3.jpg",
            "kms_key_id": null,
            "metadata": {},
            "object_lock_legal_hold_status": "",
            "object_lock_mode": "",
            "object_lock_retain_until_date": "",
            "override_provider": [],
            "server_side_encryption": "AES256",
            "source": "D:/Users/vjain/static-website-terraform/static-website/img/portfolio/3.jpg",
            "source_hash": null,
            "storage_class": "STANDARD",
            "tags": {},
            "tags_all": {},
            "version_id": "null",
            "website_redirect": ""
          },
          "sensitive_attributes": [],
          "private": "bnVsbA==",
          "dependencies": [
            "aws_s3_bucket.vaibhav-jain-online"
          ]
        },
        {
          "index_key": "img/portfolio/4.jpg",
          "schema_version": 0,
          "attributes": {
            "acl": null,
            "arn": "arn:aws:s3:::vaibhav-jain-online/img/portfolio/4.jpg",
            "bucket": "vaibhav-jain-online",
            "bucket_key_enabled": false,
            "cache_control": "",
            "checksum_algorithm": null,
            "checksum_crc32": "",
            "checksum_crc32c": "",
            "checksum_sha1": "",
            "checksum_sha256": "",
            "content": null,
            "content_base64": null,
            "content_disposition": "",
            "content_encoding": "",
            "content_language": "",
            "content_type": "image/jpeg",
            "etag": "d2e7538de487d19313ebb3fa83992997",
            "force_destroy": false,
            "id": "img/portfolio/4.jpg",
            "key": "img/portfolio/4.jpg",
            "kms_key_id": null,
            "metadata": {},
            "object_lock_legal_hold_status": "",
            "object_lock_mode": "",
            "object_lock_retain_until_date": "",
            "override_provider": [],
            "server_side_encryption": "AES256",
            "source": "D:/Users/vjain/static-website-terraform/static-website/img/portfolio/4.jpg",
            "source_hash": null,
            "storage_class": "STANDARD",
            "tags": {},
            "tags_all": {},
            "version_id": "null",
            "website_redirect": ""
          },
          "sensitive_attributes": [],
          "private": "bnVsbA==",
          "dependencies": [
            "aws_s3_bucket.vaibhav-jain-online"
          ]
        },
        {
          "index_key": "img/portfolio/5.jpg",
          "schema_version": 0,
          "attributes": {
            "acl": null,
            "arn": "arn:aws:s3:::vaibhav-jain-online/img/portfolio/5.jpg",
            "bucket": "vaibhav-jain-online",
            "bucket_key_enabled": false,
            "cache_control": "",
            "checksum_algorithm": null,
            "checksum_crc32": "",
            "checksum_crc32c": "",
            "checksum_sha1": "",
            "checksum_sha256": "",
            "content": null,
            "content_base64": null,
            "content_disposition": "",
            "content_encoding": "",
            "content_language": "",
            "content_type": "image/jpeg",
            "etag": "d2e7538de487d19313ebb3fa83992997",
            "force_destroy": false,
            "id": "img/portfolio/5.jpg",
            "key": "img/portfolio/5.jpg",
            "kms_key_id": null,
            "metadata": {},
            "object_lock_legal_hold_status": "",
            "object_lock_mode": "",
            "object_lock_retain_until_date": "",
            "override_provider": [],
            "server_side_encryption": "AES256",
            "source": "D:/Users/vjain/static-website-terraform/static-website/img/portfolio/5.jpg",
            "source_hash": null,
            "storage_class": "STANDARD",
            "tags": {},
            "tags_all": {},
            "version_id": "null",
            "website_redirect": ""
          },
          "sensitive_attributes": [],
          "private": "bnVsbA==",
          "dependencies": [
            "aws_s3_bucket.vaibhav-jain-online"
          ]
        },
        {
          "index_key": "img/portfolio/6.jpg",
          "schema_version": 0,
          "attributes": {
            "acl": null,
            "arn": "arn:aws:s3:::vaibhav-jain-online/img/portfolio/6.jpg",
            "bucket": "vaibhav-jain-online",
            "bucket_key_enabled": false,
            "cache_control": "",
            "checksum_algorithm": null,
            "checksum_crc32": "",
            "checksum_crc32c": "",
            "checksum_sha1": "",
            "checksum_sha256": "",
            "content": null,
            "content_base64": null,
            "content_disposition": "",
            "content_encoding": "",
            "content_language": "",
            "content_type": "image/jpeg",
            "etag": "d2e7538de487d19313ebb3fa83992997",
            "force_destroy": false,
            "id": "img/portfolio/6.jpg",
            "key": "img/portfolio/6.jpg",
            "kms_key_id": null,
            "metadata": {},
            "object_lock_legal_hold_status": "",
            "object_lock_mode": "",
            "object_lock_retain_until_date": "",
            "override_provider": [],
            "server_side_encryption": "AES256",
            "source": "D:/Users/vjain/static-website-terraform/static-website/img/portfolio/6.jpg",
            "source_hash": null,
            "storage_class": "STANDARD",
            "tags": {},
            "tags_all": {},
            "version_id": "null",
            "website_redirect": ""
          },
          "sensitive_attributes": [],
          "private": "bnVsbA==",
          "dependencies": [
            "aws_s3_bucket.vaibhav-jain-online"
          ]
        },
        {
          "index_key": "img/portfolio/full/1.jpg",
          "schema_version": 0,
          "attributes": {
            "acl": null,
            "arn": "arn:aws:s3:::vaibhav-jain-online/img/portfolio/full/1.jpg",
            "bucket": "vaibhav-jain-online",
            "bucket_key_enabled": false,
            "cache_control": "",
            "checksum_algorithm": null,
            "checksum_crc32": "",
            "checksum_crc32c": "",
            "checksum_sha1": "",
            "checksum_sha256": "",
            "content": null,
            "content_base64": null,
            "content_disposition": "",
            "content_encoding": "",
            "content_language": "",
            "content_type": "image/jpeg",
            "etag": "2d015926eb200ae432d88e296591d865",
            "force_destroy": false,
            "id": "img/portfolio/full/1.jpg",
            "key": "img/portfolio/full/1.jpg",
            "kms_key_id": null,
            "metadata": {},
            "object_lock_legal_hold_status": "",
            "object_lock_mode": "",
            "object_lock_retain_until_date": "",
            "override_provider": [],
            "server_side_encryption": "AES256",
            "source": "D:/Users/vjain/static-website-terraform/static-website/img/portfolio/full/1.jpg",
            "source_hash": null,
            "storage_class": "STANDARD",
            "tags": {},
            "tags_all": {},
            "version_id": "null",
            "website_redirect": ""
          },
          "sensitive_attributes": [],
          "private": "bnVsbA==",
          "dependencies": [
            "aws_s3_bucket.vaibhav-jain-online"
          ]
        },
        {
          "index_key": "img/portfolio/full/2.jpg",
          "schema_version": 0,
          "attributes": {
            "acl": null,
            "arn": "arn:aws:s3:::vaibhav-jain-online/img/portfolio/full/2.jpg",
            "bucket": "vaibhav-jain-online",
            "bucket_key_enabled": false,
            "cache_control": "",
            "checksum_algorithm": null,
            "checksum_crc32": "",
            "checksum_crc32c": "",
            "checksum_sha1": "",
            "checksum_sha256": "",
            "content": null,
            "content_base64": null,
            "content_disposition": "",
            "content_encoding": "",
            "content_language": "",
            "content_type": "image/jpeg",
            "etag": "2d015926eb200ae432d88e296591d865",
            "force_destroy": false,
            "id": "img/portfolio/full/2.jpg",
            "key": "img/portfolio/full/2.jpg",
            "kms_key_id": null,
            "metadata": {},
            "object_lock_legal_hold_status": "",
            "object_lock_mode": "",
            "object_lock_retain_until_date": "",
            "override_provider": [],
            "server_side_encryption": "AES256",
            "source": "D:/Users/vjain/static-website-terraform/static-website/img/portfolio/full/2.jpg",
            "source_hash": null,
            "storage_class": "STANDARD",
            "tags": {},
            "tags_all": {},
            "version_id": "null",
            "website_redirect": ""
          },
          "sensitive_attributes": [],
          "private": "bnVsbA==",
          "dependencies": [
            "aws_s3_bucket.vaibhav-jain-online"
          ]
        },
        {
          "index_key": "img/portfolio/full/3.jpg",
          "schema_version": 0,
          "attributes": {
            "acl": null,
            "arn": "arn:aws:s3:::vaibhav-jain-online/img/portfolio/full/3.jpg",
            "bucket": "vaibhav-jain-online",
            "bucket_key_enabled": false,
            "cache_control": "",
            "checksum_algorithm": null,
            "checksum_crc32": "",
            "checksum_crc32c": "",
            "checksum_sha1": "",
            "checksum_sha256": "",
            "content": null,
            "content_base64": null,
            "content_disposition": "",
            "content_encoding": "",
            "content_language": "",
            "content_type": "image/jpeg",
            "etag": "2d015926eb200ae432d88e296591d865",
            "force_destroy": false,
            "id": "img/portfolio/full/3.jpg",
            "key": "img/portfolio/full/3.jpg",
            "kms_key_id": null,
            "metadata": {},
            "object_lock_legal_hold_status": "",
            "object_lock_mode": "",
            "object_lock_retain_until_date": "",
            "override_provider": [],
            "server_side_encryption": "AES256",
            "source": "D:/Users/vjain/static-website-terraform/static-website/img/portfolio/full/3.jpg",
            "source_hash": null,
            "storage_class": "STANDARD",
            "tags": {},
            "tags_all": {},
            "version_id": "null",
            "website_redirect": ""
          },
          "sensitive_attributes": [],
          "private": "bnVsbA==",
          "dependencies": [
            "aws_s3_bucket.vaibhav-jain-online"
          ]
        },
        {
          "index_key": "img/portfolio/full/4.jpg",
          "schema_version": 0,
          "attributes": {
            "acl": null,
            "arn": "arn:aws:s3:::vaibhav-jain-online/img/portfolio/full/4.jpg",
            "bucket": "vaibhav-jain-online",
            "bucket_key_enabled": false,
            "cache_control": "",
            "checksum_algorithm": null,
            "checksum_crc32": "",
            "checksum_crc32c": "",
            "checksum_sha1": "",
            "checksum_sha256": "",
            "content": null,
            "content_base64": null,
            "content_disposition": "",
            "content_encoding": "",
            "content_language": "",
            "content_type": "image/jpeg",
            "etag": "2d015926eb200ae432d88e296591d865",
            "force_destroy": false,
            "id": "img/portfolio/full/4.jpg",
            "key": "img/portfolio/full/4.jpg",
            "kms_key_id": null,
            "metadata": {},
            "object_lock_legal_hold_status": "",
            "object_lock_mode": "",
            "object_lock_retain_until_date": "",
            "override_provider": [],
            "server_side_encryption": "AES256",
            "source": "D:/Users/vjain/static-website-terraform/static-website/img/portfolio/full/4.jpg",
            "source_hash": null,
            "storage_class": "STANDARD",
            "tags": {},
            "tags_all": {},
            "version_id": "null",
            "website_redirect": ""
          },
          "sensitive_attributes": [],
          "private": "bnVsbA==",
          "dependencies": [
            "aws_s3_bucket.vaibhav-jain-online"
          ]
        },
        {
          "index_key": "img/portfolio/full/5.jpg",
          "schema_version": 0,
          "attributes": {
            "acl": null,
            "arn": "arn:aws:s3:::vaibhav-jain-online/img/portfolio/full/5.jpg",
            "bucket": "vaibhav-jain-online",
            "bucket_key_enabled": false,
            "cache_control": "",
            "checksum_algorithm": null,
            "checksum_crc32": "",
            "checksum_crc32c": "",
            "checksum_sha1": "",
            "checksum_sha256": "",
            "content": null,
            "content_base64": null,
            "content_disposition": "",
            "content_encoding": "",
            "content_language": "",
            "content_type": "image/jpeg",
            "etag": "2d015926eb200ae432d88e296591d865",
            "force_destroy": false,
            "id": "img/portfolio/full/5.jpg",
            "key": "img/portfolio/full/5.jpg",
            "kms_key_id": null,
            "metadata": {},
            "object_lock_legal_hold_status": "",
            "object_lock_mode": "",
            "object_lock_retain_until_date": "",
            "override_provider": [],
            "server_side_encryption": "AES256",
            "source": "D:/Users/vjain/static-website-terraform/static-website/img/portfolio/full/5.jpg",
            "source_hash": null,
            "storage_class": "STANDARD",
            "tags": {},
            "tags_all": {},
            "version_id": "null",
            "website_redirect": ""
          },
          "sensitive_attributes": [],
          "private": "bnVsbA==",
          "dependencies": [
            "aws_s3_bucket.vaibhav-jain-online"
          ]
        },
        {
          "index_key": "img/portfolio/full/6.jpg",
          "schema_version": 0,
          "attributes": {
            "acl": null,
            "arn": "arn:aws:s3:::vaibhav-jain-online/img/portfolio/full/6.jpg",
            "bucket": "vaibhav-jain-online",
            "bucket_key_enabled": false,
            "cache_control": "",
            "checksum_algorithm": null,
            "checksum_crc32": "",
            "checksum_crc32c": "",
            "checksum_sha1": "",
            "checksum_sha256": "",
            "content": null,
            "content_base64": null,
            "content_disposition": "",
            "content_encoding": "",
            "content_language": "",
            "content_type": "image/jpeg",
            "etag": "2d015926eb200ae432d88e296591d865",
            "force_destroy": false,
            "id": "img/portfolio/full/6.jpg",
            "key": "img/portfolio/full/6.jpg",
            "kms_key_id": null,
            "metadata": {},
            "object_lock_legal_hold_status": "",
            "object_lock_mode": "",
            "object_lock_retain_until_date": "",
            "override_provider": [],
            "server_side_encryption": "AES256",
            "source": "D:/Users/vjain/static-website-terraform/static-website/img/portfolio/full/6.jpg",
            "source_hash": null,
            "storage_class": "STANDARD",
            "tags": {},
            "tags_all": {},
            "version_id": "null",
            "website_redirect": ""
          },
          "sensitive_attributes": [],
          "private": "bnVsbA==",
          "dependencies": [
            "aws_s3_bucket.vaibhav-jain-online"
          ]
        },
        {
          "index_key": "img/testimonials/testimonial-1.jpg",
          "schema_version": 0,
          "attributes": {
            "acl": null,
            "arn": "arn:aws:s3:::vaibhav-jain-online/img/testimonials/testimonial-1.jpg",
            "bucket": "vaibhav-jain-online",
            "bucket_key_enabled": false,
            "cache_control": "",
            "checksum_algorithm": null,
            "checksum_crc32": "",
            "checksum_crc32c": "",
            "checksum_sha1": "",
            "checksum_sha256": "",
            "content": null,
            "content_base64": null,
            "content_disposition": "",
            "content_encoding": "",
            "content_language": "",
            "content_type": "image/jpeg",
            "etag": "d0943e5d9b2db0bf404734b58f6ddb49",
            "force_destroy": false,
            "id": "img/testimonials/testimonial-1.jpg",
            "key": "img/testimonials/testimonial-1.jpg",
            "kms_key_id": null,
            "metadata": {},
            "object_lock_legal_hold_status": "",
            "object_lock_mode": "",
            "object_lock_retain_until_date": "",
            "override_provider": [],
            "server_side_encryption": "AES256",
            "source": "D:/Users/vjain/static-website-terraform/static-website/img/testimonials/testimonial-1.jpg",
            "source_hash": null,
            "storage_class": "STANDARD",
            "tags": {},
            "tags_all": {},
            "version_id": "null",
            "website_redirect": ""
          },
          "sensitive_attributes": [],
          "private": "bnVsbA==",
          "dependencies": [
            "aws_s3_bucket.vaibhav-jain-online"
          ]
        },
        {
          "index_key": "img/testimonials/testimonial-2.jpg",
          "schema_version": 0,
          "attributes": {
            "acl": null,
            "arn": "arn:aws:s3:::vaibhav-jain-online/img/testimonials/testimonial-2.jpg",
            "bucket": "vaibhav-jain-online",
            "bucket_key_enabled": false,
            "cache_control": "",
            "checksum_algorithm": null,
            "checksum_crc32": "",
            "checksum_crc32c": "",
            "checksum_sha1": "",
            "checksum_sha256": "",
            "content": null,
            "content_base64": null,
            "content_disposition": "",
            "content_encoding": "",
            "content_language": "",
            "content_type": "image/jpeg",
            "etag": "8292ce597d2431dc29e2af848aa353fe",
            "force_destroy": false,
            "id": "img/testimonials/testimonial-2.jpg",
            "key": "img/testimonials/testimonial-2.jpg",
            "kms_key_id": null,
            "metadata": {},
            "object_lock_legal_hold_status": "",
            "object_lock_mode": "",
            "object_lock_retain_until_date": "",
            "override_provider": [],
            "server_side_encryption": "AES256",
            "source": "D:/Users/vjain/static-website-terraform/static-website/img/testimonials/testimonial-2.jpg",
            "source_hash": null,
            "storage_class": "STANDARD",
            "tags": {},
            "tags_all": {},
            "version_id": "null",
            "website_redirect": ""
          },
          "sensitive_attributes": [],
          "private": "bnVsbA==",
          "dependencies": [
            "aws_s3_bucket.vaibhav-jain-online"
          ]
        },
        {
          "index_key": "img/testimonials/testimonial-3.jpg",
          "schema_version": 0,
          "attributes": {
            "acl": null,
            "arn": "arn:aws:s3:::vaibhav-jain-online/img/testimonials/testimonial-3.jpg",
            "bucket": "vaibhav-jain-online",
            "bucket_key_enabled": false,
            "cache_control": "",
            "checksum_algorithm": null,
            "checksum_crc32": "",
            "checksum_crc32c": "",
            "checksum_sha1": "",
            "checksum_sha256": "",
            "content": null,
            "content_base64": null,
            "content_disposition": "",
            "content_encoding": "",
            "content_language": "",
            "content_type": "image/jpeg",
            "etag": "842bbd03ed3dc981fa4c4145aa2a47c5",
            "force_destroy": false,
            "id": "img/testimonials/testimonial-3.jpg",
            "key": "img/testimonials/testimonial-3.jpg",
            "kms_key_id": null,
            "metadata": {},
            "object_lock_legal_hold_status": "",
            "object_lock_mode": "",
            "object_lock_retain_until_date": "",
            "override_provider": [],
            "server_side_encryption": "AES256",
            "source": "D:/Users/vjain/static-website-terraform/static-website/img/testimonials/testimonial-3.jpg",
            "source_hash": null,
            "storage_class": "STANDARD",
            "tags": {},
            "tags_all": {},
            "version_id": "null",
            "website_redirect": ""
          },
          "sensitive_attributes": [],
          "private": "bnVsbA==",
          "dependencies": [
            "aws_s3_bucket.vaibhav-jain-online"
          ]
        },
        {
          "index_key": "img/vj.jpg",
          "schema_version": 0,
          "attributes": {
            "acl": null,
            "arn": "arn:aws:s3:::vaibhav-jain-online/img/vj.jpg",
            "bucket": "vaibhav-jain-online",
            "bucket_key_enabled": false,
            "cache_control": "",
            "checksum_algorithm": null,
            "checksum_crc32": "",
            "checksum_crc32c": "",
            "checksum_sha1": "",
            "checksum_sha256": "",
            "content": null,
            "content_base64": null,
            "content_disposition": "",
            "content_encoding": "",
            "content_language": "",
            "content_type": "image/jpeg",
            "etag": "614693155f413f174dbff9b86c195778",
            "force_destroy": false,
            "id": "img/vj.jpg",
            "key": "img/vj.jpg",
            "kms_key_id": null,
            "metadata": {},
            "object_lock_legal_hold_status": "",
            "object_lock_mode": "",
            "object_lock_retain_until_date": "",
            "override_provider": [],
            "server_side_encryption": "AES256",
            "source": "D:/Users/vjain/static-website-terraform/static-website/img/vj.jpg",
            "source_hash": null,
            "storage_class": "STANDARD",
            "tags": {},
            "tags_all": {},
            "version_id": "null",
            "website_redirect": ""
          },
          "sensitive_attributes": [],
          "private": "bnVsbA==",
          "dependencies": [
            "aws_s3_bucket.vaibhav-jain-online"
          ]
        },
        {
          "index_key": "index.html",
          "schema_version": 0,
          "attributes": {
            "acl": null,
            "arn": "arn:aws:s3:::vaibhav-jain-online/index.html",
            "bucket": "vaibhav-jain-online",
            "bucket_key_enabled": false,
            "cache_control": "",
            "checksum_algorithm": null,
            "checksum_crc32": "",
            "checksum_crc32c": "",
            "checksum_sha1": "",
            "checksum_sha256": "",
            "content": null,
            "content_base64": null,
            "content_disposition": "",
            "content_encoding": "",
            "content_language": "",
            "content_type": "text/html",
            "etag": "8768cd1870a42d303c3882fef70722b7",
            "force_destroy": false,
            "id": "index.html",
            "key": "index.html",
            "kms_key_id": null,
            "metadata": {},
            "object_lock_legal_hold_status": "",
            "object_lock_mode": "",
            "object_lock_retain_until_date": "",
            "override_provider": [],
            "server_side_encryption": "AES256",
            "source": "D:/Users/vjain/static-website-terraform/static-website/index.html",
            "source_hash": null,
            "storage_class": "STANDARD",
            "tags": {},
            "tags_all": {},
            "version_id": "2m1kN3B9CDB4vt_WSgZYldzSHSMW0UMo",
            "website_redirect": ""
          },
          "sensitive_attributes": [],
          "private": "bnVsbA==",
          "dependencies": [
            "aws_s3_bucket.vaibhav-jain-online"
          ]
        },
        {
          "index_key": "js/animating.js",
          "schema_version": 0,
          "attributes": {
            "acl": null,
            "arn": "arn:aws:s3:::vaibhav-jain-online/js/animating.js",
            "bucket": "vaibhav-jain-online",
            "bucket_key_enabled": false,
            "cache_control": "",
            "checksum_algorithm": null,
            "checksum_crc32": "",
            "checksum_crc32c": "",
            "checksum_sha1": "",
            "checksum_sha256": "",
            "content": null,
            "content_base64": null,
            "content_disposition": "",
            "content_encoding": "",
            "content_language": "",
            "content_type": "application/javascript",
            "etag": "48c7a59ae121039e3daad031cf390852",
            "force_destroy": false,
            "id": "js/animating.js",
            "key": "js/animating.js",
            "kms_key_id": null,
            "metadata": {},
            "object_lock_legal_hold_status": "",
            "object_lock_mode": "",
            "object_lock_retain_until_date": "",
            "override_provider": [],
            "server_side_encryption": "AES256",
            "source": "D:/Users/vjain/static-website-terraform/static-website/js/animating.js",
            "source_hash": null,
            "storage_class": "STANDARD",
            "tags": {},
            "tags_all": {},
            "version_id": "null",
            "website_redirect": ""
          },
          "sensitive_attributes": [],
          "private": "bnVsbA==",
          "dependencies": [
            "aws_s3_bucket.vaibhav-jain-online"
          ]
        },
        {
          "index_key": "js/imagesloaded.pkgd.min.js",
          "schema_version": 0,
          "attributes": {
            "acl": null,
            "arn": "arn:aws:s3:::vaibhav-jain-online/js/imagesloaded.pkgd.min.js",
            "bucket": "vaibhav-jain-online",
            "bucket_key_enabled": false,
            "cache_control": "",
            "checksum_algorithm": null,
            "checksum_crc32": "",
            "checksum_crc32c": "",
            "checksum_sha1": "",
            "checksum_sha256": "",
            "content": null,
            "content_base64": null,
            "content_disposition": "",
            "content_encoding": "",
            "content_language": "",
            "content_type": "application/javascript",
            "etag": "1a4b132632e8444a9d67a33668e195a5",
            "force_destroy": false,
            "id": "js/imagesloaded.pkgd.min.js",
            "key": "js/imagesloaded.pkgd.min.js",
            "kms_key_id": null,
            "metadata": {},
            "object_lock_legal_hold_status": "",
            "object_lock_mode": "",
            "object_lock_retain_until_date": "",
            "override_provider": [],
            "server_side_encryption": "AES256",
            "source": "D:/Users/vjain/static-website-terraform/static-website/js/imagesloaded.pkgd.min.js",
            "source_hash": null,
            "storage_class": "STANDARD",
            "tags": {},
            "tags_all": {},
            "version_id": "null",
            "website_redirect": ""
          },
          "sensitive_attributes": [],
          "private": "bnVsbA==",
          "dependencies": [
            "aws_s3_bucket.vaibhav-jain-online"
          ]
        },
        {
          "index_key": "js/jquery.googlemap.js",
          "schema_version": 0,
          "attributes": {
            "acl": null,
            "arn": "arn:aws:s3:::vaibhav-jain-online/js/jquery.googlemap.js",
            "bucket": "vaibhav-jain-online",
            "bucket_key_enabled": false,
            "cache_control": "",
            "checksum_algorithm": null,
            "checksum_crc32": "",
            "checksum_crc32c": "",
            "checksum_sha1": "",
            "checksum_sha256": "",
            "content": null,
            "content_base64": null,
            "content_disposition": "",
            "content_encoding": "",
            "content_language": "",
            "content_type": "application/javascript",
            "etag": "c7219cd124823adea18423e7ba230191",
            "force_destroy": false,
            "id": "js/jquery.googlemap.js",
            "key": "js/jquery.googlemap.js",
            "kms_key_id": null,
            "metadata": {},
            "object_lock_legal_hold_status": "",
            "object_lock_mode": "",
            "object_lock_retain_until_date": "",
            "override_provider": [],
            "server_side_encryption": "AES256",
            "source": "D:/Users/vjain/static-website-terraform/static-website/js/jquery.googlemap.js",
            "source_hash": null,
            "storage_class": "STANDARD",
            "tags": {},
            "tags_all": {},
            "version_id": "null",
            "website_redirect": ""
          },
          "sensitive_attributes": [],
          "private": "bnVsbA==",
          "dependencies": [
            "aws_s3_bucket.vaibhav-jain-online"
          ]
        },
        {
          "index_key": "js/jquery.magnific-popup.min.js",
          "schema_version": 0,
          "attributes": {
            "acl": null,
            "arn": "arn:aws:s3:::vaibhav-jain-online/js/jquery.magnific-popup.min.js",
            "bucket": "vaibhav-jain-online",
            "bucket_key_enabled": false,
            "cache_control": "",
            "checksum_algorithm": null,
            "checksum_crc32": "",
            "checksum_crc32c": "",
            "checksum_sha1": "",
            "checksum_sha256": "",
            "content": null,
            "content_base64": null,
            "content_disposition": "",
            "content_encoding": "",
            "content_language": "",
            "content_type": "application/javascript",
            "etag": "ba6cf724c8bb1cf5b084e79ff230626e",
            "force_destroy": false,
            "id": "js/jquery.magnific-popup.min.js",
            "key": "js/jquery.magnific-popup.min.js",
            "kms_key_id": null,
            "metadata": {},
            "object_lock_legal_hold_status": "",
            "object_lock_mode": "",
            "object_lock_retain_until_date": "",
            "override_provider": [],
            "server_side_encryption": "AES256",
            "source": "D:/Users/vjain/static-website-terraform/static-website/js/jquery.magnific-popup.min.js",
            "source_hash": null,
            "storage_class": "STANDARD",
            "tags": {},
            "tags_all": {},
            "version_id": "null",
            "website_redirect": ""
          },
          "sensitive_attributes": [],
          "private": "bnVsbA==",
          "dependencies": [
            "aws_s3_bucket.vaibhav-jain-online"
          ]
        },
        {
          "index_key": "js/jquery.min.js",
          "schema_version": 0,
          "attributes": {
            "acl": null,
            "arn": "arn:aws:s3:::vaibhav-jain-online/js/jquery.min.js",
            "bucket": "vaibhav-jain-online",
            "bucket_key_enabled": false,
            "cache_control": "",
            "checksum_algorithm": null,
            "checksum_crc32": "",
            "checksum_crc32c": "",
            "checksum_sha1": "",
            "checksum_sha256": "",
            "content": null,
            "content_base64": null,
            "content_disposition": "",
            "content_encoding": "",
            "content_language": "",
            "content_type": "application/javascript",
            "etag": "7c14a783dfeb3d238ccd3edd840d82ee",
            "force_destroy": false,
            "id": "js/jquery.min.js",
            "key": "js/jquery.min.js",
            "kms_key_id": null,
            "metadata": {},
            "object_lock_legal_hold_status": "",
            "object_lock_mode": "",
            "object_lock_retain_until_date": "",
            "override_provider": [],
            "server_side_encryption": "AES256",
            "source": "D:/Users/vjain/static-website-terraform/static-website/js/jquery.min.js",
            "source_hash": null,
            "storage_class": "STANDARD",
            "tags": {},
            "tags_all": {},
            "version_id": "null",
            "website_redirect": ""
          },
          "sensitive_attributes": [],
          "private": "bnVsbA==",
          "dependencies": [
            "aws_s3_bucket.vaibhav-jain-online"
          ]
        },
        {
          "index_key": "js/jquery.shuffle.min.js",
          "schema_version": 0,
          "attributes": {
            "acl": null,
            "arn": "arn:aws:s3:::vaibhav-jain-online/js/jquery.shuffle.min.js",
            "bucket": "vaibhav-jain-online",
            "bucket_key_enabled": false,
            "cache_control": "",
            "checksum_algorithm": null,
            "checksum_crc32": "",
            "checksum_crc32c": "",
            "checksum_sha1": "",
            "checksum_sha256": "",
            "content": null,
            "content_base64": null,
            "content_disposition": "",
            "content_encoding": "",
            "content_language": "",
            "content_type": "application/javascript",
            "etag": "6bbd7d1cdc7142d8b48687650a49510a",
            "force_destroy": false,
            "id": "js/jquery.shuffle.min.js",
            "key": "js/jquery.shuffle.min.js",
            "kms_key_id": null,
            "metadata": {},
            "object_lock_legal_hold_status": "",
            "object_lock_mode": "",
            "object_lock_retain_until_date": "",
            "override_provider": [],
            "server_side_encryption": "AES256",
            "source": "D:/Users/vjain/static-website-terraform/static-website/js/jquery.shuffle.min.js",
            "source_hash": null,
            "storage_class": "STANDARD",
            "tags": {},
            "tags_all": {},
            "version_id": "null",
            "website_redirect": ""
          },
          "sensitive_attributes": [],
          "private": "bnVsbA==",
          "dependencies": [
            "aws_s3_bucket.vaibhav-jain-online"
          ]
        },
        {
          "index_key": "js/main.js",
          "schema_version": 0,
          "attributes": {
            "acl": null,
            "arn": "arn:aws:s3:::vaibhav-jain-online/js/main.js",
            "bucket": "vaibhav-jain-online",
            "bucket_key_enabled": false,
            "cache_control": "",
            "checksum_algorithm": null,
            "checksum_crc32": "",
            "checksum_crc32c": "",
            "checksum_sha1": "",
            "checksum_sha256": "",
            "content": null,
            "content_base64": null,
            "content_disposition": "",
            "content_encoding": "",
            "content_language": "",
            "content_type": "application/javascript",
            "etag": "5026880a148a4c190295a50120b10302",
            "force_destroy": false,
            "id": "js/main.js",
            "key": "js/main.js",
            "kms_key_id": null,
            "metadata": {},
            "object_lock_legal_hold_status": "",
            "object_lock_mode": "",
            "object_lock_retain_until_date": "",
            "override_provider": [],
            "server_side_encryption": "AES256",
            "source": "D:/Users/vjain/static-website-terraform/static-website/js/main.js",
            "source_hash": null,
            "storage_class": "STANDARD",
            "tags": {},
            "tags_all": {},
            "version_id": "bPSJN0Hv_ZpseSO13OOklhhn22XNxZ_s",
            "website_redirect": ""
          },
          "sensitive_attributes": [],
          "private": "bnVsbA==",
          "dependencies": [
            "aws_s3_bucket.vaibhav-jain-online"
          ]
        },
        {
          "index_key": "js/masonry.pkgd.min.js",
          "schema_version": 0,
          "attributes": {
            "acl": null,
            "arn": "arn:aws:s3:::vaibhav-jain-online/js/masonry.pkgd.min.js",
            "bucket": "vaibhav-jain-online",
            "bucket_key_enabled": false,
            "cache_control": "",
            "checksum_algorithm": null,
            "checksum_crc32": "",
            "checksum_crc32c": "",
            "checksum_sha1": "",
            "checksum_sha256": "",
            "content": null,
            "content_base64": null,
            "content_disposition": "",
            "content_encoding": "",
            "content_language": "",
            "content_type": "application/javascript",
            "etag": "87b3b35237efbbe12a2357f5f3855cfb",
            "force_destroy": false,
            "id": "js/masonry.pkgd.min.js",
            "key": "js/masonry.pkgd.min.js",
            "kms_key_id": null,
            "metadata": {},
            "object_lock_legal_hold_status": "",
            "object_lock_mode": "",
            "object_lock_retain_until_date": "",
            "override_provider": [],
            "server_side_encryption": "AES256",
            "source": "D:/Users/vjain/static-website-terraform/static-website/js/masonry.pkgd.min.js",
            "source_hash": null,
            "storage_class": "STANDARD",
            "tags": {},
            "tags_all": {},
            "version_id": "null",
            "website_redirect": ""
          },
          "sensitive_attributes": [],
          "private": "bnVsbA==",
          "dependencies": [
            "aws_s3_bucket.vaibhav-jain-online"
          ]
        },
        {
          "index_key": "js/modernizr.custom.js",
          "schema_version": 0,
          "attributes": {
            "acl": null,
            "arn": "arn:aws:s3:::vaibhav-jain-online/js/modernizr.custom.js",
            "bucket": "vaibhav-jain-online",
            "bucket_key_enabled": false,
            "cache_control": "",
            "checksum_algorithm": null,
            "checksum_crc32": "",
            "checksum_crc32c": "",
            "checksum_sha1": "",
            "checksum_sha256": "",
            "content": null,
            "content_base64": null,
            "content_disposition": "",
            "content_encoding": "",
            "content_language": "",
            "content_type": "application/javascript",
            "etag": "4e283b1a34ba59df35d871b94369ef73",
            "force_destroy": false,
            "id": "js/modernizr.custom.js",
            "key": "js/modernizr.custom.js",
            "kms_key_id": null,
            "metadata": {},
            "object_lock_legal_hold_status": "",
            "object_lock_mode": "",
            "object_lock_retain_until_date": "",
            "override_provider": [],
            "server_side_encryption": "AES256",
            "source": "D:/Users/vjain/static-website-terraform/static-website/js/modernizr.custom.js",
            "source_hash": null,
            "storage_class": "STANDARD",
            "tags": {},
            "tags_all": {},
            "version_id": "null",
            "website_redirect": ""
          },
          "sensitive_attributes": [],
          "private": "bnVsbA==",
          "dependencies": [
            "aws_s3_bucket.vaibhav-jain-online"
          ]
        },
        {
          "index_key": "js/owl.carousel.min.js",
          "schema_version": 0,
          "attributes": {
            "acl": null,
            "arn": "arn:aws:s3:::vaibhav-jain-online/js/owl.carousel.min.js",
            "bucket": "vaibhav-jain-online",
            "bucket_key_enabled": false,
            "cache_control": "",
            "checksum_algorithm": null,
            "checksum_crc32": "",
            "checksum_crc32c": "",
            "checksum_sha1": "",
            "checksum_sha256": "",
            "content": null,
            "content_base64": null,
            "content_disposition": "",
            "content_encoding": "",
            "content_language": "",
            "content_type": "application/javascript",
            "etag": "b7b9c97cd68ec336d01a79d5be48c58d",
            "force_destroy": false,
            "id": "js/owl.carousel.min.js",
            "key": "js/owl.carousel.min.js",
            "kms_key_id": null,
            "metadata": {},
            "object_lock_legal_hold_status": "",
            "object_lock_mode": "",
            "object_lock_retain_until_date": "",
            "override_provider": [],
            "server_side_encryption": "AES256",
            "source": "D:/Users/vjain/static-website-terraform/static-website/js/owl.carousel.min.js",
            "source_hash": null,
            "storage_class": "STANDARD",
            "tags": {},
            "tags_all": {},
            "version_id": "null",
            "website_redirect": ""
          },
          "sensitive_attributes": [],
          "private": "bnVsbA==",
          "dependencies": [
            "aws_s3_bucket.vaibhav-jain-online"
          ]
        },
        {
          "index_key": "js/perfect-scrollbar.min.js",
          "schema_version": 0,
          "attributes": {
            "acl": null,
            "arn": "arn:aws:s3:::vaibhav-jain-online/js/perfect-scrollbar.min.js",
            "bucket": "vaibhav-jain-online",
            "bucket_key_enabled": false,
            "cache_control": "",
            "checksum_algorithm": null,
            "checksum_crc32": "",
            "checksum_crc32c": "",
            "checksum_sha1": "",
            "checksum_sha256": "",
            "content": null,
            "content_base64": null,
            "content_disposition": "",
            "content_encoding": "",
            "content_language": "",
            "content_type": "application/javascript",
            "etag": "a85bd83466acc018be87dcf8a9175892",
            "force_destroy": false,
            "id": "js/perfect-scrollbar.min.js",
            "key": "js/perfect-scrollbar.min.js",
            "kms_key_id": null,
            "metadata": {},
            "object_lock_legal_hold_status": "",
            "object_lock_mode": "",
            "object_lock_retain_until_date": "",
            "override_provider": [],
            "server_side_encryption": "AES256",
            "source": "D:/Users/vjain/static-website-terraform/static-website/js/perfect-scrollbar.min.js",
            "source_hash": null,
            "storage_class": "STANDARD",
            "tags": {},
            "tags_all": {},
            "version_id": "null",
            "website_redirect": ""
          },
          "sensitive_attributes": [],
          "private": "bnVsbA==",
          "dependencies": [
            "aws_s3_bucket.vaibhav-jain-online"
          ]
        },
        {
          "index_key": "js/validator.js",
          "schema_version": 0,
          "attributes": {
            "acl": null,
            "arn": "arn:aws:s3:::vaibhav-jain-online/js/validator.js",
            "bucket": "vaibhav-jain-online",
            "bucket_key_enabled": false,
            "cache_control": "",
            "checksum_algorithm": null,
            "checksum_crc32": "",
            "checksum_crc32c": "",
            "checksum_sha1": "",
            "checksum_sha256": "",
            "content": null,
            "content_base64": null,
            "content_disposition": "",
            "content_encoding": "",
            "content_language": "",
            "content_type": "application/javascript",
            "etag": "022f446798f9ffc7808d2b061e5c2f09",
            "force_destroy": false,
            "id": "js/validator.js",
            "key": "js/validator.js",
            "kms_key_id": null,
            "metadata": {},
            "object_lock_legal_hold_status": "",
            "object_lock_mode": "",
            "object_lock_retain_until_date": "",
            "override_provider": [],
            "server_side_encryption": "AES256",
            "source": "D:/Users/vjain/static-website-terraform/static-website/js/validator.js",
            "source_hash": null,
            "storage_class": "STANDARD",
            "tags": {},
            "tags_all": {},
            "version_id": "null",
            "website_redirect": ""
          },
          "sensitive_attributes": [],
          "private": "bnVsbA==",
          "dependencies": [
            "aws_s3_bucket.vaibhav-jain-online"
          ]
        },
        {
          "index_key": "portfolio-1.html",
          "schema_version": 0,
          "attributes": {
            "acl": null,
            "arn": "arn:aws:s3:::vaibhav-jain-online/portfolio-1.html",
            "bucket": "vaibhav-jain-online",
            "bucket_key_enabled": false,
            "cache_control": "",
            "checksum_algorithm": null,
            "checksum_crc32": "",
            "checksum_crc32c": "",
            "checksum_sha1": "",
            "checksum_sha256": "",
            "content": null,
            "content_base64": null,
            "content_disposition": "",
            "content_encoding": "",
            "content_language": "",
            "content_type": "text/html",
            "etag": "5a0c8db6fc9a7b5640650daf7bf96641",
            "force_destroy": false,
            "id": "portfolio-1.html",
            "key": "portfolio-1.html",
            "kms_key_id": null,
            "metadata": {},
            "object_lock_legal_hold_status": "",
            "object_lock_mode": "",
            "object_lock_retain_until_date": "",
            "override_provider": [],
            "server_side_encryption": "AES256",
            "source": "D:/Users/vjain/static-website-terraform/static-website/portfolio-1.html",
            "source_hash": null,
            "storage_class": "STANDARD",
            "tags": {},
            "tags_all": {},
            "version_id": "null",
            "website_redirect": ""
          },
          "sensitive_attributes": [],
          "private": "bnVsbA==",
          "dependencies": [
            "aws_s3_bucket.vaibhav-jain-online"
          ]
        },
        {
          "index_key": "portfolio-2.html",
          "schema_version": 0,
          "attributes": {
            "acl": null,
            "arn": "arn:aws:s3:::vaibhav-jain-online/portfolio-2.html",
            "bucket": "vaibhav-jain-online",
            "bucket_key_enabled": false,
            "cache_control": "",
            "checksum_algorithm": null,
            "checksum_crc32": "",
            "checksum_crc32c": "",
            "checksum_sha1": "",
            "checksum_sha256": "",
            "content": null,
            "content_base64": null,
            "content_disposition": "",
            "content_encoding": "",
            "content_language": "",
            "content_type": "text/html",
            "etag": "5c2ae396f9a4452d26884bfcfe62d080",
            "force_destroy": false,
            "id": "portfolio-2.html",
            "key": "portfolio-2.html",
            "kms_key_id": null,
            "metadata": {},
            "object_lock_legal_hold_status": "",
            "object_lock_mode": "",
            "object_lock_retain_until_date": "",
            "override_provider": [],
            "server_side_encryption": "AES256",
            "source": "D:/Users/vjain/static-website-terraform/static-website/portfolio-2.html",
            "source_hash": null,
            "storage_class": "STANDARD",
            "tags": {},
            "tags_all": {},
            "version_id": "null",
            "website_redirect": ""
          },
          "sensitive_attributes": [],
          "private": "bnVsbA==",
          "dependencies": [
            "aws_s3_bucket.vaibhav-jain-online"
          ]
        },
        {
          "index_key": "portfolio-3.html",
          "schema_version": 0,
          "attributes": {
            "acl": null,
            "arn": "arn:aws:s3:::vaibhav-jain-online/portfolio-3.html",
            "bucket": "vaibhav-jain-online",
            "bucket_key_enabled": false,
            "cache_control": "",
            "checksum_algorithm": null,
            "checksum_crc32": "",
            "checksum_crc32c": "",
            "checksum_sha1": "",
            "checksum_sha256": "",
            "content": null,
            "content_base64": null,
            "content_disposition": "",
            "content_encoding": "",
            "content_language": "",
            "content_type": "text/html",
            "etag": "a525385222e14cf5c6511e549e802f1a",
            "force_destroy": false,
            "id": "portfolio-3.html",
            "key": "portfolio-3.html",
            "kms_key_id": null,
            "metadata": {},
            "object_lock_legal_hold_status": "",
            "object_lock_mode": "",
            "object_lock_retain_until_date": "",
            "override_provider": [],
            "server_side_encryption": "AES256",
            "source": "D:/Users/vjain/static-website-terraform/static-website/portfolio-3.html",
            "source_hash": null,
            "storage_class": "STANDARD",
            "tags": {},
            "tags_all": {},
            "version_id": "null",
            "website_redirect": ""
          },
          "sensitive_attributes": [],
          "private": "bnVsbA==",
          "dependencies": [
            "aws_s3_bucket.vaibhav-jain-online"
          ]
        }
      ]
    }
  ],
  "check_results": null
}
